{
    "version": 3,
    "terraform_version": "0.12.29",
    "serial": 1,
    "lineage": "d921e722-96ad-14ab-82df-0a430a3b4eac",
    "modules": [
        {
            "path": [
                "root"
            ],
            "outputs": {
                "aws_acm_certificate_tfer--2e5f5a9f-002D-92e3-002D-44a5-002D-8856-002D-fcfafbd61e4e_widget-002E-palavyr-002E-com_id": {
                    "sensitive": false,
                    "type": "string",
                    "value": "arn:aws:acm:us-east-1:306885252482:certificate/2e5f5a9f-92e3-44a5-8856-fcfafbd61e4e"
                },
                "aws_acm_certificate_tfer--54f8b3fb-002D-fa4a-002D-43fa-002D-aee5-002D-d17c75cabca1_app-002E-palavyr-002E-com_id": {
                    "sensitive": false,
                    "type": "string",
                    "value": "arn:aws:acm:us-east-1:306885252482:certificate/54f8b3fb-fa4a-43fa-aee5-d17c75cabca1"
                },
                "aws_acm_certificate_tfer--75aa80d1-002D-4cfb-002D-42c8-002D-9bc6-002D-97beebb997da_staging-002E-app-002E-palavyr-002E-com_id": {
                    "sensitive": false,
                    "type": "string",
                    "value": "arn:aws:acm:us-east-1:306885252482:certificate/75aa80d1-4cfb-42c8-9bc6-97beebb997da"
                },
                "aws_acm_certificate_tfer--8ec5fa03-002D-cd67-002D-465d-002D-be94-002D-2ae3b064c2c0_server-002E-palavyr-002E-com_id": {
                    "sensitive": false,
                    "type": "string",
                    "value": "arn:aws:acm:us-east-1:306885252482:certificate/8ec5fa03-cd67-465d-be94-2ae3b064c2c0"
                },
                "aws_acm_certificate_tfer--ec1a02a1-002D-ab61-002D-48f2-002D-8ebd-002D-d7ead697c1ac_palavyr-002E-com_id": {
                    "sensitive": false,
                    "type": "string",
                    "value": "arn:aws:acm:us-east-1:306885252482:certificate/ec1a02a1-ab61-48f2-8ebd-d7ead697c1ac"
                },
                "aws_cloudfront_distribution_tfer--E2RYUIRP8XMKQG_id": {
                    "sensitive": false,
                    "type": "string",
                    "value": "E2RYUIRP8XMKQG"
                },
                "aws_cloudfront_distribution_tfer--E31M45VVJZ3I65_id": {
                    "sensitive": false,
                    "type": "string",
                    "value": "E31M45VVJZ3I65"
                },
                "aws_cloudfront_distribution_tfer--E3CTPE4KWZEPXM_id": {
                    "sensitive": false,
                    "type": "string",
                    "value": "E3CTPE4KWZEPXM"
                },
                "aws_cloudfront_distribution_tfer--EGLTO43ZN66KW_id": {
                    "sensitive": false,
                    "type": "string",
                    "value": "EGLTO43ZN66KW"
                },
                "aws_cloudtrail_tfer--SES-002D-palavyr_id": {
                    "sensitive": false,
                    "type": "string",
                    "value": "SES-palavyr"
                },
                "aws_iam_group_policy_attachment_tfer--PalavyrServices_AmazonS3FullAccess_id": {
                    "sensitive": false,
                    "type": "string",
                    "value": "PalavyrServices/arn:aws:iam::aws:policy/AmazonS3FullAccess"
                },
                "aws_iam_group_policy_attachment_tfer--PalavyrServices_AmazonSESFullAccess_id": {
                    "sensitive": false,
                    "type": "string",
                    "value": "PalavyrServices/arn:aws:iam::aws:policy/AmazonSESFullAccess"
                },
                "aws_iam_group_policy_attachment_tfer--Work_Billing_id": {
                    "sensitive": false,
                    "type": "string",
                    "value": "Work/arn:aws:iam::aws:policy/job-function/Billing"
                },
                "aws_iam_group_policy_attachment_tfer--Work_DataScientist_id": {
                    "sensitive": false,
                    "type": "string",
                    "value": "Work/arn:aws:iam::aws:policy/job-function/DataScientist"
                },
                "aws_iam_group_policy_attachment_tfer--Work_DatabaseAdministrator_id": {
                    "sensitive": false,
                    "type": "string",
                    "value": "Work/arn:aws:iam::aws:policy/job-function/DatabaseAdministrator"
                },
                "aws_iam_group_policy_attachment_tfer--Work_NetworkAdministrator_id": {
                    "sensitive": false,
                    "type": "string",
                    "value": "Work/arn:aws:iam::aws:policy/job-function/NetworkAdministrator"
                },
                "aws_iam_group_policy_attachment_tfer--Work_PowerUserAccess_id": {
                    "sensitive": false,
                    "type": "string",
                    "value": "Work/arn:aws:iam::aws:policy/PowerUserAccess"
                },
                "aws_iam_group_policy_attachment_tfer--Work_SecurityAudit_id": {
                    "sensitive": false,
                    "type": "string",
                    "value": "Work/arn:aws:iam::aws:policy/SecurityAudit"
                },
                "aws_iam_group_policy_attachment_tfer--Work_SupportUser_id": {
                    "sensitive": false,
                    "type": "string",
                    "value": "Work/arn:aws:iam::aws:policy/job-function/SupportUser"
                },
                "aws_iam_group_policy_attachment_tfer--Work_SystemAdministrator_id": {
                    "sensitive": false,
                    "type": "string",
                    "value": "Work/arn:aws:iam::aws:policy/job-function/SystemAdministrator"
                },
                "aws_iam_group_policy_attachment_tfer--Work_ViewOnlyAccess_id": {
                    "sensitive": false,
                    "type": "string",
                    "value": "Work/arn:aws:iam::aws:policy/job-function/ViewOnlyAccess"
                },
                "aws_iam_group_tfer--PalavyrServices_id": {
                    "sensitive": false,
                    "type": "string",
                    "value": "PalavyrServices"
                },
                "aws_iam_group_tfer--Work_id": {
                    "sensitive": false,
                    "type": "string",
                    "value": "Work"
                },
                "aws_iam_policy_tfer--AWSLambdaBasicExecutionRole-002D-0b00a921-002D-6c7b-002D-422c-002D-ae4b-002D-214e1a9d625e_id": {
                    "sensitive": false,
                    "type": "string",
                    "value": "arn:aws:iam::306885252482:policy/service-role/AWSLambdaBasicExecutionRole-0b00a921-6c7b-422c-ae4b-214e1a9d625e"
                },
                "aws_iam_policy_tfer--AWSLambdaBasicExecutionRole-002D-0d2e2ad8-002D-8e73-002D-4315-002D-aca1-002D-3ccbfeaf39c5_id": {
                    "sensitive": false,
                    "type": "string",
                    "value": "arn:aws:iam::306885252482:policy/service-role/AWSLambdaBasicExecutionRole-0d2e2ad8-8e73-4315-aca1-3ccbfeaf39c5"
                },
                "aws_iam_policy_tfer--AWSLambdaBasicExecutionRole-002D-7b689fce-002D-d9ff-002D-4995-002D-8a32-002D-7aae7315d4ef_id": {
                    "sensitive": false,
                    "type": "string",
                    "value": "arn:aws:iam::306885252482:policy/service-role/AWSLambdaBasicExecutionRole-7b689fce-d9ff-4995-8a32-7aae7315d4ef"
                },
                "aws_iam_policy_tfer--AWSLambdaBasicExecutionRole-002D-8132b576-002D-7495-002D-429a-002D-8cfc-002D-6bd89f83ce10_id": {
                    "sensitive": false,
                    "type": "string",
                    "value": "arn:aws:iam::306885252482:policy/service-role/AWSLambdaBasicExecutionRole-8132b576-7495-429a-8cfc-6bd89f83ce10"
                },
                "aws_iam_policy_tfer--AWSLambdaBasicExecutionRole-002D-9095598c-002D-f416-002D-4da4-002D-b440-002D-35d2d8dab7fe_id": {
                    "sensitive": false,
                    "type": "string",
                    "value": "arn:aws:iam::306885252482:policy/service-role/AWSLambdaBasicExecutionRole-9095598c-f416-4da4-b440-35d2d8dab7fe"
                },
                "aws_iam_policy_tfer--AWSLambdaBasicExecutionRole-002D-99d6b2b1-002D-6fd3-002D-4a48-002D-b6eb-002D-944e26a195c8_id": {
                    "sensitive": false,
                    "type": "string",
                    "value": "arn:aws:iam::306885252482:policy/service-role/AWSLambdaBasicExecutionRole-99d6b2b1-6fd3-4a48-b6eb-944e26a195c8"
                },
                "aws_iam_policy_tfer--AWSLambdaBasicExecutionRole-002D-cbaf6ace-002D-5d98-002D-4a76-002D-a68c-002D-4d138ea54dc8_id": {
                    "sensitive": false,
                    "type": "string",
                    "value": "arn:aws:iam::306885252482:policy/service-role/AWSLambdaBasicExecutionRole-cbaf6ace-5d98-4a76-a68c-4d138ea54dc8"
                },
                "aws_iam_policy_tfer--AWSLambdaBasicExecutionRole-002D-cc66e372-002D-3c83-002D-4a3d-002D-ad67-002D-4be96464cded_id": {
                    "sensitive": false,
                    "type": "string",
                    "value": "arn:aws:iam::306885252482:policy/service-role/AWSLambdaBasicExecutionRole-cc66e372-3c83-4a3d-ad67-4be96464cded"
                },
                "aws_iam_policy_tfer--AWSLambdaBasicExecutionRole-002D-e9da4874-002D-f40f-002D-45e2-002D-be32-002D-89904f85dafb_id": {
                    "sensitive": false,
                    "type": "string",
                    "value": "arn:aws:iam::306885252482:policy/service-role/AWSLambdaBasicExecutionRole-e9da4874-f40f-45e2-be32-89904f85dafb"
                },
                "aws_iam_policy_tfer--AWSLambdaEdgeExecutionRole-002D-2efd2483-002D-8c17-002D-4b47-002D-81b5-002D-c2cbe15d3584_id": {
                    "sensitive": false,
                    "type": "string",
                    "value": "arn:aws:iam::306885252482:policy/service-role/AWSLambdaEdgeExecutionRole-2efd2483-8c17-4b47-81b5-c2cbe15d3584"
                },
                "aws_iam_policy_tfer--AWSLambdaSESExecutionRole-002D-780b1287-002D-da95-002D-416e-002D-9475-002D-38d9ff947cdf_id": {
                    "sensitive": false,
                    "type": "string",
                    "value": "arn:aws:iam::306885252482:policy/service-role/AWSLambdaSESExecutionRole-780b1287-da95-416e-9475-38d9ff947cdf"
                },
                "aws_iam_policy_tfer--AWSLambdaTracerAccessExecutionRole-002D-319dcf7f-002D-9a4c-002D-4dff-002D-b051-002D-0d76917eda3a_id": {
                    "sensitive": false,
                    "type": "string",
                    "value": "arn:aws:iam::306885252482:policy/service-role/AWSLambdaTracerAccessExecutionRole-319dcf7f-9a4c-4dff-b051-0d76917eda3a"
                },
                "aws_iam_policy_tfer--JadeAppMasterPolicy_id": {
                    "sensitive": false,
                    "type": "string",
                    "value": "arn:aws:iam::306885252482:policy/JadeAppMasterPolicy"
                },
                "aws_iam_policy_tfer--Palavyr-002D-AccessControl_id": {
                    "sensitive": false,
                    "type": "string",
                    "value": "arn:aws:iam::306885252482:policy/Palavyr-AccessControl"
                },
                "aws_iam_policy_tfer--PalavyrAwsPermissionSet_id": {
                    "sensitive": false,
                    "type": "string",
                    "value": "arn:aws:iam::306885252482:policy/PalavyrAwsPermissionSet"
                },
                "aws_iam_role_policy_attachment_tfer--AWSServiceRoleForCloudFrontLogger_AWSCloudFrontLogger_id": {
                    "sensitive": false,
                    "type": "string",
                    "value": "AWSServiceRoleForCloudFrontLogger/arn:aws:iam::aws:policy/aws-service-role/AWSCloudFrontLogger"
                },
                "aws_iam_role_policy_attachment_tfer--AWSServiceRoleForElasticLoadBalancing_AWSElasticLoadBalancingServiceRolePolicy_id": {
                    "sensitive": false,
                    "type": "string",
                    "value": "AWSServiceRoleForElasticLoadBalancing/arn:aws:iam::aws:policy/aws-service-role/AWSElasticLoadBalancingServiceRolePolicy"
                },
                "aws_iam_role_policy_attachment_tfer--AWSServiceRoleForLambdaReplicator_AWSLambdaReplicator_id": {
                    "sensitive": false,
                    "type": "string",
                    "value": "AWSServiceRoleForLambdaReplicator/arn:aws:iam::aws:policy/aws-service-role/AWSLambdaReplicator"
                },
                "aws_iam_role_policy_attachment_tfer--AWSServiceRoleForRDS_AmazonRDSServiceRolePolicy_id": {
                    "sensitive": false,
                    "type": "string",
                    "value": "AWSServiceRoleForRDS/arn:aws:iam::aws:policy/aws-service-role/AmazonRDSServiceRolePolicy"
                },
                "aws_iam_role_policy_attachment_tfer--AWSServiceRoleForSupport_AWSSupportServiceRolePolicy_id": {
                    "sensitive": false,
                    "type": "string",
                    "value": "AWSServiceRoleForSupport/arn:aws:iam::aws:policy/aws-service-role/AWSSupportServiceRolePolicy"
                },
                "aws_iam_role_policy_attachment_tfer--AWSServiceRoleForTrustedAdvisor_AWSTrustedAdvisorServiceRolePolicy_id": {
                    "sensitive": false,
                    "type": "string",
                    "value": "AWSServiceRoleForTrustedAdvisor/arn:aws:iam::aws:policy/aws-service-role/AWSTrustedAdvisorServiceRolePolicy"
                },
                "aws_iam_role_policy_attachment_tfer--Iraj-002D-Tutoring_AdministratorAccess-002D-Amplify_id": {
                    "sensitive": false,
                    "type": "string",
                    "value": "Iraj-Tutoring/arn:aws:iam::aws:policy/AdministratorAccess-Amplify"
                },
                "aws_iam_role_policy_attachment_tfer--PalavyrServerless_AWSLambdaVPCAccessExecutionRole_id": {
                    "sensitive": false,
                    "type": "string",
                    "value": "PalavyrServerless/arn:aws:iam::aws:policy/service-role/AWSLambdaVPCAccessExecutionRole"
                },
                "aws_iam_role_policy_attachment_tfer--PalavyrServerless_Palavyr-002D-AccessControl_id": {
                    "sensitive": false,
                    "type": "string",
                    "value": "PalavyrServerless/arn:aws:iam::306885252482:policy/Palavyr-AccessControl"
                },
                "aws_iam_role_tfer--AWSServiceRoleForCloudFrontLogger_id": {
                    "sensitive": false,
                    "type": "string",
                    "value": "AWSServiceRoleForCloudFrontLogger"
                },
                "aws_iam_role_tfer--AWSServiceRoleForElasticLoadBalancing_id": {
                    "sensitive": false,
                    "type": "string",
                    "value": "AWSServiceRoleForElasticLoadBalancing"
                },
                "aws_iam_role_tfer--AWSServiceRoleForLambdaReplicator_id": {
                    "sensitive": false,
                    "type": "string",
                    "value": "AWSServiceRoleForLambdaReplicator"
                },
                "aws_iam_role_tfer--AWSServiceRoleForLexBots_id": {
                    "sensitive": false,
                    "type": "string",
                    "value": "AWSServiceRoleForLexBots"
                },
                "aws_iam_role_tfer--AWSServiceRoleForRDS_id": {
                    "sensitive": false,
                    "type": "string",
                    "value": "AWSServiceRoleForRDS"
                },
                "aws_iam_role_tfer--AWSServiceRoleForSupport_id": {
                    "sensitive": false,
                    "type": "string",
                    "value": "AWSServiceRoleForSupport"
                },
                "aws_iam_role_tfer--AWSServiceRoleForTrustedAdvisor_id": {
                    "sensitive": false,
                    "type": "string",
                    "value": "AWSServiceRoleForTrustedAdvisor"
                },
                "aws_iam_role_tfer--Iraj-002D-Tutoring_id": {
                    "sensitive": false,
                    "type": "string",
                    "value": "Iraj-Tutoring"
                },
                "aws_iam_role_tfer--PalavyrServerless_id": {
                    "sensitive": false,
                    "type": "string",
                    "value": "PalavyrServerless"
                },
                "aws_iam_user_group_membership_tfer--Palavyr-002F-PalavyrServices_id": {
                    "sensitive": false,
                    "type": "string",
                    "value": "Palavyr/PalavyrServices"
                },
                "aws_iam_user_group_membership_tfer--Paul_Gradie-002F-Work_id": {
                    "sensitive": false,
                    "type": "string",
                    "value": "Paul_Gradie/Work"
                },
                "aws_iam_user_policy_attachment_tfer--Palavyr_AWSCloudFormationFullAccess_id": {
                    "sensitive": false,
                    "type": "string",
                    "value": "Palavyr/arn:aws:iam::aws:policy/AWSCloudFormationFullAccess"
                },
                "aws_iam_user_policy_attachment_tfer--Palavyr_AWSLambda_FullAccess_id": {
                    "sensitive": false,
                    "type": "string",
                    "value": "Palavyr/arn:aws:iam::aws:policy/AWSLambda_FullAccess"
                },
                "aws_iam_user_policy_attachment_tfer--Palavyr_AdministratorAccess_id": {
                    "sensitive": false,
                    "type": "string",
                    "value": "Palavyr/arn:aws:iam::aws:policy/AdministratorAccess"
                },
                "aws_iam_user_policy_attachment_tfer--Palavyr_AmazonRDSFullAccess_id": {
                    "sensitive": false,
                    "type": "string",
                    "value": "Palavyr/arn:aws:iam::aws:policy/AmazonRDSFullAccess"
                },
                "aws_iam_user_policy_attachment_tfer--Palavyr_AmazonS3FullAccess_id": {
                    "sensitive": false,
                    "type": "string",
                    "value": "Palavyr/arn:aws:iam::aws:policy/AmazonS3FullAccess"
                },
                "aws_iam_user_policy_attachment_tfer--Palavyr_AmazonSESFullAccess_id": {
                    "sensitive": false,
                    "type": "string",
                    "value": "Palavyr/arn:aws:iam::aws:policy/AmazonSESFullAccess"
                },
                "aws_iam_user_policy_attachment_tfer--Palavyr_ResourceGroupsandTagEditorFullAccess_id": {
                    "sensitive": false,
                    "type": "string",
                    "value": "Palavyr/arn:aws:iam::aws:policy/ResourceGroupsandTagEditorFullAccess"
                },
                "aws_iam_user_tfer--AIDAJG2BANO4WNIEDFJ3S_id": {
                    "sensitive": false,
                    "type": "string",
                    "value": "Paul_Gradie"
                },
                "aws_instance_tfer--i-002D-080f76ecdd5beceb2_New-0020-Production-0020-Palavyr_id": {
                    "sensitive": false,
                    "type": "string",
                    "value": "i-080f76ecdd5beceb2"
                },
                "aws_internet_gateway_tfer--igw-002D-01e0fa378e8d55a55_id": {
                    "sensitive": false,
                    "type": "string",
                    "value": "igw-01e0fa378e8d55a55"
                },
                "aws_lb_listener_tfer--arn-003A-aws-003A-elasticloadbalancing-003A-us-002D-east-002D-1-003A-306885252482-003A-listener-002F-app-002F-production-002D-palavyr-002D-loadbalancer-002F-efce1837c433d91c-002F-a4a1d0728da3595f_id": {
                    "sensitive": false,
                    "type": "string",
                    "value": "arn:aws:elasticloadbalancing:us-east-1:306885252482:listener/app/production-palavyr-loadbalancer/efce1837c433d91c/a4a1d0728da3595f"
                },
                "aws_lb_listener_tfer--arn-003A-aws-003A-elasticloadbalancing-003A-us-002D-east-002D-1-003A-306885252482-003A-listener-002F-app-002F-production-002D-palavyr-002D-loadbalancer-002F-efce1837c433d91c-002F-e056056495b34808_id": {
                    "sensitive": false,
                    "type": "string",
                    "value": "arn:aws:elasticloadbalancing:us-east-1:306885252482:listener/app/production-palavyr-loadbalancer/efce1837c433d91c/e056056495b34808"
                },
                "aws_lb_target_group_attachment_tfer--arn-003A-aws-003A-elasticloadbalancing-003A-us-002D-east-002D-1-003A-306885252482-003A-targetgroup-002F-production-002D-palavyr-002D-targets-002F-0883c2b756bf8cd3-002D-20220730012450999700000001_id": {
                    "sensitive": false,
                    "type": "string",
                    "value": "arn:aws:elasticloadbalancing:us-east-1:306885252482:targetgroup/production-palavyr-targets/0883c2b756bf8cd3-20220730012450999700000001"
                },
                "aws_lb_target_group_tfer--Palavyr-002D-Production-002D-Https-002D-to-002D-Http_id": {
                    "sensitive": false,
                    "type": "string",
                    "value": "arn:aws:elasticloadbalancing:us-east-1:306885252482:targetgroup/Palavyr-Production-Https-to-Http/011a297b4588d208"
                },
                "aws_lb_target_group_tfer--Palavyr-002D-Staging-002D-Https-002D-to-002D-Http_id": {
                    "sensitive": false,
                    "type": "string",
                    "value": "arn:aws:elasticloadbalancing:us-east-1:306885252482:targetgroup/Palavyr-Staging-Https-to-Http/784374d2ece3655d"
                },
                "aws_lb_target_group_tfer--production-002D-palavyr-002D-targets_id": {
                    "sensitive": false,
                    "type": "string",
                    "value": "arn:aws:elasticloadbalancing:us-east-1:306885252482:targetgroup/production-palavyr-targets/0883c2b756bf8cd3"
                },
                "aws_lb_target_group_tfer--staging-002D-palavyr-002D-targets_id": {
                    "sensitive": false,
                    "type": "string",
                    "value": "arn:aws:elasticloadbalancing:us-east-1:306885252482:targetgroup/staging-palavyr-targets/0fb8a12bfcc51383"
                },
                "aws_lb_tfer--production-002D-palavyr-002D-loadbalancer_id": {
                    "sensitive": false,
                    "type": "string",
                    "value": "arn:aws:elasticloadbalancing:us-east-1:306885252482:loadbalancer/app/production-palavyr-loadbalancer/efce1837c433d91c"
                },
                "aws_main_route_table_association_tfer--vpc-002D-0658b6edff9ad6795_id": {
                    "sensitive": false,
                    "type": "string",
                    "value": "rtbassoc-0db4244ad6d5b63b8"
                },
                "aws_network_acl_tfer--acl-002D-0ec9d3873a453b75e_id": {
                    "sensitive": false,
                    "type": "string",
                    "value": "acl-0ec9d3873a453b75e"
                },
                "aws_network_interface_tfer--eni-002D-0102422eb42393bf3_id": {
                    "sensitive": false,
                    "type": "string",
                    "value": "eni-0102422eb42393bf3"
                },
                "aws_network_interface_tfer--eni-002D-02dd72ddd3694a443_id": {
                    "sensitive": false,
                    "type": "string",
                    "value": "eni-02dd72ddd3694a443"
                },
                "aws_network_interface_tfer--eni-002D-07e318bdc98fe7f92_id": {
                    "sensitive": false,
                    "type": "string",
                    "value": "eni-07e318bdc98fe7f92"
                },
                "aws_network_interface_tfer--eni-002D-08f825c0eb0c2ff0e_id": {
                    "sensitive": false,
                    "type": "string",
                    "value": "eni-08f825c0eb0c2ff0e"
                },
                "aws_route53_record_tfer--Z0392348306WBDPNO6FWU__2481dde6dcb67a702120ae4352a5215d-002E-app-002E-palavyr-002E-com-002E-_CNAME__id": {
                    "sensitive": false,
                    "type": "string",
                    "value": "Z0392348306WBDPNO6FWU__2481dde6dcb67a702120ae4352a5215d.app.palavyr.com._CNAME_"
                },
                "aws_route53_record_tfer--Z0392348306WBDPNO6FWU__2c90992853fca21ee536026a9a518995-002E-palavyr-002E-com-002E-_CNAME__id": {
                    "sensitive": false,
                    "type": "string",
                    "value": "Z0392348306WBDPNO6FWU__2c90992853fca21ee536026a9a518995.palavyr.com._CNAME_"
                },
                "aws_route53_record_tfer--Z0392348306WBDPNO6FWU__2c90992853fca21ee536026a9a518995-002E-palavyr-002E-com-002E-palavyr-002E-com-002E-_CNAME__id": {
                    "sensitive": false,
                    "type": "string",
                    "value": "Z0392348306WBDPNO6FWU__2c90992853fca21ee536026a9a518995.palavyr.com.palavyr.com._CNAME_"
                },
                "aws_route53_record_tfer--Z0392348306WBDPNO6FWU__2e0470f870d6941d634274bd1e7dd086-002E-server-002E-palavyr-002E-com-002E-_CNAME__id": {
                    "sensitive": false,
                    "type": "string",
                    "value": "Z0392348306WBDPNO6FWU__2e0470f870d6941d634274bd1e7dd086.server.palavyr.com._CNAME_"
                },
                "aws_route53_record_tfer--Z0392348306WBDPNO6FWU__5b2cf07b17c29d0ff2ffe7a0377a80f1-002E-www-002E-staging-002E-app-002E-palavyr-002E-com-002E-_CNAME__id": {
                    "sensitive": false,
                    "type": "string",
                    "value": "Z0392348306WBDPNO6FWU__5b2cf07b17c29d0ff2ffe7a0377a80f1.www.staging.app.palavyr.com._CNAME_"
                },
                "aws_route53_record_tfer--Z0392348306WBDPNO6FWU__74b6a34e346830857515171cb07f8672-002E-staging-002E-app-002E-palavyr-002E-com-002E-_CNAME__id": {
                    "sensitive": false,
                    "type": "string",
                    "value": "Z0392348306WBDPNO6FWU__74b6a34e346830857515171cb07f8672.staging.app.palavyr.com._CNAME_"
                },
                "aws_route53_record_tfer--Z0392348306WBDPNO6FWU__94ee71fa70fef497de4ba7d0b9bac392-002E-palavyr-002E-com-002E-_CNAME__id": {
                    "sensitive": false,
                    "type": "string",
                    "value": "Z0392348306WBDPNO6FWU__94ee71fa70fef497de4ba7d0b9bac392.palavyr.com._CNAME_"
                },
                "aws_route53_record_tfer--Z0392348306WBDPNO6FWU__c017c56585630b2ba727226472a839b6-002E-widget-002E-palavyr-002E-com-002E-_CNAME__id": {
                    "sensitive": false,
                    "type": "string",
                    "value": "Z0392348306WBDPNO6FWU__c017c56585630b2ba727226472a839b6.widget.palavyr.com._CNAME_"
                },
                "aws_route53_record_tfer--Z0392348306WBDPNO6FWU__d471c080522376fc27c8637e66bb6f56-002E-server-002E-palavyr-002E-com-002E-_CNAME__id": {
                    "sensitive": false,
                    "type": "string",
                    "value": "Z0392348306WBDPNO6FWU__d471c080522376fc27c8637e66bb6f56.server.palavyr.com._CNAME_"
                },
                "aws_route53_record_tfer--Z0392348306WBDPNO6FWU_app-002E-palavyr-002E-com-002E-_A__id": {
                    "sensitive": false,
                    "type": "string",
                    "value": "Z0392348306WBDPNO6FWU_app.palavyr.com._A_"
                },
                "aws_route53_record_tfer--Z0392348306WBDPNO6FWU_palavyr-002E-com-002E-_A__id": {
                    "sensitive": false,
                    "type": "string",
                    "value": "Z0392348306WBDPNO6FWU_palavyr.com._A_"
                },
                "aws_route53_record_tfer--Z0392348306WBDPNO6FWU_palavyr-002E-com-002E-_NS__id": {
                    "sensitive": false,
                    "type": "string",
                    "value": "Z0392348306WBDPNO6FWU_palavyr.com._NS_"
                },
                "aws_route53_record_tfer--Z0392348306WBDPNO6FWU_palavyr-002E-com-002E-_SOA__id": {
                    "sensitive": false,
                    "type": "string",
                    "value": "Z0392348306WBDPNO6FWU_palavyr.com._SOA_"
                },
                "aws_route53_record_tfer--Z0392348306WBDPNO6FWU_palavyr-002E-com-002E-_TXT__id": {
                    "sensitive": false,
                    "type": "string",
                    "value": "Z0392348306WBDPNO6FWU_palavyr.com._TXT_"
                },
                "aws_route53_record_tfer--Z0392348306WBDPNO6FWU_server-002E-palavyr-002E-com-002E-_A__id": {
                    "sensitive": false,
                    "type": "string",
                    "value": "Z0392348306WBDPNO6FWU_server.palavyr.com._A_"
                },
                "aws_route53_record_tfer--Z0392348306WBDPNO6FWU_staging-002E-app-002E-palavyr-002E-com-002E-_A__id": {
                    "sensitive": false,
                    "type": "string",
                    "value": "Z0392348306WBDPNO6FWU_staging.app.palavyr.com._A_"
                },
                "aws_route53_record_tfer--Z0392348306WBDPNO6FWU_staging-002E-server-002E-palavyr-002E-com-002E-_A__id": {
                    "sensitive": false,
                    "type": "string",
                    "value": "Z0392348306WBDPNO6FWU_staging.server.palavyr.com._A_"
                },
                "aws_route53_record_tfer--Z0392348306WBDPNO6FWU_staging-002E-widget-002E-palavyr-002E-com-002E-_A__id": {
                    "sensitive": false,
                    "type": "string",
                    "value": "Z0392348306WBDPNO6FWU_staging.widget.palavyr.com._A_"
                },
                "aws_route53_record_tfer--Z0392348306WBDPNO6FWU_widget-002E-palavyr-002E-com-002E-_A__id": {
                    "sensitive": false,
                    "type": "string",
                    "value": "Z0392348306WBDPNO6FWU_widget.palavyr.com._A_"
                },
                "aws_route53_record_tfer--Z0392348306WBDPNO6FWU_www-002E-app-002E-palavyr-002E-com-002E-_A__id": {
                    "sensitive": false,
                    "type": "string",
                    "value": "Z0392348306WBDPNO6FWU_www.app.palavyr.com._A_"
                },
                "aws_route53_record_tfer--Z0392348306WBDPNO6FWU_www-002E-palavyr-002E-com-002E-_CNAME__id": {
                    "sensitive": false,
                    "type": "string",
                    "value": "Z0392348306WBDPNO6FWU_www.palavyr.com._CNAME_"
                },
                "aws_route53_record_tfer--Z0392348306WBDPNO6FWU_www-002E-server-002E-palavyr-002E-com-002E-_A__id": {
                    "sensitive": false,
                    "type": "string",
                    "value": "Z0392348306WBDPNO6FWU_www.server.palavyr.com._A_"
                },
                "aws_route53_record_tfer--Z0392348306WBDPNO6FWU_www-002E-staging-002E-app-002E-palavyr-002E-com-002E-_A__id": {
                    "sensitive": false,
                    "type": "string",
                    "value": "Z0392348306WBDPNO6FWU_www.staging.app.palavyr.com._A_"
                },
                "aws_route53_record_tfer--Z0392348306WBDPNO6FWU_www-002E-staging-002E-server-002E-palavyr-002E-com-002E-_A__id": {
                    "sensitive": false,
                    "type": "string",
                    "value": "Z0392348306WBDPNO6FWU_www.staging.server.palavyr.com._A_"
                },
                "aws_route53_record_tfer--Z0392348306WBDPNO6FWU_www-002E-widget-002E-palavyr-002E-com-002E-_A__id": {
                    "sensitive": false,
                    "type": "string",
                    "value": "Z0392348306WBDPNO6FWU_www.widget.palavyr.com._A_"
                },
                "aws_route53_zone_tfer--Z0392348306WBDPNO6FWU_palavyr-002E-com_id": {
                    "sensitive": false,
                    "type": "string",
                    "value": "Z0392348306WBDPNO6FWU"
                },
                "aws_route_table_association_tfer--subnet-002D-03e90beae4cbc97e3_id": {
                    "sensitive": false,
                    "type": "string",
                    "value": "rtbassoc-0481ec1639333aa60"
                },
                "aws_route_table_association_tfer--subnet-002D-0704cbef441993b25_id": {
                    "sensitive": false,
                    "type": "string",
                    "value": "rtbassoc-0c9e4d2e567da81df"
                },
                "aws_route_table_association_tfer--subnet-002D-0ccabdc7222055adf_id": {
                    "sensitive": false,
                    "type": "string",
                    "value": "rtbassoc-0f7923c1b638c6160"
                },
                "aws_route_table_tfer--rtb-002D-04e0b491f4190f5f4_id": {
                    "sensitive": false,
                    "type": "string",
                    "value": "rtb-04e0b491f4190f5f4"
                },
                "aws_route_table_tfer--rtb-002D-08e25b85cadd3a877_id": {
                    "sensitive": false,
                    "type": "string",
                    "value": "rtb-08e25b85cadd3a877"
                },
                "aws_s3_bucket_tfer--aws-002D-cloudtrail-002D-logs-002D-306885252482-002D-eeb5c23b_id": {
                    "sensitive": false,
                    "type": "string",
                    "value": "aws-cloudtrail-logs-306885252482-eeb5c23b"
                },
                "aws_s3_bucket_tfer--palavyr-002E-com_id": {
                    "sensitive": false,
                    "type": "string",
                    "value": "palavyr.com"
                },
                "aws_s3_bucket_tfer--production-002D-palavyr-002D-userdata_id": {
                    "sensitive": false,
                    "type": "string",
                    "value": "production-palavyr-userdata"
                },
                "aws_s3_bucket_tfer--staging-002D-palavyr-002D-userdata_id": {
                    "sensitive": false,
                    "type": "string",
                    "value": "staging-palavyr-userdata"
                },
                "aws_s3_bucket_tfer--staging-002E-palavyr-002E-com_id": {
                    "sensitive": false,
                    "type": "string",
                    "value": "staging.palavyr.com"
                },
                "aws_s3_bucket_tfer--staging-002E-widget-002E-palavyr-002E-com_id": {
                    "sensitive": false,
                    "type": "string",
                    "value": "staging.widget.palavyr.com"
                },
                "aws_s3_bucket_tfer--widget-002E-palavyr-002E-com_id": {
                    "sensitive": false,
                    "type": "string",
                    "value": "widget.palavyr.com"
                },
                "aws_s3_bucket_tfer--www-002E-palavyr-002E-com_id": {
                    "sensitive": false,
                    "type": "string",
                    "value": "www.palavyr.com"
                },
                "aws_s3_bucket_tfer--www-002E-staging-002E-palavyr-002E-com_id": {
                    "sensitive": false,
                    "type": "string",
                    "value": "www.staging.palavyr.com"
                },
                "aws_security_group_tfer--Palavyr-002D-Security_sg-002D-0b658d1cd68796271_id": {
                    "sensitive": false,
                    "type": "string",
                    "value": "sg-0b658d1cd68796271"
                },
                "aws_security_group_tfer--default_sg-002D-02f79f93b33f82eb0_id": {
                    "sensitive": false,
                    "type": "string",
                    "value": "sg-02f79f93b33f82eb0"
                },
                "aws_subnet_tfer--subnet-002D-03e90beae4cbc97e3_id": {
                    "sensitive": false,
                    "type": "string",
                    "value": "subnet-03e90beae4cbc97e3"
                },
                "aws_subnet_tfer--subnet-002D-0704cbef441993b25_id": {
                    "sensitive": false,
                    "type": "string",
                    "value": "subnet-0704cbef441993b25"
                },
                "aws_subnet_tfer--subnet-002D-0ccabdc7222055adf_id": {
                    "sensitive": false,
                    "type": "string",
                    "value": "subnet-0ccabdc7222055adf"
                },
                "aws_vpc_tfer--vpc-002D-0658b6edff9ad6795_id": {
                    "sensitive": false,
                    "type": "string",
                    "value": "vpc-0658b6edff9ad6795"
                }
            },
            "resources": {
                "aws_acm_certificate.tfer--2e5f5a9f-002D-92e3-002D-44a5-002D-8856-002D-fcfafbd61e4e_widget-002E-palavyr-002E-com": {
                    "type": "aws_acm_certificate",
                    "depends_on": [],
                    "primary": {
                        "id": "arn:aws:acm:us-east-1:306885252482:certificate/2e5f5a9f-92e3-44a5-8856-fcfafbd61e4e",
                        "attributes": {
                            "arn": "arn:aws:acm:us-east-1:306885252482:certificate/2e5f5a9f-92e3-44a5-8856-fcfafbd61e4e",
                            "certificate_authority_arn": "",
                            "domain_name": "widget.palavyr.com",
                            "domain_validation_options.#": "2",
                            "domain_validation_options.0.domain_name": "*.widget.palavyr.com",
                            "domain_validation_options.0.resource_record_name": "_c017c56585630b2ba727226472a839b6.widget.palavyr.com.",
                            "domain_validation_options.0.resource_record_type": "CNAME",
                            "domain_validation_options.0.resource_record_value": "_89c066d3949f0d2917ad25c1c5fb2882.zdxcnfdgtt.acm-validations.aws.",
                            "domain_validation_options.1.domain_name": "widget.palavyr.com",
                            "domain_validation_options.1.resource_record_name": "_c017c56585630b2ba727226472a839b6.widget.palavyr.com.",
                            "domain_validation_options.1.resource_record_type": "CNAME",
                            "domain_validation_options.1.resource_record_value": "_89c066d3949f0d2917ad25c1c5fb2882.zdxcnfdgtt.acm-validations.aws.",
                            "id": "arn:aws:acm:us-east-1:306885252482:certificate/2e5f5a9f-92e3-44a5-8856-fcfafbd61e4e",
                            "options.#": "1",
                            "options.0.certificate_transparency_logging_preference": "ENABLED",
                            "status": "ISSUED",
                            "subject_alternative_names.#": "2",
                            "subject_alternative_names.0": "*.widget.palavyr.com",
                            "subject_alternative_names.1": "widget.palavyr.com",
                            "tags.%": "1",
                            "tags.palavyr": "cert",
                            "tags_all.%": "1",
                            "tags_all.palavyr": "cert",
                            "validation_emails.#": "0",
                            "validation_method": "DNS"
                        },
                        "meta": {
                            "schema_version": 0
                        },
                        "tainted": false
                    },
                    "deposed": [],
                    "provider": "provider.aws"
                },
                "aws_acm_certificate.tfer--54f8b3fb-002D-fa4a-002D-43fa-002D-aee5-002D-d17c75cabca1_app-002E-palavyr-002E-com": {
                    "type": "aws_acm_certificate",
                    "depends_on": [],
                    "primary": {
                        "id": "arn:aws:acm:us-east-1:306885252482:certificate/54f8b3fb-fa4a-43fa-aee5-d17c75cabca1",
                        "attributes": {
                            "arn": "arn:aws:acm:us-east-1:306885252482:certificate/54f8b3fb-fa4a-43fa-aee5-d17c75cabca1",
                            "certificate_authority_arn": "",
                            "domain_name": "app.palavyr.com",
                            "domain_validation_options.#": "2",
                            "domain_validation_options.0.domain_name": "*.app.palavyr.com",
                            "domain_validation_options.0.resource_record_name": "_2481dde6dcb67a702120ae4352a5215d.app.palavyr.com.",
                            "domain_validation_options.0.resource_record_type": "CNAME",
                            "domain_validation_options.0.resource_record_value": "_74ba60a86741d78adc91ffd971a8ef5a.ylqxxscwpq.acm-validations.aws.",
                            "domain_validation_options.1.domain_name": "app.palavyr.com",
                            "domain_validation_options.1.resource_record_name": "_2481dde6dcb67a702120ae4352a5215d.app.palavyr.com.",
                            "domain_validation_options.1.resource_record_type": "CNAME",
                            "domain_validation_options.1.resource_record_value": "_74ba60a86741d78adc91ffd971a8ef5a.ylqxxscwpq.acm-validations.aws.",
                            "id": "arn:aws:acm:us-east-1:306885252482:certificate/54f8b3fb-fa4a-43fa-aee5-d17c75cabca1",
                            "options.#": "1",
                            "options.0.certificate_transparency_logging_preference": "ENABLED",
                            "status": "ISSUED",
                            "subject_alternative_names.#": "2",
                            "subject_alternative_names.0": "*.app.palavyr.com",
                            "subject_alternative_names.1": "app.palavyr.com",
                            "tags.%": "1",
                            "tags.palavyr": "cert",
                            "tags_all.%": "1",
                            "tags_all.palavyr": "cert",
                            "validation_emails.#": "0",
                            "validation_method": "DNS"
                        },
                        "meta": {
                            "schema_version": 0
                        },
                        "tainted": false
                    },
                    "deposed": [],
                    "provider": "provider.aws"
                },
                "aws_acm_certificate.tfer--75aa80d1-002D-4cfb-002D-42c8-002D-9bc6-002D-97beebb997da_staging-002E-app-002E-palavyr-002E-com": {
                    "type": "aws_acm_certificate",
                    "depends_on": [],
                    "primary": {
                        "id": "arn:aws:acm:us-east-1:306885252482:certificate/75aa80d1-4cfb-42c8-9bc6-97beebb997da",
                        "attributes": {
                            "arn": "arn:aws:acm:us-east-1:306885252482:certificate/75aa80d1-4cfb-42c8-9bc6-97beebb997da",
                            "certificate_authority_arn": "",
                            "domain_name": "staging.app.palavyr.com",
                            "domain_validation_options.#": "2",
                            "domain_validation_options.0.domain_name": "staging.app.palavyr.com",
                            "domain_validation_options.0.resource_record_name": "_74b6a34e346830857515171cb07f8672.staging.app.palavyr.com.",
                            "domain_validation_options.0.resource_record_type": "CNAME",
                            "domain_validation_options.0.resource_record_value": "_b17a814fe2a46cbefd732995d550e27a.ylqxxscwpq.acm-validations.aws.",
                            "domain_validation_options.1.domain_name": "www.staging.app.palavyr.com",
                            "domain_validation_options.1.resource_record_name": "_5b2cf07b17c29d0ff2ffe7a0377a80f1.www.staging.app.palavyr.com.",
                            "domain_validation_options.1.resource_record_type": "CNAME",
                            "domain_validation_options.1.resource_record_value": "_d770a4d4506a54e8fe6ccd03c20e52b4.ylqxxscwpq.acm-validations.aws.",
                            "id": "arn:aws:acm:us-east-1:306885252482:certificate/75aa80d1-4cfb-42c8-9bc6-97beebb997da",
                            "options.#": "1",
                            "options.0.certificate_transparency_logging_preference": "ENABLED",
                            "status": "ISSUED",
                            "subject_alternative_names.#": "2",
                            "subject_alternative_names.0": "staging.app.palavyr.com",
                            "subject_alternative_names.1": "www.staging.app.palavyr.com",
                            "tags.%": "1",
                            "tags.apppalavyr": "cert",
                            "tags_all.%": "1",
                            "tags_all.apppalavyr": "cert",
                            "validation_emails.#": "0",
                            "validation_method": "DNS"
                        },
                        "meta": {
                            "schema_version": 0
                        },
                        "tainted": false
                    },
                    "deposed": [],
                    "provider": "provider.aws"
                },
                "aws_acm_certificate.tfer--8ec5fa03-002D-cd67-002D-465d-002D-be94-002D-2ae3b064c2c0_server-002E-palavyr-002E-com": {
                    "type": "aws_acm_certificate",
                    "depends_on": [],
                    "primary": {
                        "id": "arn:aws:acm:us-east-1:306885252482:certificate/8ec5fa03-cd67-465d-be94-2ae3b064c2c0",
                        "attributes": {
                            "arn": "arn:aws:acm:us-east-1:306885252482:certificate/8ec5fa03-cd67-465d-be94-2ae3b064c2c0",
                            "certificate_authority_arn": "",
                            "domain_name": "server.palavyr.com",
                            "domain_validation_options.#": "2",
                            "domain_validation_options.0.domain_name": "*.server.palavyr.com",
                            "domain_validation_options.0.resource_record_name": "_d471c080522376fc27c8637e66bb6f56.server.palavyr.com.",
                            "domain_validation_options.0.resource_record_type": "CNAME",
                            "domain_validation_options.0.resource_record_value": "_53b14a5b617d7faea7b05ef0fffa0124.zdxcnfdgtt.acm-validations.aws.",
                            "domain_validation_options.1.domain_name": "server.palavyr.com",
                            "domain_validation_options.1.resource_record_name": "_d471c080522376fc27c8637e66bb6f56.server.palavyr.com.",
                            "domain_validation_options.1.resource_record_type": "CNAME",
                            "domain_validation_options.1.resource_record_value": "_53b14a5b617d7faea7b05ef0fffa0124.zdxcnfdgtt.acm-validations.aws.",
                            "id": "arn:aws:acm:us-east-1:306885252482:certificate/8ec5fa03-cd67-465d-be94-2ae3b064c2c0",
                            "options.#": "1",
                            "options.0.certificate_transparency_logging_preference": "ENABLED",
                            "status": "ISSUED",
                            "subject_alternative_names.#": "2",
                            "subject_alternative_names.0": "*.server.palavyr.com",
                            "subject_alternative_names.1": "server.palavyr.com",
                            "tags.%": "1",
                            "tags.ServerCert": "Cert",
                            "tags_all.%": "1",
                            "tags_all.ServerCert": "Cert",
                            "validation_emails.#": "0",
                            "validation_method": "DNS"
                        },
                        "meta": {
                            "schema_version": 0
                        },
                        "tainted": false
                    },
                    "deposed": [],
                    "provider": "provider.aws"
                },
                "aws_acm_certificate.tfer--ec1a02a1-002D-ab61-002D-48f2-002D-8ebd-002D-d7ead697c1ac_palavyr-002E-com": {
                    "type": "aws_acm_certificate",
                    "depends_on": [],
                    "primary": {
                        "id": "arn:aws:acm:us-east-1:306885252482:certificate/ec1a02a1-ab61-48f2-8ebd-d7ead697c1ac",
                        "attributes": {
                            "arn": "arn:aws:acm:us-east-1:306885252482:certificate/ec1a02a1-ab61-48f2-8ebd-d7ead697c1ac",
                            "certificate_authority_arn": "",
                            "domain_name": "palavyr.com",
                            "domain_validation_options.#": "2",
                            "domain_validation_options.0.domain_name": "*.palavyr.com",
                            "domain_validation_options.0.resource_record_name": "_94ee71fa70fef497de4ba7d0b9bac392.palavyr.com.",
                            "domain_validation_options.0.resource_record_type": "CNAME",
                            "domain_validation_options.0.resource_record_value": "_e672ba393738d6f10b0f35f242a2151e.zdxcnfdgtt.acm-validations.aws.",
                            "domain_validation_options.1.domain_name": "palavyr.com",
                            "domain_validation_options.1.resource_record_name": "_94ee71fa70fef497de4ba7d0b9bac392.palavyr.com.",
                            "domain_validation_options.1.resource_record_type": "CNAME",
                            "domain_validation_options.1.resource_record_value": "_e672ba393738d6f10b0f35f242a2151e.zdxcnfdgtt.acm-validations.aws.",
                            "id": "arn:aws:acm:us-east-1:306885252482:certificate/ec1a02a1-ab61-48f2-8ebd-d7ead697c1ac",
                            "options.#": "1",
                            "options.0.certificate_transparency_logging_preference": "ENABLED",
                            "status": "ISSUED",
                            "subject_alternative_names.#": "2",
                            "subject_alternative_names.0": "*.palavyr.com",
                            "subject_alternative_names.1": "palavyr.com",
                            "tags.%": "1",
                            "tags.palavyr": "cert",
                            "tags_all.%": "1",
                            "tags_all.palavyr": "cert",
                            "validation_emails.#": "0",
                            "validation_method": "DNS"
                        },
                        "meta": {
                            "schema_version": 0
                        },
                        "tainted": false
                    },
                    "deposed": [],
                    "provider": "provider.aws"
                },
                "aws_cloudfront_distribution.tfer--E2RYUIRP8XMKQG": {
                    "type": "aws_cloudfront_distribution",
                    "depends_on": [],
                    "primary": {
                        "id": "E2RYUIRP8XMKQG",
                        "attributes": {
                            "aliases.#": "2",
                            "aliases.0": "widget.palavyr.com",
                            "aliases.1": "www.widget.palavyr.com",
                            "arn": "arn:aws:cloudfront::306885252482:distribution/E2RYUIRP8XMKQG",
                            "caller_reference": "1599990280584",
                            "comment": "Distribution to handle SSL for Palavyr widget",
                            "custom_error_response.#": "2",
                            "custom_error_response.0.error_caching_min_ttl": "10",
                            "custom_error_response.0.error_code": "403",
                            "custom_error_response.0.response_code": "200",
                            "custom_error_response.0.response_page_path": "/index.html",
                            "custom_error_response.1.error_caching_min_ttl": "10",
                            "custom_error_response.1.error_code": "404",
                            "custom_error_response.1.response_code": "200",
                            "custom_error_response.1.response_page_path": "/index.html",
                            "default_cache_behavior.#": "1",
                            "default_cache_behavior.0.allowed_methods.#": "2",
                            "default_cache_behavior.0.allowed_methods.0": "GET",
                            "default_cache_behavior.0.allowed_methods.1": "HEAD",
                            "default_cache_behavior.0.cache_policy_id": "4135ea2d-6df8-44a3-9df3-4b5a84be39ad",
                            "default_cache_behavior.0.cached_methods.#": "2",
                            "default_cache_behavior.0.cached_methods.0": "GET",
                            "default_cache_behavior.0.cached_methods.1": "HEAD",
                            "default_cache_behavior.0.compress": "false",
                            "default_cache_behavior.0.default_ttl": "0",
                            "default_cache_behavior.0.field_level_encryption_id": "",
                            "default_cache_behavior.0.forwarded_values.#": "0",
                            "default_cache_behavior.0.function_association.#": "0",
                            "default_cache_behavior.0.lambda_function_association.#": "0",
                            "default_cache_behavior.0.max_ttl": "0",
                            "default_cache_behavior.0.min_ttl": "0",
                            "default_cache_behavior.0.origin_request_policy_id": "",
                            "default_cache_behavior.0.realtime_log_config_arn": "",
                            "default_cache_behavior.0.response_headers_policy_id": "",
                            "default_cache_behavior.0.smooth_streaming": "false",
                            "default_cache_behavior.0.target_origin_id": "S3 Palavyr Widget Access",
                            "default_cache_behavior.0.trusted_key_groups.#": "0",
                            "default_cache_behavior.0.trusted_signers.#": "0",
                            "default_cache_behavior.0.viewer_protocol_policy": "redirect-to-https",
                            "default_root_object": "index.html",
                            "domain_name": "drtnvpgvsoe97.cloudfront.net",
                            "enabled": "true",
                            "etag": "E3R6DFKPTAQ1V6",
                            "hosted_zone_id": "Z2FDTNDATAQYW2",
                            "http_version": "http2",
                            "id": "E2RYUIRP8XMKQG",
                            "in_progress_validation_batches": "0",
                            "is_ipv6_enabled": "true",
                            "last_modified_time": "2022-01-11 02:15:11.811 +0000 UTC",
                            "logging_config.#": "0",
                            "ordered_cache_behavior.#": "0",
                            "origin.#": "1",
                            "origin.0.connection_attempts": "3",
                            "origin.0.connection_timeout": "10",
                            "origin.0.custom_header.#": "0",
                            "origin.0.custom_origin_config.#": "1",
                            "origin.0.custom_origin_config.0.http_port": "80",
                            "origin.0.custom_origin_config.0.https_port": "443",
                            "origin.0.custom_origin_config.0.origin_keepalive_timeout": "5",
                            "origin.0.custom_origin_config.0.origin_protocol_policy": "http-only",
                            "origin.0.custom_origin_config.0.origin_read_timeout": "30",
                            "origin.0.custom_origin_config.0.origin_ssl_protocols.#": "3",
                            "origin.0.custom_origin_config.0.origin_ssl_protocols.0": "TLSv1",
                            "origin.0.custom_origin_config.0.origin_ssl_protocols.1": "TLSv1.1",
                            "origin.0.custom_origin_config.0.origin_ssl_protocols.2": "TLSv1.2",
                            "origin.0.domain_name": "widget.palavyr.com.s3-website-us-east-1.amazonaws.com",
                            "origin.0.origin_id": "S3 Palavyr Widget Access",
                            "origin.0.origin_path": "",
                            "origin.0.origin_shield.#": "0",
                            "origin.0.s3_origin_config.#": "0",
                            "price_class": "PriceClass_All",
                            "restrictions.#": "1",
                            "restrictions.0.geo_restriction.#": "1",
                            "restrictions.0.geo_restriction.0.locations.#": "0",
                            "restrictions.0.geo_restriction.0.restriction_type": "none",
                            "retain_on_delete": "false",
                            "status": "Deployed",
                            "tags.%": "0",
                            "tags_all.%": "0",
                            "trusted_key_groups.#": "1",
                            "trusted_key_groups.0.enabled": "false",
                            "trusted_key_groups.0.items.#": "0",
                            "trusted_signers.#": "1",
                            "trusted_signers.0.enabled": "false",
                            "trusted_signers.0.items.#": "0",
                            "viewer_certificate.#": "1",
                            "viewer_certificate.0.acm_certificate_arn": "arn:aws:acm:us-east-1:306885252482:certificate/2e5f5a9f-92e3-44a5-8856-fcfafbd61e4e",
                            "viewer_certificate.0.cloudfront_default_certificate": "false",
                            "viewer_certificate.0.iam_certificate_id": "",
                            "viewer_certificate.0.minimum_protocol_version": "TLSv1.2_2019",
                            "viewer_certificate.0.ssl_support_method": "sni-only",
                            "web_acl_id": ""
                        },
                        "meta": {
                            "schema_version": 1
                        },
                        "tainted": false
                    },
                    "deposed": [],
                    "provider": "provider.aws"
                },
                "aws_cloudfront_distribution.tfer--E31M45VVJZ3I65": {
                    "type": "aws_cloudfront_distribution",
                    "depends_on": [],
                    "primary": {
                        "id": "E31M45VVJZ3I65",
                        "attributes": {
                            "aliases.#": "2",
                            "aliases.0": "app.palavyr.com",
                            "aliases.1": "www.app.palavyr.com",
                            "arn": "arn:aws:cloudfront::306885252482:distribution/E31M45VVJZ3I65",
                            "caller_reference": "1599968752645",
                            "comment": "palavyr.com static hosting",
                            "custom_error_response.#": "2",
                            "custom_error_response.0.error_caching_min_ttl": "10",
                            "custom_error_response.0.error_code": "403",
                            "custom_error_response.0.response_code": "200",
                            "custom_error_response.0.response_page_path": "/index.html",
                            "custom_error_response.1.error_caching_min_ttl": "10",
                            "custom_error_response.1.error_code": "404",
                            "custom_error_response.1.response_code": "200",
                            "custom_error_response.1.response_page_path": "/index.html",
                            "default_cache_behavior.#": "1",
                            "default_cache_behavior.0.allowed_methods.#": "2",
                            "default_cache_behavior.0.allowed_methods.0": "GET",
                            "default_cache_behavior.0.allowed_methods.1": "HEAD",
                            "default_cache_behavior.0.cache_policy_id": "4135ea2d-6df8-44a3-9df3-4b5a84be39ad",
                            "default_cache_behavior.0.cached_methods.#": "2",
                            "default_cache_behavior.0.cached_methods.0": "GET",
                            "default_cache_behavior.0.cached_methods.1": "HEAD",
                            "default_cache_behavior.0.compress": "false",
                            "default_cache_behavior.0.default_ttl": "0",
                            "default_cache_behavior.0.field_level_encryption_id": "",
                            "default_cache_behavior.0.forwarded_values.#": "0",
                            "default_cache_behavior.0.function_association.#": "0",
                            "default_cache_behavior.0.lambda_function_association.#": "0",
                            "default_cache_behavior.0.max_ttl": "0",
                            "default_cache_behavior.0.min_ttl": "0",
                            "default_cache_behavior.0.origin_request_policy_id": "",
                            "default_cache_behavior.0.realtime_log_config_arn": "",
                            "default_cache_behavior.0.response_headers_policy_id": "",
                            "default_cache_behavior.0.smooth_streaming": "false",
                            "default_cache_behavior.0.target_origin_id": "S3-Palavyr.com",
                            "default_cache_behavior.0.trusted_key_groups.#": "0",
                            "default_cache_behavior.0.trusted_signers.#": "0",
                            "default_cache_behavior.0.viewer_protocol_policy": "redirect-to-https",
                            "default_root_object": "index.html",
                            "domain_name": "d3d02ewghyvfom.cloudfront.net",
                            "enabled": "true",
                            "etag": "E2FSW3EV5R7PP1",
                            "hosted_zone_id": "Z2FDTNDATAQYW2",
                            "http_version": "http2",
                            "id": "E31M45VVJZ3I65",
                            "in_progress_validation_batches": "0",
                            "is_ipv6_enabled": "true",
                            "last_modified_time": "2022-01-10 23:36:19.444 +0000 UTC",
                            "logging_config.#": "0",
                            "ordered_cache_behavior.#": "0",
                            "origin.#": "1",
                            "origin.0.connection_attempts": "3",
                            "origin.0.connection_timeout": "10",
                            "origin.0.custom_header.#": "0",
                            "origin.0.custom_origin_config.#": "1",
                            "origin.0.custom_origin_config.0.http_port": "80",
                            "origin.0.custom_origin_config.0.https_port": "443",
                            "origin.0.custom_origin_config.0.origin_keepalive_timeout": "5",
                            "origin.0.custom_origin_config.0.origin_protocol_policy": "http-only",
                            "origin.0.custom_origin_config.0.origin_read_timeout": "30",
                            "origin.0.custom_origin_config.0.origin_ssl_protocols.#": "3",
                            "origin.0.custom_origin_config.0.origin_ssl_protocols.0": "TLSv1",
                            "origin.0.custom_origin_config.0.origin_ssl_protocols.1": "TLSv1.1",
                            "origin.0.custom_origin_config.0.origin_ssl_protocols.2": "TLSv1.2",
                            "origin.0.domain_name": "palavyr.com.s3-website-us-east-1.amazonaws.com",
                            "origin.0.origin_id": "S3-Palavyr.com",
                            "origin.0.origin_path": "",
                            "origin.0.origin_shield.#": "0",
                            "origin.0.s3_origin_config.#": "0",
                            "price_class": "PriceClass_100",
                            "restrictions.#": "1",
                            "restrictions.0.geo_restriction.#": "1",
                            "restrictions.0.geo_restriction.0.locations.#": "0",
                            "restrictions.0.geo_restriction.0.restriction_type": "none",
                            "retain_on_delete": "false",
                            "status": "Deployed",
                            "tags.%": "0",
                            "tags_all.%": "0",
                            "trusted_key_groups.#": "1",
                            "trusted_key_groups.0.enabled": "false",
                            "trusted_key_groups.0.items.#": "0",
                            "trusted_signers.#": "1",
                            "trusted_signers.0.enabled": "false",
                            "trusted_signers.0.items.#": "0",
                            "viewer_certificate.#": "1",
                            "viewer_certificate.0.acm_certificate_arn": "arn:aws:acm:us-east-1:306885252482:certificate/54f8b3fb-fa4a-43fa-aee5-d17c75cabca1",
                            "viewer_certificate.0.cloudfront_default_certificate": "false",
                            "viewer_certificate.0.iam_certificate_id": "",
                            "viewer_certificate.0.minimum_protocol_version": "TLSv1.2_2019",
                            "viewer_certificate.0.ssl_support_method": "sni-only",
                            "web_acl_id": ""
                        },
                        "meta": {
                            "schema_version": 1
                        },
                        "tainted": false
                    },
                    "deposed": [],
                    "provider": "provider.aws"
                },
                "aws_cloudfront_distribution.tfer--E3CTPE4KWZEPXM": {
                    "type": "aws_cloudfront_distribution",
                    "depends_on": [],
                    "primary": {
                        "id": "E3CTPE4KWZEPXM",
                        "attributes": {
                            "aliases.#": "1",
                            "aliases.0": "staging.widget.palavyr.com",
                            "arn": "arn:aws:cloudfront::306885252482:distribution/E3CTPE4KWZEPXM",
                            "caller_reference": "1601011673723",
                            "comment": "staging widget front",
                            "custom_error_response.#": "0",
                            "default_cache_behavior.#": "1",
                            "default_cache_behavior.0.allowed_methods.#": "3",
                            "default_cache_behavior.0.allowed_methods.0": "GET",
                            "default_cache_behavior.0.allowed_methods.1": "HEAD",
                            "default_cache_behavior.0.allowed_methods.2": "OPTIONS",
                            "default_cache_behavior.0.cache_policy_id": "4135ea2d-6df8-44a3-9df3-4b5a84be39ad",
                            "default_cache_behavior.0.cached_methods.#": "2",
                            "default_cache_behavior.0.cached_methods.0": "GET",
                            "default_cache_behavior.0.cached_methods.1": "HEAD",
                            "default_cache_behavior.0.compress": "false",
                            "default_cache_behavior.0.default_ttl": "0",
                            "default_cache_behavior.0.field_level_encryption_id": "",
                            "default_cache_behavior.0.forwarded_values.#": "0",
                            "default_cache_behavior.0.function_association.#": "0",
                            "default_cache_behavior.0.lambda_function_association.#": "0",
                            "default_cache_behavior.0.max_ttl": "0",
                            "default_cache_behavior.0.min_ttl": "0",
                            "default_cache_behavior.0.origin_request_policy_id": "88a5eaf4-2fd4-4709-b370-b4c650ea3fcf",
                            "default_cache_behavior.0.realtime_log_config_arn": "",
                            "default_cache_behavior.0.response_headers_policy_id": "",
                            "default_cache_behavior.0.smooth_streaming": "false",
                            "default_cache_behavior.0.target_origin_id": "Staging widget ",
                            "default_cache_behavior.0.trusted_key_groups.#": "0",
                            "default_cache_behavior.0.trusted_signers.#": "0",
                            "default_cache_behavior.0.viewer_protocol_policy": "redirect-to-https",
                            "default_root_object": "index.html",
                            "domain_name": "dh2n7jmr2lrle.cloudfront.net",
                            "enabled": "true",
                            "etag": "E2Y95W2N7KZSV1",
                            "hosted_zone_id": "Z2FDTNDATAQYW2",
                            "http_version": "http2",
                            "id": "E3CTPE4KWZEPXM",
                            "in_progress_validation_batches": "0",
                            "is_ipv6_enabled": "true",
                            "last_modified_time": "2020-09-25 05:27:53.302 +0000 UTC",
                            "logging_config.#": "0",
                            "ordered_cache_behavior.#": "0",
                            "origin.#": "1",
                            "origin.0.connection_attempts": "3",
                            "origin.0.connection_timeout": "10",
                            "origin.0.custom_header.#": "0",
                            "origin.0.custom_origin_config.#": "1",
                            "origin.0.custom_origin_config.0.http_port": "80",
                            "origin.0.custom_origin_config.0.https_port": "443",
                            "origin.0.custom_origin_config.0.origin_keepalive_timeout": "5",
                            "origin.0.custom_origin_config.0.origin_protocol_policy": "http-only",
                            "origin.0.custom_origin_config.0.origin_read_timeout": "30",
                            "origin.0.custom_origin_config.0.origin_ssl_protocols.#": "3",
                            "origin.0.custom_origin_config.0.origin_ssl_protocols.0": "TLSv1",
                            "origin.0.custom_origin_config.0.origin_ssl_protocols.1": "TLSv1.1",
                            "origin.0.custom_origin_config.0.origin_ssl_protocols.2": "TLSv1.2",
                            "origin.0.domain_name": "staging.widget.palavyr.com.s3-website-us-east-1.amazonaws.com",
                            "origin.0.origin_id": "Staging widget ",
                            "origin.0.origin_path": "",
                            "origin.0.origin_shield.#": "0",
                            "origin.0.s3_origin_config.#": "0",
                            "price_class": "PriceClass_All",
                            "restrictions.#": "1",
                            "restrictions.0.geo_restriction.#": "1",
                            "restrictions.0.geo_restriction.0.locations.#": "0",
                            "restrictions.0.geo_restriction.0.restriction_type": "none",
                            "retain_on_delete": "false",
                            "status": "Deployed",
                            "tags.%": "0",
                            "tags_all.%": "0",
                            "trusted_key_groups.#": "1",
                            "trusted_key_groups.0.enabled": "false",
                            "trusted_key_groups.0.items.#": "0",
                            "trusted_signers.#": "1",
                            "trusted_signers.0.enabled": "false",
                            "trusted_signers.0.items.#": "0",
                            "viewer_certificate.#": "1",
                            "viewer_certificate.0.acm_certificate_arn": "arn:aws:acm:us-east-1:306885252482:certificate/2e5f5a9f-92e3-44a5-8856-fcfafbd61e4e",
                            "viewer_certificate.0.cloudfront_default_certificate": "false",
                            "viewer_certificate.0.iam_certificate_id": "",
                            "viewer_certificate.0.minimum_protocol_version": "TLSv1.2_2019",
                            "viewer_certificate.0.ssl_support_method": "sni-only",
                            "web_acl_id": ""
                        },
                        "meta": {
                            "schema_version": 1
                        },
                        "tainted": false
                    },
                    "deposed": [],
                    "provider": "provider.aws"
                },
                "aws_cloudfront_distribution.tfer--EGLTO43ZN66KW": {
                    "type": "aws_cloudfront_distribution",
                    "depends_on": [],
                    "primary": {
                        "id": "EGLTO43ZN66KW",
                        "attributes": {
                            "aliases.#": "2",
                            "aliases.0": "staging.app.palavyr.com",
                            "aliases.1": "www.staging.app.palavyr.com",
                            "arn": "arn:aws:cloudfront::306885252482:distribution/EGLTO43ZN66KW",
                            "caller_reference": "5c715ce2-4afe-4c72-b2cf-cc81421431d7",
                            "comment": "staging app palavyr . com",
                            "custom_error_response.#": "0",
                            "default_cache_behavior.#": "1",
                            "default_cache_behavior.0.allowed_methods.#": "2",
                            "default_cache_behavior.0.allowed_methods.0": "GET",
                            "default_cache_behavior.0.allowed_methods.1": "HEAD",
                            "default_cache_behavior.0.cache_policy_id": "658327ea-f89d-4fab-a63d-7e88639e58f6",
                            "default_cache_behavior.0.cached_methods.#": "2",
                            "default_cache_behavior.0.cached_methods.0": "GET",
                            "default_cache_behavior.0.cached_methods.1": "HEAD",
                            "default_cache_behavior.0.compress": "true",
                            "default_cache_behavior.0.default_ttl": "0",
                            "default_cache_behavior.0.field_level_encryption_id": "",
                            "default_cache_behavior.0.forwarded_values.#": "0",
                            "default_cache_behavior.0.function_association.#": "0",
                            "default_cache_behavior.0.lambda_function_association.#": "0",
                            "default_cache_behavior.0.max_ttl": "0",
                            "default_cache_behavior.0.min_ttl": "0",
                            "default_cache_behavior.0.origin_request_policy_id": "",
                            "default_cache_behavior.0.realtime_log_config_arn": "",
                            "default_cache_behavior.0.response_headers_policy_id": "",
                            "default_cache_behavior.0.smooth_streaming": "false",
                            "default_cache_behavior.0.target_origin_id": "www.staging.palavyr.com.s3.us-east-1.amazonaws.com",
                            "default_cache_behavior.0.trusted_key_groups.#": "0",
                            "default_cache_behavior.0.trusted_signers.#": "0",
                            "default_cache_behavior.0.viewer_protocol_policy": "allow-all",
                            "default_root_object": "index.html",
                            "domain_name": "d9uue0l9suq2f.cloudfront.net",
                            "enabled": "true",
                            "etag": "E3ACKKV0HOIEJW",
                            "hosted_zone_id": "Z2FDTNDATAQYW2",
                            "http_version": "http2",
                            "id": "EGLTO43ZN66KW",
                            "in_progress_validation_batches": "0",
                            "is_ipv6_enabled": "true",
                            "last_modified_time": "2022-01-11 07:55:55.306 +0000 UTC",
                            "logging_config.#": "0",
                            "ordered_cache_behavior.#": "0",
                            "origin.#": "1",
                            "origin.0.connection_attempts": "3",
                            "origin.0.connection_timeout": "10",
                            "origin.0.custom_header.#": "0",
                            "origin.0.custom_origin_config.#": "0",
                            "origin.0.domain_name": "staging.palavyr.com.s3.us-east-1.amazonaws.com",
                            "origin.0.origin_id": "www.staging.palavyr.com.s3.us-east-1.amazonaws.com",
                            "origin.0.origin_path": "",
                            "origin.0.origin_shield.#": "0",
                            "origin.0.s3_origin_config.#": "0",
                            "price_class": "PriceClass_All",
                            "restrictions.#": "1",
                            "restrictions.0.geo_restriction.#": "1",
                            "restrictions.0.geo_restriction.0.locations.#": "0",
                            "restrictions.0.geo_restriction.0.restriction_type": "none",
                            "retain_on_delete": "false",
                            "status": "Deployed",
                            "tags.%": "0",
                            "tags_all.%": "0",
                            "trusted_key_groups.#": "1",
                            "trusted_key_groups.0.enabled": "false",
                            "trusted_key_groups.0.items.#": "0",
                            "trusted_signers.#": "1",
                            "trusted_signers.0.enabled": "false",
                            "trusted_signers.0.items.#": "0",
                            "viewer_certificate.#": "1",
                            "viewer_certificate.0.acm_certificate_arn": "arn:aws:acm:us-east-1:306885252482:certificate/75aa80d1-4cfb-42c8-9bc6-97beebb997da",
                            "viewer_certificate.0.cloudfront_default_certificate": "false",
                            "viewer_certificate.0.iam_certificate_id": "",
                            "viewer_certificate.0.minimum_protocol_version": "TLSv1.2_2021",
                            "viewer_certificate.0.ssl_support_method": "sni-only",
                            "web_acl_id": ""
                        },
                        "meta": {
                            "schema_version": 1
                        },
                        "tainted": false
                    },
                    "deposed": [],
                    "provider": "provider.aws"
                },
                "aws_cloudtrail.tfer--SES-002D-palavyr": {
                    "type": "aws_cloudtrail",
                    "depends_on": [],
                    "primary": {
                        "id": "SES-palavyr",
                        "attributes": {
                            "arn": "arn:aws:cloudtrail:us-east-1:306885252482:trail/SES-palavyr",
                            "cloud_watch_logs_group_arn": "",
                            "cloud_watch_logs_role_arn": "",
                            "enable_log_file_validation": "false",
                            "enable_logging": "true",
                            "home_region": "us-east-1",
                            "id": "SES-palavyr",
                            "include_global_service_events": "true",
                            "is_multi_region_trail": "true",
                            "is_organization_trail": "false",
                            "kms_key_id": "",
                            "name": "SES-palavyr",
                            "s3_bucket_name": "aws-cloudtrail-logs-306885252482-eeb5c23b",
                            "s3_key_prefix": "",
                            "sns_topic_name": "",
                            "tags.%": "0",
                            "tags_all.%": "0"
                        },
                        "meta": {
                            "schema_version": 0
                        },
                        "tainted": false
                    },
                    "deposed": [],
                    "provider": "provider.aws"
                },
                "aws_iam_group.tfer--PalavyrServices": {
                    "type": "aws_iam_group",
                    "depends_on": [],
                    "primary": {
                        "id": "PalavyrServices",
                        "attributes": {
                            "arn": "arn:aws:iam::306885252482:group/PalavyrServices",
                            "id": "PalavyrServices",
                            "name": "PalavyrServices",
                            "path": "/",
                            "unique_id": "AGPAUO46JKWBLJV7RTOIH"
                        },
                        "meta": {
                            "schema_version": 0
                        },
                        "tainted": false
                    },
                    "deposed": [],
                    "provider": "provider.aws"
                },
                "aws_iam_group.tfer--Work": {
                    "type": "aws_iam_group",
                    "depends_on": [],
                    "primary": {
                        "id": "Work",
                        "attributes": {
                            "arn": "arn:aws:iam::306885252482:group/Work",
                            "id": "Work",
                            "name": "Work",
                            "path": "/",
                            "unique_id": "AGPAJC6RX7KGFAYNTY6F6"
                        },
                        "meta": {
                            "schema_version": 0
                        },
                        "tainted": false
                    },
                    "deposed": [],
                    "provider": "provider.aws"
                },
                "aws_iam_group_policy_attachment.tfer--PalavyrServices_AmazonS3FullAccess": {
                    "type": "aws_iam_group_policy_attachment",
                    "depends_on": [],
                    "primary": {
                        "id": "PalavyrServices/arn:aws:iam::aws:policy/AmazonS3FullAccess",
                        "attributes": {
                            "group": "PalavyrServices",
                            "id": "PalavyrServices/arn:aws:iam::aws:policy/AmazonS3FullAccess",
                            "policy_arn": "arn:aws:iam::aws:policy/AmazonS3FullAccess"
                        },
                        "meta": {
                            "schema_version": 0
                        },
                        "tainted": false
                    },
                    "deposed": [],
                    "provider": "provider.aws"
                },
                "aws_iam_group_policy_attachment.tfer--PalavyrServices_AmazonSESFullAccess": {
                    "type": "aws_iam_group_policy_attachment",
                    "depends_on": [],
                    "primary": {
                        "id": "PalavyrServices/arn:aws:iam::aws:policy/AmazonSESFullAccess",
                        "attributes": {
                            "group": "PalavyrServices",
                            "id": "PalavyrServices/arn:aws:iam::aws:policy/AmazonSESFullAccess",
                            "policy_arn": "arn:aws:iam::aws:policy/AmazonSESFullAccess"
                        },
                        "meta": {
                            "schema_version": 0
                        },
                        "tainted": false
                    },
                    "deposed": [],
                    "provider": "provider.aws"
                },
                "aws_iam_group_policy_attachment.tfer--Work_Billing": {
                    "type": "aws_iam_group_policy_attachment",
                    "depends_on": [],
                    "primary": {
                        "id": "Work/arn:aws:iam::aws:policy/job-function/Billing",
                        "attributes": {
                            "group": "Work",
                            "id": "Work/arn:aws:iam::aws:policy/job-function/Billing",
                            "policy_arn": "arn:aws:iam::aws:policy/job-function/Billing"
                        },
                        "meta": {
                            "schema_version": 0
                        },
                        "tainted": false
                    },
                    "deposed": [],
                    "provider": "provider.aws"
                },
                "aws_iam_group_policy_attachment.tfer--Work_DataScientist": {
                    "type": "aws_iam_group_policy_attachment",
                    "depends_on": [],
                    "primary": {
                        "id": "Work/arn:aws:iam::aws:policy/job-function/DataScientist",
                        "attributes": {
                            "group": "Work",
                            "id": "Work/arn:aws:iam::aws:policy/job-function/DataScientist",
                            "policy_arn": "arn:aws:iam::aws:policy/job-function/DataScientist"
                        },
                        "meta": {
                            "schema_version": 0
                        },
                        "tainted": false
                    },
                    "deposed": [],
                    "provider": "provider.aws"
                },
                "aws_iam_group_policy_attachment.tfer--Work_DatabaseAdministrator": {
                    "type": "aws_iam_group_policy_attachment",
                    "depends_on": [],
                    "primary": {
                        "id": "Work/arn:aws:iam::aws:policy/job-function/DatabaseAdministrator",
                        "attributes": {
                            "group": "Work",
                            "id": "Work/arn:aws:iam::aws:policy/job-function/DatabaseAdministrator",
                            "policy_arn": "arn:aws:iam::aws:policy/job-function/DatabaseAdministrator"
                        },
                        "meta": {
                            "schema_version": 0
                        },
                        "tainted": false
                    },
                    "deposed": [],
                    "provider": "provider.aws"
                },
                "aws_iam_group_policy_attachment.tfer--Work_NetworkAdministrator": {
                    "type": "aws_iam_group_policy_attachment",
                    "depends_on": [],
                    "primary": {
                        "id": "Work/arn:aws:iam::aws:policy/job-function/NetworkAdministrator",
                        "attributes": {
                            "group": "Work",
                            "id": "Work/arn:aws:iam::aws:policy/job-function/NetworkAdministrator",
                            "policy_arn": "arn:aws:iam::aws:policy/job-function/NetworkAdministrator"
                        },
                        "meta": {
                            "schema_version": 0
                        },
                        "tainted": false
                    },
                    "deposed": [],
                    "provider": "provider.aws"
                },
                "aws_iam_group_policy_attachment.tfer--Work_PowerUserAccess": {
                    "type": "aws_iam_group_policy_attachment",
                    "depends_on": [],
                    "primary": {
                        "id": "Work/arn:aws:iam::aws:policy/PowerUserAccess",
                        "attributes": {
                            "group": "Work",
                            "id": "Work/arn:aws:iam::aws:policy/PowerUserAccess",
                            "policy_arn": "arn:aws:iam::aws:policy/PowerUserAccess"
                        },
                        "meta": {
                            "schema_version": 0
                        },
                        "tainted": false
                    },
                    "deposed": [],
                    "provider": "provider.aws"
                },
                "aws_iam_group_policy_attachment.tfer--Work_SecurityAudit": {
                    "type": "aws_iam_group_policy_attachment",
                    "depends_on": [],
                    "primary": {
                        "id": "Work/arn:aws:iam::aws:policy/SecurityAudit",
                        "attributes": {
                            "group": "Work",
                            "id": "Work/arn:aws:iam::aws:policy/SecurityAudit",
                            "policy_arn": "arn:aws:iam::aws:policy/SecurityAudit"
                        },
                        "meta": {
                            "schema_version": 0
                        },
                        "tainted": false
                    },
                    "deposed": [],
                    "provider": "provider.aws"
                },
                "aws_iam_group_policy_attachment.tfer--Work_SupportUser": {
                    "type": "aws_iam_group_policy_attachment",
                    "depends_on": [],
                    "primary": {
                        "id": "Work/arn:aws:iam::aws:policy/job-function/SupportUser",
                        "attributes": {
                            "group": "Work",
                            "id": "Work/arn:aws:iam::aws:policy/job-function/SupportUser",
                            "policy_arn": "arn:aws:iam::aws:policy/job-function/SupportUser"
                        },
                        "meta": {
                            "schema_version": 0
                        },
                        "tainted": false
                    },
                    "deposed": [],
                    "provider": "provider.aws"
                },
                "aws_iam_group_policy_attachment.tfer--Work_SystemAdministrator": {
                    "type": "aws_iam_group_policy_attachment",
                    "depends_on": [],
                    "primary": {
                        "id": "Work/arn:aws:iam::aws:policy/job-function/SystemAdministrator",
                        "attributes": {
                            "group": "Work",
                            "id": "Work/arn:aws:iam::aws:policy/job-function/SystemAdministrator",
                            "policy_arn": "arn:aws:iam::aws:policy/job-function/SystemAdministrator"
                        },
                        "meta": {
                            "schema_version": 0
                        },
                        "tainted": false
                    },
                    "deposed": [],
                    "provider": "provider.aws"
                },
                "aws_iam_group_policy_attachment.tfer--Work_ViewOnlyAccess": {
                    "type": "aws_iam_group_policy_attachment",
                    "depends_on": [],
                    "primary": {
                        "id": "Work/arn:aws:iam::aws:policy/job-function/ViewOnlyAccess",
                        "attributes": {
                            "group": "Work",
                            "id": "Work/arn:aws:iam::aws:policy/job-function/ViewOnlyAccess",
                            "policy_arn": "arn:aws:iam::aws:policy/job-function/ViewOnlyAccess"
                        },
                        "meta": {
                            "schema_version": 0
                        },
                        "tainted": false
                    },
                    "deposed": [],
                    "provider": "provider.aws"
                },
                "aws_iam_policy.tfer--AWSLambdaBasicExecutionRole-002D-0b00a921-002D-6c7b-002D-422c-002D-ae4b-002D-214e1a9d625e": {
                    "type": "aws_iam_policy",
                    "depends_on": [],
                    "primary": {
                        "id": "arn:aws:iam::306885252482:policy/service-role/AWSLambdaBasicExecutionRole-0b00a921-6c7b-422c-ae4b-214e1a9d625e",
                        "attributes": {
                            "arn": "arn:aws:iam::306885252482:policy/service-role/AWSLambdaBasicExecutionRole-0b00a921-6c7b-422c-ae4b-214e1a9d625e",
                            "description": "",
                            "id": "arn:aws:iam::306885252482:policy/service-role/AWSLambdaBasicExecutionRole-0b00a921-6c7b-422c-ae4b-214e1a9d625e",
                            "name": "AWSLambdaBasicExecutionRole-0b00a921-6c7b-422c-ae4b-214e1a9d625e",
                            "path": "/service-role/",
                            "policy": "{\"Statement\":[{\"Action\":\"logs:CreateLogGroup\",\"Effect\":\"Allow\",\"Resource\":\"arn:aws:logs:eu-west-2:306885252482:*\"},{\"Action\":[\"logs:CreateLogStream\",\"logs:PutLogEvents\"],\"Effect\":\"Allow\",\"Resource\":[\"arn:aws:logs:eu-west-2:306885252482:log-group:/aws/lambda/JadeAPILambda:*\"]}],\"Version\":\"2012-10-17\"}",
                            "policy_id": "ANPAUO46JKWBLPMAWLPE4",
                            "tags.%": "0",
                            "tags_all.%": "0"
                        },
                        "meta": {
                            "schema_version": 0
                        },
                        "tainted": false
                    },
                    "deposed": [],
                    "provider": "provider.aws"
                },
                "aws_iam_policy.tfer--AWSLambdaBasicExecutionRole-002D-0d2e2ad8-002D-8e73-002D-4315-002D-aca1-002D-3ccbfeaf39c5": {
                    "type": "aws_iam_policy",
                    "depends_on": [],
                    "primary": {
                        "id": "arn:aws:iam::306885252482:policy/service-role/AWSLambdaBasicExecutionRole-0d2e2ad8-8e73-4315-aca1-3ccbfeaf39c5",
                        "attributes": {
                            "arn": "arn:aws:iam::306885252482:policy/service-role/AWSLambdaBasicExecutionRole-0d2e2ad8-8e73-4315-aca1-3ccbfeaf39c5",
                            "description": "",
                            "id": "arn:aws:iam::306885252482:policy/service-role/AWSLambdaBasicExecutionRole-0d2e2ad8-8e73-4315-aca1-3ccbfeaf39c5",
                            "name": "AWSLambdaBasicExecutionRole-0d2e2ad8-8e73-4315-aca1-3ccbfeaf39c5",
                            "path": "/service-role/",
                            "policy": "{\"Statement\":[{\"Action\":\"logs:CreateLogGroup\",\"Effect\":\"Allow\",\"Resource\":\"arn:aws:logs:us-east-2:306885252482:*\"},{\"Action\":[\"logs:CreateLogStream\",\"logs:PutLogEvents\"],\"Effect\":\"Allow\",\"Resource\":[\"arn:aws:logs:us-east-2:306885252482:log-group:/aws/lambda/GetStartedLambdaProxyIntegration:*\"]}],\"Version\":\"2012-10-17\"}",
                            "policy_id": "ANPAUO46JKWBG7BCDGQX6",
                            "tags.%": "0",
                            "tags_all.%": "0"
                        },
                        "meta": {
                            "schema_version": 0
                        },
                        "tainted": false
                    },
                    "deposed": [],
                    "provider": "provider.aws"
                },
                "aws_iam_policy.tfer--AWSLambdaBasicExecutionRole-002D-7b689fce-002D-d9ff-002D-4995-002D-8a32-002D-7aae7315d4ef": {
                    "type": "aws_iam_policy",
                    "depends_on": [],
                    "primary": {
                        "id": "arn:aws:iam::306885252482:policy/service-role/AWSLambdaBasicExecutionRole-7b689fce-d9ff-4995-8a32-7aae7315d4ef",
                        "attributes": {
                            "arn": "arn:aws:iam::306885252482:policy/service-role/AWSLambdaBasicExecutionRole-7b689fce-d9ff-4995-8a32-7aae7315d4ef",
                            "description": "",
                            "id": "arn:aws:iam::306885252482:policy/service-role/AWSLambdaBasicExecutionRole-7b689fce-d9ff-4995-8a32-7aae7315d4ef",
                            "name": "AWSLambdaBasicExecutionRole-7b689fce-d9ff-4995-8a32-7aae7315d4ef",
                            "path": "/service-role/",
                            "policy": "{\"Statement\":[{\"Action\":\"logs:CreateLogGroup\",\"Effect\":\"Allow\",\"Resource\":\"arn:aws:logs:us-east-1:306885252482:*\"},{\"Action\":[\"logs:CreateLogStream\",\"logs:PutLogEvents\"],\"Effect\":\"Allow\",\"Resource\":[\"arn:aws:logs:us-east-1:306885252482:log-group:/aws/lambda/PalavyrServerlessProduction:*\"]}],\"Version\":\"2012-10-17\"}",
                            "policy_id": "ANPAUO46JKWBMM766UKGG",
                            "tags.%": "0",
                            "tags_all.%": "0"
                        },
                        "meta": {
                            "schema_version": 0
                        },
                        "tainted": false
                    },
                    "deposed": [],
                    "provider": "provider.aws"
                },
                "aws_iam_policy.tfer--AWSLambdaBasicExecutionRole-002D-8132b576-002D-7495-002D-429a-002D-8cfc-002D-6bd89f83ce10": {
                    "type": "aws_iam_policy",
                    "depends_on": [],
                    "primary": {
                        "id": "arn:aws:iam::306885252482:policy/service-role/AWSLambdaBasicExecutionRole-8132b576-7495-429a-8cfc-6bd89f83ce10",
                        "attributes": {
                            "arn": "arn:aws:iam::306885252482:policy/service-role/AWSLambdaBasicExecutionRole-8132b576-7495-429a-8cfc-6bd89f83ce10",
                            "description": "",
                            "id": "arn:aws:iam::306885252482:policy/service-role/AWSLambdaBasicExecutionRole-8132b576-7495-429a-8cfc-6bd89f83ce10",
                            "name": "AWSLambdaBasicExecutionRole-8132b576-7495-429a-8cfc-6bd89f83ce10",
                            "path": "/service-role/",
                            "policy": "{\"Statement\":[{\"Action\":[\"logs:CreateLogStream\",\"logs:PutLogEvents\"],\"Effect\":\"Allow\",\"Resource\":[\"arn:aws:s3:::*/*\",\"arn:aws:dynamodb:::*/*\"],\"Sid\":\"VisualEditor0\"},{\"Action\":[\"s3:*\",\"apigateway:*\",\"dynamodb:*\",\"lex:*\"],\"Effect\":\"Allow\",\"Resource\":\"*\",\"Sid\":\"VisualEditor1\"},{\"Action\":\"ses:*\",\"Effect\":\"Allow\",\"Resource\":[\"arn:aws:s3:::*/*\",\"arn:aws:dynamodb:::*/*\"],\"Sid\":\"VisualEditor2\"},{\"Action\":\"ses:*\",\"Effect\":\"Allow\",\"Resource\":[\"arn:aws:s3:::*/*\",\"arn:aws:dynamodb:::*/*\"],\"Sid\":\"VisualEditor3\"},{\"Action\":\"logs:CreateLogGroup\",\"Effect\":\"Allow\",\"Resource\":[\"arn:aws:s3:::*/*\",\"arn:aws:dynamodb:::*/*\"],\"Sid\":\"VisualEditor4\"}],\"Version\":\"2012-10-17\"}",
                            "policy_id": "ANPAIFECLUKTME4ZGDZHE",
                            "tags.%": "0",
                            "tags_all.%": "0"
                        },
                        "meta": {
                            "schema_version": 0
                        },
                        "tainted": false
                    },
                    "deposed": [],
                    "provider": "provider.aws"
                },
                "aws_iam_policy.tfer--AWSLambdaBasicExecutionRole-002D-9095598c-002D-f416-002D-4da4-002D-b440-002D-35d2d8dab7fe": {
                    "type": "aws_iam_policy",
                    "depends_on": [],
                    "primary": {
                        "id": "arn:aws:iam::306885252482:policy/service-role/AWSLambdaBasicExecutionRole-9095598c-f416-4da4-b440-35d2d8dab7fe",
                        "attributes": {
                            "arn": "arn:aws:iam::306885252482:policy/service-role/AWSLambdaBasicExecutionRole-9095598c-f416-4da4-b440-35d2d8dab7fe",
                            "description": "",
                            "id": "arn:aws:iam::306885252482:policy/service-role/AWSLambdaBasicExecutionRole-9095598c-f416-4da4-b440-35d2d8dab7fe",
                            "name": "AWSLambdaBasicExecutionRole-9095598c-f416-4da4-b440-35d2d8dab7fe",
                            "path": "/service-role/",
                            "policy": "{\"Statement\":[{\"Action\":\"logs:CreateLogGroup\",\"Effect\":\"Allow\",\"Resource\":\"arn:aws:logs:us-east-1:306885252482:*\"},{\"Action\":[\"logs:CreateLogStream\",\"logs:PutLogEvents\"],\"Effect\":\"Allow\",\"Resource\":[\"arn:aws:logs:us-east-1:306885252482:log-group:/aws/lambda/StagingServerLambda:*\"]}],\"Version\":\"2012-10-17\"}",
                            "policy_id": "ANPAUO46JKWBBH45N27TN",
                            "tags.%": "0",
                            "tags_all.%": "0"
                        },
                        "meta": {
                            "schema_version": 0
                        },
                        "tainted": false
                    },
                    "deposed": [],
                    "provider": "provider.aws"
                },
                "aws_iam_policy.tfer--AWSLambdaBasicExecutionRole-002D-99d6b2b1-002D-6fd3-002D-4a48-002D-b6eb-002D-944e26a195c8": {
                    "type": "aws_iam_policy",
                    "depends_on": [],
                    "primary": {
                        "id": "arn:aws:iam::306885252482:policy/service-role/AWSLambdaBasicExecutionRole-99d6b2b1-6fd3-4a48-b6eb-944e26a195c8",
                        "attributes": {
                            "arn": "arn:aws:iam::306885252482:policy/service-role/AWSLambdaBasicExecutionRole-99d6b2b1-6fd3-4a48-b6eb-944e26a195c8",
                            "description": "",
                            "id": "arn:aws:iam::306885252482:policy/service-role/AWSLambdaBasicExecutionRole-99d6b2b1-6fd3-4a48-b6eb-944e26a195c8",
                            "name": "AWSLambdaBasicExecutionRole-99d6b2b1-6fd3-4a48-b6eb-944e26a195c8",
                            "path": "/service-role/",
                            "policy": "{\"Statement\":[{\"Action\":\"logs:CreateLogGroup\",\"Effect\":\"Allow\",\"Resource\":\"arn:aws:logs:us-west-2:306885252482:*\"},{\"Action\":[\"logs:CreateLogStream\",\"logs:PutLogEvents\"],\"Effect\":\"Allow\",\"Resource\":[\"arn:aws:logs:us-west-2:306885252482:log-group:/aws/lambda/solegal_response_validation:*\"]}],\"Version\":\"2012-10-17\"}",
                            "policy_id": "ANPAIZINGIMQNTQCZSJFO",
                            "tags.%": "0",
                            "tags_all.%": "0"
                        },
                        "meta": {
                            "schema_version": 0
                        },
                        "tainted": false
                    },
                    "deposed": [],
                    "provider": "provider.aws"
                },
                "aws_iam_policy.tfer--AWSLambdaBasicExecutionRole-002D-cbaf6ace-002D-5d98-002D-4a76-002D-a68c-002D-4d138ea54dc8": {
                    "type": "aws_iam_policy",
                    "depends_on": [],
                    "primary": {
                        "id": "arn:aws:iam::306885252482:policy/service-role/AWSLambdaBasicExecutionRole-cbaf6ace-5d98-4a76-a68c-4d138ea54dc8",
                        "attributes": {
                            "arn": "arn:aws:iam::306885252482:policy/service-role/AWSLambdaBasicExecutionRole-cbaf6ace-5d98-4a76-a68c-4d138ea54dc8",
                            "description": "",
                            "id": "arn:aws:iam::306885252482:policy/service-role/AWSLambdaBasicExecutionRole-cbaf6ace-5d98-4a76-a68c-4d138ea54dc8",
                            "name": "AWSLambdaBasicExecutionRole-cbaf6ace-5d98-4a76-a68c-4d138ea54dc8",
                            "path": "/service-role/",
                            "policy": "{\"Statement\":[{\"Action\":\"logs:CreateLogGroup\",\"Effect\":\"Allow\",\"Resource\":\"arn:aws:logs:us-west-2:306885252482:*\"},{\"Action\":[\"logs:CreateLogStream\",\"logs:PutLogEvents\"],\"Effect\":\"Allow\",\"Resource\":[\"arn:aws:logs:us-west-2:306885252482:log-group:/aws/lambda/JadeAppUserAuthentication:*\"]}],\"Version\":\"2012-10-17\"}",
                            "policy_id": "ANPAUO46JKWBAQBE57LPS",
                            "tags.%": "0",
                            "tags_all.%": "0"
                        },
                        "meta": {
                            "schema_version": 0
                        },
                        "tainted": false
                    },
                    "deposed": [],
                    "provider": "provider.aws"
                },
                "aws_iam_policy.tfer--AWSLambdaBasicExecutionRole-002D-cc66e372-002D-3c83-002D-4a3d-002D-ad67-002D-4be96464cded": {
                    "type": "aws_iam_policy",
                    "depends_on": [],
                    "primary": {
                        "id": "arn:aws:iam::306885252482:policy/service-role/AWSLambdaBasicExecutionRole-cc66e372-3c83-4a3d-ad67-4be96464cded",
                        "attributes": {
                            "arn": "arn:aws:iam::306885252482:policy/service-role/AWSLambdaBasicExecutionRole-cc66e372-3c83-4a3d-ad67-4be96464cded",
                            "description": "",
                            "id": "arn:aws:iam::306885252482:policy/service-role/AWSLambdaBasicExecutionRole-cc66e372-3c83-4a3d-ad67-4be96464cded",
                            "name": "AWSLambdaBasicExecutionRole-cc66e372-3c83-4a3d-ad67-4be96464cded",
                            "path": "/service-role/",
                            "policy": "{\"Statement\":[{\"Action\":\"logs:CreateLogGroup\",\"Effect\":\"Allow\",\"Resource\":\"arn:aws:logs:us-east-1:306885252482:*\"},{\"Action\":[\"logs:CreateLogStream\",\"logs:PutLogEvents\"],\"Effect\":\"Allow\",\"Resource\":[\"arn:aws:logs:us-east-1:306885252482:log-group:/aws/lambda/TestFunctionDOTNET:*\"]}],\"Version\":\"2012-10-17\"}",
                            "policy_id": "ANPAUO46JKWBGTKZIQFOQ",
                            "tags.%": "0",
                            "tags_all.%": "0"
                        },
                        "meta": {
                            "schema_version": 0
                        },
                        "tainted": false
                    },
                    "deposed": [],
                    "provider": "provider.aws"
                },
                "aws_iam_policy.tfer--AWSLambdaBasicExecutionRole-002D-e9da4874-002D-f40f-002D-45e2-002D-be32-002D-89904f85dafb": {
                    "type": "aws_iam_policy",
                    "depends_on": [],
                    "primary": {
                        "id": "arn:aws:iam::306885252482:policy/service-role/AWSLambdaBasicExecutionRole-e9da4874-f40f-45e2-be32-89904f85dafb",
                        "attributes": {
                            "arn": "arn:aws:iam::306885252482:policy/service-role/AWSLambdaBasicExecutionRole-e9da4874-f40f-45e2-be32-89904f85dafb",
                            "description": "",
                            "id": "arn:aws:iam::306885252482:policy/service-role/AWSLambdaBasicExecutionRole-e9da4874-f40f-45e2-be32-89904f85dafb",
                            "name": "AWSLambdaBasicExecutionRole-e9da4874-f40f-45e2-be32-89904f85dafb",
                            "path": "/service-role/",
                            "policy": "{\"Statement\":[{\"Action\":[\"s3:ListAllMyBuckets\",\"s3:GetBucketLocation\"],\"Effect\":\"Allow\",\"Resource\":\"*\"},{\"Action\":\"s3:*\",\"Effect\":\"Allow\",\"Resource\":[\"arn:aws:s3:::jade-app-staging/*\"]}],\"Version\":\"2012-10-17\"}",
                            "policy_id": "ANPAISYLK2USLPFEOFZSI",
                            "tags.%": "0",
                            "tags_all.%": "0"
                        },
                        "meta": {
                            "schema_version": 0
                        },
                        "tainted": false
                    },
                    "deposed": [],
                    "provider": "provider.aws"
                },
                "aws_iam_policy.tfer--AWSLambdaEdgeExecutionRole-002D-2efd2483-002D-8c17-002D-4b47-002D-81b5-002D-c2cbe15d3584": {
                    "type": "aws_iam_policy",
                    "depends_on": [],
                    "primary": {
                        "id": "arn:aws:iam::306885252482:policy/service-role/AWSLambdaEdgeExecutionRole-2efd2483-8c17-4b47-81b5-c2cbe15d3584",
                        "attributes": {
                            "arn": "arn:aws:iam::306885252482:policy/service-role/AWSLambdaEdgeExecutionRole-2efd2483-8c17-4b47-81b5-c2cbe15d3584",
                            "description": "",
                            "id": "arn:aws:iam::306885252482:policy/service-role/AWSLambdaEdgeExecutionRole-2efd2483-8c17-4b47-81b5-c2cbe15d3584",
                            "name": "AWSLambdaEdgeExecutionRole-2efd2483-8c17-4b47-81b5-c2cbe15d3584",
                            "path": "/service-role/",
                            "policy": "{\"Statement\":[{\"Action\":[\"logs:CreateLogGroup\",\"logs:CreateLogStream\",\"logs:PutLogEvents\"],\"Effect\":\"Allow\",\"Resource\":[\"arn:aws:logs:*:*:*\"]}],\"Version\":\"2012-10-17\"}",
                            "policy_id": "ANPAI5H3FOJVVVVJXFWJC",
                            "tags.%": "0",
                            "tags_all.%": "0"
                        },
                        "meta": {
                            "schema_version": 0
                        },
                        "tainted": false
                    },
                    "deposed": [],
                    "provider": "provider.aws"
                },
                "aws_iam_policy.tfer--AWSLambdaSESExecutionRole-002D-780b1287-002D-da95-002D-416e-002D-9475-002D-38d9ff947cdf": {
                    "type": "aws_iam_policy",
                    "depends_on": [],
                    "primary": {
                        "id": "arn:aws:iam::306885252482:policy/service-role/AWSLambdaSESExecutionRole-780b1287-da95-416e-9475-38d9ff947cdf",
                        "attributes": {
                            "arn": "arn:aws:iam::306885252482:policy/service-role/AWSLambdaSESExecutionRole-780b1287-da95-416e-9475-38d9ff947cdf",
                            "description": "",
                            "id": "arn:aws:iam::306885252482:policy/service-role/AWSLambdaSESExecutionRole-780b1287-da95-416e-9475-38d9ff947cdf",
                            "name": "AWSLambdaSESExecutionRole-780b1287-da95-416e-9475-38d9ff947cdf",
                            "path": "/service-role/",
                            "policy": "{\"Statement\":[{\"Action\":[\"ses:SendBounce\"],\"Effect\":\"Allow\",\"Resource\":\"*\"}],\"Version\":\"2012-10-17\"}",
                            "policy_id": "ANPAJAGQRDJ2CXWMLHBPO",
                            "tags.%": "0",
                            "tags_all.%": "0"
                        },
                        "meta": {
                            "schema_version": 0
                        },
                        "tainted": false
                    },
                    "deposed": [],
                    "provider": "provider.aws"
                },
                "aws_iam_policy.tfer--AWSLambdaTracerAccessExecutionRole-002D-319dcf7f-002D-9a4c-002D-4dff-002D-b051-002D-0d76917eda3a": {
                    "type": "aws_iam_policy",
                    "depends_on": [],
                    "primary": {
                        "id": "arn:aws:iam::306885252482:policy/service-role/AWSLambdaTracerAccessExecutionRole-319dcf7f-9a4c-4dff-b051-0d76917eda3a",
                        "attributes": {
                            "arn": "arn:aws:iam::306885252482:policy/service-role/AWSLambdaTracerAccessExecutionRole-319dcf7f-9a4c-4dff-b051-0d76917eda3a",
                            "description": "",
                            "id": "arn:aws:iam::306885252482:policy/service-role/AWSLambdaTracerAccessExecutionRole-319dcf7f-9a4c-4dff-b051-0d76917eda3a",
                            "name": "AWSLambdaTracerAccessExecutionRole-319dcf7f-9a4c-4dff-b051-0d76917eda3a",
                            "path": "/service-role/",
                            "policy": "{\"Statement\":{\"Action\":[\"xray:PutTraceSegments\",\"xray:PutTelemetryRecords\"],\"Effect\":\"Allow\",\"Resource\":[\"*\"]},\"Version\":\"2012-10-17\"}",
                            "policy_id": "ANPAUO46JKWBHFRCJWPFY",
                            "tags.%": "0",
                            "tags_all.%": "0"
                        },
                        "meta": {
                            "schema_version": 0
                        },
                        "tainted": false
                    },
                    "deposed": [],
                    "provider": "provider.aws"
                },
                "aws_iam_policy.tfer--JadeAppMasterPolicy": {
                    "type": "aws_iam_policy",
                    "depends_on": [],
                    "primary": {
                        "id": "arn:aws:iam::306885252482:policy/JadeAppMasterPolicy",
                        "attributes": {
                            "arn": "arn:aws:iam::306885252482:policy/JadeAppMasterPolicy",
                            "description": "The master policy used by TheJadeBot",
                            "id": "arn:aws:iam::306885252482:policy/JadeAppMasterPolicy",
                            "name": "JadeAppMasterPolicy",
                            "path": "/",
                            "policy": "{\"Statement\":[{\"Action\":[\"apigateway:*\",\"s3:*\",\"logs:*\",\"dynamodb:*\",\"lex:*\"],\"Effect\":\"Allow\",\"Resource\":\"*\",\"Sid\":\"VisualEditor0\"},{\"Action\":\"ses:*\",\"Effect\":\"Allow\",\"Resource\":\"*\",\"Sid\":\"VisualEditor1\"},{\"Action\":\"ses:*\",\"Effect\":\"Allow\",\"Resource\":\"*\",\"Sid\":\"VisualEditor2\"}],\"Version\":\"2012-10-17\"}",
                            "policy_id": "ANPAUO46JKWBF6SEUBKZH",
                            "tags.%": "0",
                            "tags_all.%": "0"
                        },
                        "meta": {
                            "schema_version": 0
                        },
                        "tainted": false
                    },
                    "deposed": [],
                    "provider": "provider.aws"
                },
                "aws_iam_policy.tfer--Palavyr-002D-AccessControl": {
                    "type": "aws_iam_policy",
                    "depends_on": [],
                    "primary": {
                        "id": "arn:aws:iam::306885252482:policy/Palavyr-AccessControl",
                        "attributes": {
                            "arn": "arn:aws:iam::306885252482:policy/Palavyr-AccessControl",
                            "description": "The access policies for each of the services used by Palavyr.",
                            "id": "arn:aws:iam::306885252482:policy/Palavyr-AccessControl",
                            "name": "Palavyr-AccessControl",
                            "path": "/",
                            "policy": "{\"Statement\":[{\"Action\":[\"execute-api:*\",\"rds:*\",\"apigateway:*\",\"s3:*\",\"ses:*\",\"cloudwatch:*\",\"logs:*\",\"rds-data:*\",\"lambda:*\",\"ec2:*\"],\"Effect\":\"Allow\",\"Resource\":\"*\",\"Sid\":\"VisualEditor0\"}],\"Version\":\"2012-10-17\"}",
                            "policy_id": "ANPAUO46JKWBJZCPH6DMM",
                            "tags.%": "0",
                            "tags_all.%": "0"
                        },
                        "meta": {
                            "schema_version": 0
                        },
                        "tainted": false
                    },
                    "deposed": [],
                    "provider": "provider.aws"
                },
                "aws_iam_policy.tfer--PalavyrAwsPermissionSet": {
                    "type": "aws_iam_policy",
                    "depends_on": [],
                    "primary": {
                        "id": "arn:aws:iam::306885252482:policy/PalavyrAwsPermissionSet",
                        "attributes": {
                            "arn": "arn:aws:iam::306885252482:policy/PalavyrAwsPermissionSet",
                            "description": "Full permission set required for the Palavyr Web App to function serverless.",
                            "id": "arn:aws:iam::306885252482:policy/PalavyrAwsPermissionSet",
                            "name": "PalavyrAwsPermissionSet",
                            "path": "/",
                            "policy": "{\"Statement\":[{\"Action\":[\"rds:*\",\"s3:*\",\"apigateway:*\",\"ses:*\",\"rds-data:*\",\"lambda:*\"],\"Effect\":\"Allow\",\"Resource\":\"*\",\"Sid\":\"VisualEditor0\"}],\"Version\":\"2012-10-17\"}",
                            "policy_id": "ANPAUO46JKWBBEU2EGVV4",
                            "tags.%": "0",
                            "tags_all.%": "0"
                        },
                        "meta": {
                            "schema_version": 0
                        },
                        "tainted": false
                    },
                    "deposed": [],
                    "provider": "provider.aws"
                },
                "aws_iam_role.tfer--AWSServiceRoleForCloudFrontLogger": {
                    "type": "aws_iam_role",
                    "depends_on": [],
                    "primary": {
                        "id": "AWSServiceRoleForCloudFrontLogger",
                        "attributes": {
                            "arn": "arn:aws:iam::306885252482:role/aws-service-role/logger.cloudfront.amazonaws.com/AWSServiceRoleForCloudFrontLogger",
                            "assume_role_policy": "{\"Statement\":[{\"Action\":\"sts:AssumeRole\",\"Effect\":\"Allow\",\"Principal\":{\"Service\":\"logger.cloudfront.amazonaws.com\"}}],\"Version\":\"2012-10-17\"}",
                            "create_date": "2022-07-29T03:49:06Z",
                            "description": "",
                            "id": "AWSServiceRoleForCloudFrontLogger",
                            "managed_policy_arns.#": "1",
                            "managed_policy_arns.0": "arn:aws:iam::aws:policy/aws-service-role/AWSCloudFrontLogger",
                            "max_session_duration": "3600",
                            "name": "AWSServiceRoleForCloudFrontLogger",
                            "name_prefix": "",
                            "path": "/aws-service-role/logger.cloudfront.amazonaws.com/",
                            "tags.%": "0",
                            "tags_all.%": "0",
                            "unique_id": "AROAUO46JKWBNF4AD2FOF"
                        },
                        "meta": {
                            "schema_version": 0
                        },
                        "tainted": false
                    },
                    "deposed": [],
                    "provider": "provider.aws"
                },
                "aws_iam_role.tfer--AWSServiceRoleForElasticLoadBalancing": {
                    "type": "aws_iam_role",
                    "depends_on": [],
                    "primary": {
                        "id": "AWSServiceRoleForElasticLoadBalancing",
                        "attributes": {
                            "arn": "arn:aws:iam::306885252482:role/aws-service-role/elasticloadbalancing.amazonaws.com/AWSServiceRoleForElasticLoadBalancing",
                            "assume_role_policy": "{\"Statement\":[{\"Action\":\"sts:AssumeRole\",\"Effect\":\"Allow\",\"Principal\":{\"Service\":\"elasticloadbalancing.amazonaws.com\"}}],\"Version\":\"2012-10-17\"}",
                            "create_date": "2021-06-01T12:16:19Z",
                            "description": "Allows ELB to call AWS services on your behalf.",
                            "id": "AWSServiceRoleForElasticLoadBalancing",
                            "managed_policy_arns.#": "1",
                            "managed_policy_arns.0": "arn:aws:iam::aws:policy/aws-service-role/AWSElasticLoadBalancingServiceRolePolicy",
                            "max_session_duration": "3600",
                            "name": "AWSServiceRoleForElasticLoadBalancing",
                            "name_prefix": "",
                            "path": "/aws-service-role/elasticloadbalancing.amazonaws.com/",
                            "tags.%": "0",
                            "tags_all.%": "0",
                            "unique_id": "AROAUO46JKWBMHTK5TYY5"
                        },
                        "meta": {
                            "schema_version": 0
                        },
                        "tainted": false
                    },
                    "deposed": [],
                    "provider": "provider.aws"
                },
                "aws_iam_role.tfer--AWSServiceRoleForLambdaReplicator": {
                    "type": "aws_iam_role",
                    "depends_on": [],
                    "primary": {
                        "id": "AWSServiceRoleForLambdaReplicator",
                        "attributes": {
                            "arn": "arn:aws:iam::306885252482:role/aws-service-role/replicator.lambda.amazonaws.com/AWSServiceRoleForLambdaReplicator",
                            "assume_role_policy": "{\"Statement\":[{\"Action\":\"sts:AssumeRole\",\"Effect\":\"Allow\",\"Principal\":{\"Service\":\"replicator.lambda.amazonaws.com\"}}],\"Version\":\"2012-10-17\"}",
                            "create_date": "2021-08-27T02:15:51Z",
                            "description": "",
                            "id": "AWSServiceRoleForLambdaReplicator",
                            "managed_policy_arns.#": "1",
                            "managed_policy_arns.0": "arn:aws:iam::aws:policy/aws-service-role/AWSLambdaReplicator",
                            "max_session_duration": "3600",
                            "name": "AWSServiceRoleForLambdaReplicator",
                            "name_prefix": "",
                            "path": "/aws-service-role/replicator.lambda.amazonaws.com/",
                            "tags.%": "0",
                            "tags_all.%": "0",
                            "unique_id": "AROAUO46JKWBMG6XAWOIW"
                        },
                        "meta": {
                            "schema_version": 0
                        },
                        "tainted": false
                    },
                    "deposed": [],
                    "provider": "provider.aws"
                },
                "aws_iam_role.tfer--AWSServiceRoleForLexBots": {
                    "type": "aws_iam_role",
                    "depends_on": [],
                    "primary": {
                        "id": "AWSServiceRoleForLexBots",
                        "attributes": {
                            "arn": "arn:aws:iam::306885252482:role/aws-service-role/lex.amazonaws.com/AWSServiceRoleForLexBots",
                            "assume_role_policy": "{\"Statement\":[{\"Action\":\"sts:AssumeRole\",\"Effect\":\"Allow\",\"Principal\":{\"Service\":\"lex.amazonaws.com\"}}],\"Version\":\"2012-10-17\"}",
                            "create_date": "2019-01-07T09:08:23Z",
                            "description": "",
                            "id": "AWSServiceRoleForLexBots",
                            "managed_policy_arns.#": "1",
                            "managed_policy_arns.0": "arn:aws:iam::aws:policy/aws-service-role/AmazonLexBotPolicy",
                            "max_session_duration": "3600",
                            "name": "AWSServiceRoleForLexBots",
                            "name_prefix": "",
                            "path": "/aws-service-role/lex.amazonaws.com/",
                            "tags.%": "0",
                            "tags_all.%": "0",
                            "unique_id": "AROAJPJRLZRGGAQAV3XBI"
                        },
                        "meta": {
                            "schema_version": 0
                        },
                        "tainted": false
                    },
                    "deposed": [],
                    "provider": "provider.aws"
                },
                "aws_iam_role.tfer--AWSServiceRoleForRDS": {
                    "type": "aws_iam_role",
                    "depends_on": [],
                    "primary": {
                        "id": "AWSServiceRoleForRDS",
                        "attributes": {
                            "arn": "arn:aws:iam::306885252482:role/aws-service-role/rds.amazonaws.com/AWSServiceRoleForRDS",
                            "assume_role_policy": "{\"Statement\":[{\"Action\":\"sts:AssumeRole\",\"Effect\":\"Allow\",\"Principal\":{\"Service\":\"rds.amazonaws.com\"}}],\"Version\":\"2012-10-17\"}",
                            "create_date": "2021-05-02T04:19:41Z",
                            "description": "Allows Amazon RDS to manage AWS resources on your behalf",
                            "id": "AWSServiceRoleForRDS",
                            "managed_policy_arns.#": "1",
                            "managed_policy_arns.0": "arn:aws:iam::aws:policy/aws-service-role/AmazonRDSServiceRolePolicy",
                            "max_session_duration": "3600",
                            "name": "AWSServiceRoleForRDS",
                            "name_prefix": "",
                            "path": "/aws-service-role/rds.amazonaws.com/",
                            "tags.%": "0",
                            "tags_all.%": "0",
                            "unique_id": "AROAUO46JKWBOOCPK6DPN"
                        },
                        "meta": {
                            "schema_version": 0
                        },
                        "tainted": false
                    },
                    "deposed": [],
                    "provider": "provider.aws"
                },
                "aws_iam_role.tfer--AWSServiceRoleForSupport": {
                    "type": "aws_iam_role",
                    "depends_on": [],
                    "primary": {
                        "id": "AWSServiceRoleForSupport",
                        "attributes": {
                            "arn": "arn:aws:iam::306885252482:role/aws-service-role/support.amazonaws.com/AWSServiceRoleForSupport",
                            "assume_role_policy": "{\"Statement\":[{\"Action\":\"sts:AssumeRole\",\"Effect\":\"Allow\",\"Principal\":{\"Service\":\"support.amazonaws.com\"}}],\"Version\":\"2012-10-17\"}",
                            "create_date": "2018-10-12T23:42:17Z",
                            "description": "Enables resource access for AWS to provide billing, administrative and support services",
                            "id": "AWSServiceRoleForSupport",
                            "managed_policy_arns.#": "1",
                            "managed_policy_arns.0": "arn:aws:iam::aws:policy/aws-service-role/AWSSupportServiceRolePolicy",
                            "max_session_duration": "3600",
                            "name": "AWSServiceRoleForSupport",
                            "name_prefix": "",
                            "path": "/aws-service-role/support.amazonaws.com/",
                            "tags.%": "0",
                            "tags_all.%": "0",
                            "unique_id": "AROAITSZL4VU3O6K3G5PW"
                        },
                        "meta": {
                            "schema_version": 0
                        },
                        "tainted": false
                    },
                    "deposed": [],
                    "provider": "provider.aws"
                },
                "aws_iam_role.tfer--AWSServiceRoleForTrustedAdvisor": {
                    "type": "aws_iam_role",
                    "depends_on": [],
                    "primary": {
                        "id": "AWSServiceRoleForTrustedAdvisor",
                        "attributes": {
                            "arn": "arn:aws:iam::306885252482:role/aws-service-role/trustedadvisor.amazonaws.com/AWSServiceRoleForTrustedAdvisor",
                            "assume_role_policy": "{\"Statement\":[{\"Action\":\"sts:AssumeRole\",\"Effect\":\"Allow\",\"Principal\":{\"Service\":\"trustedadvisor.amazonaws.com\"}}],\"Version\":\"2012-10-17\"}",
                            "create_date": "2018-10-12T23:42:17Z",
                            "description": "Access for the AWS Trusted Advisor Service to help reduce cost, increase performance, and improve security of your AWS environment.",
                            "id": "AWSServiceRoleForTrustedAdvisor",
                            "managed_policy_arns.#": "1",
                            "managed_policy_arns.0": "arn:aws:iam::aws:policy/aws-service-role/AWSTrustedAdvisorServiceRolePolicy",
                            "max_session_duration": "3600",
                            "name": "AWSServiceRoleForTrustedAdvisor",
                            "name_prefix": "",
                            "path": "/aws-service-role/trustedadvisor.amazonaws.com/",
                            "tags.%": "0",
                            "tags_all.%": "0",
                            "unique_id": "AROAIEWI6KW6TN24ZXFHC"
                        },
                        "meta": {
                            "schema_version": 0
                        },
                        "tainted": false
                    },
                    "deposed": [],
                    "provider": "provider.aws"
                },
                "aws_iam_role.tfer--Iraj-002D-Tutoring": {
                    "type": "aws_iam_role",
                    "depends_on": [],
                    "primary": {
                        "id": "Iraj-Tutoring",
                        "attributes": {
                            "arn": "arn:aws:iam::306885252482:role/Iraj-Tutoring",
                            "assume_role_policy": "{\"Statement\":[{\"Action\":\"sts:AssumeRole\",\"Effect\":\"Allow\",\"Principal\":{\"Service\":\"amplify.amazonaws.com\"}}],\"Version\":\"2012-10-17\"}",
                            "create_date": "2022-02-24T10:40:03Z",
                            "description": "Allows Amplify Backend Deployment to access AWS resources on your behalf.",
                            "id": "Iraj-Tutoring",
                            "managed_policy_arns.#": "1",
                            "managed_policy_arns.0": "arn:aws:iam::aws:policy/AdministratorAccess-Amplify",
                            "max_session_duration": "3600",
                            "name": "Iraj-Tutoring",
                            "name_prefix": "",
                            "path": "/",
                            "tags.%": "0",
                            "tags_all.%": "0",
                            "unique_id": "AROAUO46JKWBEFBPRSGHY"
                        },
                        "meta": {
                            "schema_version": 0
                        },
                        "tainted": false
                    },
                    "deposed": [],
                    "provider": "provider.aws"
                },
                "aws_iam_role.tfer--PalavyrServerless": {
                    "type": "aws_iam_role",
                    "depends_on": [],
                    "primary": {
                        "id": "PalavyrServerless",
                        "attributes": {
                            "arn": "arn:aws:iam::306885252482:role/service-role/PalavyrServerless",
                            "assume_role_policy": "{\"Statement\":[{\"Action\":\"sts:AssumeRole\",\"Effect\":\"Allow\",\"Principal\":{\"Service\":\"lambda.amazonaws.com\"}}],\"Version\":\"2012-10-17\"}",
                            "create_date": "2021-09-30T13:49:21Z",
                            "description": "",
                            "id": "PalavyrServerless",
                            "managed_policy_arns.#": "2",
                            "managed_policy_arns.0": "arn:aws:iam::306885252482:policy/Palavyr-AccessControl",
                            "managed_policy_arns.1": "arn:aws:iam::aws:policy/service-role/AWSLambdaVPCAccessExecutionRole",
                            "max_session_duration": "3600",
                            "name": "PalavyrServerless",
                            "name_prefix": "",
                            "path": "/service-role/",
                            "tags.%": "0",
                            "tags_all.%": "0",
                            "unique_id": "AROAUO46JKWBA6NME3S54"
                        },
                        "meta": {
                            "schema_version": 0
                        },
                        "tainted": false
                    },
                    "deposed": [],
                    "provider": "provider.aws"
                },
                "aws_iam_role_policy_attachment.tfer--AWSServiceRoleForCloudFrontLogger_AWSCloudFrontLogger": {
                    "type": "aws_iam_role_policy_attachment",
                    "depends_on": [],
                    "primary": {
                        "id": "AWSServiceRoleForCloudFrontLogger/arn:aws:iam::aws:policy/aws-service-role/AWSCloudFrontLogger",
                        "attributes": {
                            "id": "AWSServiceRoleForCloudFrontLogger/arn:aws:iam::aws:policy/aws-service-role/AWSCloudFrontLogger",
                            "policy_arn": "arn:aws:iam::aws:policy/aws-service-role/AWSCloudFrontLogger",
                            "role": "AWSServiceRoleForCloudFrontLogger"
                        },
                        "meta": {
                            "schema_version": 0
                        },
                        "tainted": false
                    },
                    "deposed": [],
                    "provider": "provider.aws"
                },
                "aws_iam_role_policy_attachment.tfer--AWSServiceRoleForElasticLoadBalancing_AWSElasticLoadBalancingServiceRolePolicy": {
                    "type": "aws_iam_role_policy_attachment",
                    "depends_on": [],
                    "primary": {
                        "id": "AWSServiceRoleForElasticLoadBalancing/arn:aws:iam::aws:policy/aws-service-role/AWSElasticLoadBalancingServiceRolePolicy",
                        "attributes": {
                            "id": "AWSServiceRoleForElasticLoadBalancing/arn:aws:iam::aws:policy/aws-service-role/AWSElasticLoadBalancingServiceRolePolicy",
                            "policy_arn": "arn:aws:iam::aws:policy/aws-service-role/AWSElasticLoadBalancingServiceRolePolicy",
                            "role": "AWSServiceRoleForElasticLoadBalancing"
                        },
                        "meta": {
                            "schema_version": 0
                        },
                        "tainted": false
                    },
                    "deposed": [],
                    "provider": "provider.aws"
                },
                "aws_iam_role_policy_attachment.tfer--AWSServiceRoleForLambdaReplicator_AWSLambdaReplicator": {
                    "type": "aws_iam_role_policy_attachment",
                    "depends_on": [],
                    "primary": {
                        "id": "AWSServiceRoleForLambdaReplicator/arn:aws:iam::aws:policy/aws-service-role/AWSLambdaReplicator",
                        "attributes": {
                            "id": "AWSServiceRoleForLambdaReplicator/arn:aws:iam::aws:policy/aws-service-role/AWSLambdaReplicator",
                            "policy_arn": "arn:aws:iam::aws:policy/aws-service-role/AWSLambdaReplicator",
                            "role": "AWSServiceRoleForLambdaReplicator"
                        },
                        "meta": {
                            "schema_version": 0
                        },
                        "tainted": false
                    },
                    "deposed": [],
                    "provider": "provider.aws"
                },
                "aws_iam_role_policy_attachment.tfer--AWSServiceRoleForRDS_AmazonRDSServiceRolePolicy": {
                    "type": "aws_iam_role_policy_attachment",
                    "depends_on": [],
                    "primary": {
                        "id": "AWSServiceRoleForRDS/arn:aws:iam::aws:policy/aws-service-role/AmazonRDSServiceRolePolicy",
                        "attributes": {
                            "id": "AWSServiceRoleForRDS/arn:aws:iam::aws:policy/aws-service-role/AmazonRDSServiceRolePolicy",
                            "policy_arn": "arn:aws:iam::aws:policy/aws-service-role/AmazonRDSServiceRolePolicy",
                            "role": "AWSServiceRoleForRDS"
                        },
                        "meta": {
                            "schema_version": 0
                        },
                        "tainted": false
                    },
                    "deposed": [],
                    "provider": "provider.aws"
                },
                "aws_iam_role_policy_attachment.tfer--AWSServiceRoleForSupport_AWSSupportServiceRolePolicy": {
                    "type": "aws_iam_role_policy_attachment",
                    "depends_on": [],
                    "primary": {
                        "id": "AWSServiceRoleForSupport/arn:aws:iam::aws:policy/aws-service-role/AWSSupportServiceRolePolicy",
                        "attributes": {
                            "id": "AWSServiceRoleForSupport/arn:aws:iam::aws:policy/aws-service-role/AWSSupportServiceRolePolicy",
                            "policy_arn": "arn:aws:iam::aws:policy/aws-service-role/AWSSupportServiceRolePolicy",
                            "role": "AWSServiceRoleForSupport"
                        },
                        "meta": {
                            "schema_version": 0
                        },
                        "tainted": false
                    },
                    "deposed": [],
                    "provider": "provider.aws"
                },
                "aws_iam_role_policy_attachment.tfer--AWSServiceRoleForTrustedAdvisor_AWSTrustedAdvisorServiceRolePolicy": {
                    "type": "aws_iam_role_policy_attachment",
                    "depends_on": [],
                    "primary": {
                        "id": "AWSServiceRoleForTrustedAdvisor/arn:aws:iam::aws:policy/aws-service-role/AWSTrustedAdvisorServiceRolePolicy",
                        "attributes": {
                            "id": "AWSServiceRoleForTrustedAdvisor/arn:aws:iam::aws:policy/aws-service-role/AWSTrustedAdvisorServiceRolePolicy",
                            "policy_arn": "arn:aws:iam::aws:policy/aws-service-role/AWSTrustedAdvisorServiceRolePolicy",
                            "role": "AWSServiceRoleForTrustedAdvisor"
                        },
                        "meta": {
                            "schema_version": 0
                        },
                        "tainted": false
                    },
                    "deposed": [],
                    "provider": "provider.aws"
                },
                "aws_iam_role_policy_attachment.tfer--Iraj-002D-Tutoring_AdministratorAccess-002D-Amplify": {
                    "type": "aws_iam_role_policy_attachment",
                    "depends_on": [],
                    "primary": {
                        "id": "Iraj-Tutoring/arn:aws:iam::aws:policy/AdministratorAccess-Amplify",
                        "attributes": {
                            "id": "Iraj-Tutoring/arn:aws:iam::aws:policy/AdministratorAccess-Amplify",
                            "policy_arn": "arn:aws:iam::aws:policy/AdministratorAccess-Amplify",
                            "role": "Iraj-Tutoring"
                        },
                        "meta": {
                            "schema_version": 0
                        },
                        "tainted": false
                    },
                    "deposed": [],
                    "provider": "provider.aws"
                },
                "aws_iam_role_policy_attachment.tfer--PalavyrServerless_AWSLambdaVPCAccessExecutionRole": {
                    "type": "aws_iam_role_policy_attachment",
                    "depends_on": [],
                    "primary": {
                        "id": "PalavyrServerless/arn:aws:iam::aws:policy/service-role/AWSLambdaVPCAccessExecutionRole",
                        "attributes": {
                            "id": "PalavyrServerless/arn:aws:iam::aws:policy/service-role/AWSLambdaVPCAccessExecutionRole",
                            "policy_arn": "arn:aws:iam::aws:policy/service-role/AWSLambdaVPCAccessExecutionRole",
                            "role": "PalavyrServerless"
                        },
                        "meta": {
                            "schema_version": 0
                        },
                        "tainted": false
                    },
                    "deposed": [],
                    "provider": "provider.aws"
                },
                "aws_iam_role_policy_attachment.tfer--PalavyrServerless_Palavyr-002D-AccessControl": {
                    "type": "aws_iam_role_policy_attachment",
                    "depends_on": [],
                    "primary": {
                        "id": "PalavyrServerless/arn:aws:iam::306885252482:policy/Palavyr-AccessControl",
                        "attributes": {
                            "id": "PalavyrServerless/arn:aws:iam::306885252482:policy/Palavyr-AccessControl",
                            "policy_arn": "arn:aws:iam::306885252482:policy/Palavyr-AccessControl",
                            "role": "PalavyrServerless"
                        },
                        "meta": {
                            "schema_version": 0
                        },
                        "tainted": false
                    },
                    "deposed": [],
                    "provider": "provider.aws"
                },
                "aws_iam_user.tfer--AIDAJG2BANO4WNIEDFJ3S": {
                    "type": "aws_iam_user",
                    "depends_on": [],
                    "primary": {
                        "id": "Paul_Gradie",
                        "attributes": {
                            "arn": "arn:aws:iam::306885252482:user/Paul_Gradie",
                            "force_destroy": "false",
                            "id": "Paul_Gradie",
                            "name": "Paul_Gradie",
                            "path": "/",
                            "tags.%": "0",
                            "tags_all.%": "0",
                            "unique_id": "AIDAJG2BANO4WNIEDFJ3S"
                        },
                        "meta": {
                            "schema_version": 0
                        },
                        "tainted": false
                    },
                    "deposed": [],
                    "provider": "provider.aws"
                },
                "aws_iam_user_group_membership.tfer--Palavyr-002F-PalavyrServices": {
                    "type": "aws_iam_user_group_membership",
                    "depends_on": [],
                    "primary": {
                        "id": "Palavyr/PalavyrServices",
                        "attributes": {
                            "groups.#": "1",
                            "groups.0": "PalavyrServices",
                            "id": "Palavyr/PalavyrServices",
                            "user": "Palavyr"
                        },
                        "meta": {
                            "schema_version": 0
                        },
                        "tainted": false
                    },
                    "deposed": [],
                    "provider": "provider.aws"
                },
                "aws_iam_user_group_membership.tfer--Paul_Gradie-002F-Work": {
                    "type": "aws_iam_user_group_membership",
                    "depends_on": [],
                    "primary": {
                        "id": "Paul_Gradie/Work",
                        "attributes": {
                            "groups.#": "1",
                            "groups.0": "Work",
                            "id": "Paul_Gradie/Work",
                            "user": "Paul_Gradie"
                        },
                        "meta": {
                            "schema_version": 0
                        },
                        "tainted": false
                    },
                    "deposed": [],
                    "provider": "provider.aws"
                },
                "aws_iam_user_policy_attachment.tfer--Palavyr_AWSCloudFormationFullAccess": {
                    "type": "aws_iam_user_policy_attachment",
                    "depends_on": [],
                    "primary": {
                        "id": "Palavyr/arn:aws:iam::aws:policy/AWSCloudFormationFullAccess",
                        "attributes": {
                            "id": "Palavyr/arn:aws:iam::aws:policy/AWSCloudFormationFullAccess",
                            "policy_arn": "arn:aws:iam::aws:policy/AWSCloudFormationFullAccess",
                            "user": "Palavyr"
                        },
                        "meta": {
                            "schema_version": 0
                        },
                        "tainted": false
                    },
                    "deposed": [],
                    "provider": "provider.aws"
                },
                "aws_iam_user_policy_attachment.tfer--Palavyr_AWSLambda_FullAccess": {
                    "type": "aws_iam_user_policy_attachment",
                    "depends_on": [],
                    "primary": {
                        "id": "Palavyr/arn:aws:iam::aws:policy/AWSLambda_FullAccess",
                        "attributes": {
                            "id": "Palavyr/arn:aws:iam::aws:policy/AWSLambda_FullAccess",
                            "policy_arn": "arn:aws:iam::aws:policy/AWSLambda_FullAccess",
                            "user": "Palavyr"
                        },
                        "meta": {
                            "schema_version": 0
                        },
                        "tainted": false
                    },
                    "deposed": [],
                    "provider": "provider.aws"
                },
                "aws_iam_user_policy_attachment.tfer--Palavyr_AdministratorAccess": {
                    "type": "aws_iam_user_policy_attachment",
                    "depends_on": [],
                    "primary": {
                        "id": "Palavyr/arn:aws:iam::aws:policy/AdministratorAccess",
                        "attributes": {
                            "id": "Palavyr/arn:aws:iam::aws:policy/AdministratorAccess",
                            "policy_arn": "arn:aws:iam::aws:policy/AdministratorAccess",
                            "user": "Palavyr"
                        },
                        "meta": {
                            "schema_version": 0
                        },
                        "tainted": false
                    },
                    "deposed": [],
                    "provider": "provider.aws"
                },
                "aws_iam_user_policy_attachment.tfer--Palavyr_AmazonRDSFullAccess": {
                    "type": "aws_iam_user_policy_attachment",
                    "depends_on": [],
                    "primary": {
                        "id": "Palavyr/arn:aws:iam::aws:policy/AmazonRDSFullAccess",
                        "attributes": {
                            "id": "Palavyr/arn:aws:iam::aws:policy/AmazonRDSFullAccess",
                            "policy_arn": "arn:aws:iam::aws:policy/AmazonRDSFullAccess",
                            "user": "Palavyr"
                        },
                        "meta": {
                            "schema_version": 0
                        },
                        "tainted": false
                    },
                    "deposed": [],
                    "provider": "provider.aws"
                },
                "aws_iam_user_policy_attachment.tfer--Palavyr_AmazonS3FullAccess": {
                    "type": "aws_iam_user_policy_attachment",
                    "depends_on": [],
                    "primary": {
                        "id": "Palavyr/arn:aws:iam::aws:policy/AmazonS3FullAccess",
                        "attributes": {
                            "id": "Palavyr/arn:aws:iam::aws:policy/AmazonS3FullAccess",
                            "policy_arn": "arn:aws:iam::aws:policy/AmazonS3FullAccess",
                            "user": "Palavyr"
                        },
                        "meta": {
                            "schema_version": 0
                        },
                        "tainted": false
                    },
                    "deposed": [],
                    "provider": "provider.aws"
                },
                "aws_iam_user_policy_attachment.tfer--Palavyr_AmazonSESFullAccess": {
                    "type": "aws_iam_user_policy_attachment",
                    "depends_on": [],
                    "primary": {
                        "id": "Palavyr/arn:aws:iam::aws:policy/AmazonSESFullAccess",
                        "attributes": {
                            "id": "Palavyr/arn:aws:iam::aws:policy/AmazonSESFullAccess",
                            "policy_arn": "arn:aws:iam::aws:policy/AmazonSESFullAccess",
                            "user": "Palavyr"
                        },
                        "meta": {
                            "schema_version": 0
                        },
                        "tainted": false
                    },
                    "deposed": [],
                    "provider": "provider.aws"
                },
                "aws_iam_user_policy_attachment.tfer--Palavyr_ResourceGroupsandTagEditorFullAccess": {
                    "type": "aws_iam_user_policy_attachment",
                    "depends_on": [],
                    "primary": {
                        "id": "Palavyr/arn:aws:iam::aws:policy/ResourceGroupsandTagEditorFullAccess",
                        "attributes": {
                            "id": "Palavyr/arn:aws:iam::aws:policy/ResourceGroupsandTagEditorFullAccess",
                            "policy_arn": "arn:aws:iam::aws:policy/ResourceGroupsandTagEditorFullAccess",
                            "user": "Palavyr"
                        },
                        "meta": {
                            "schema_version": 0
                        },
                        "tainted": false
                    },
                    "deposed": [],
                    "provider": "provider.aws"
                },
                "aws_instance.tfer--i-002D-080f76ecdd5beceb2_New-0020-Production-0020-Palavyr": {
                    "type": "aws_instance",
                    "depends_on": [],
                    "primary": {
                        "id": "i-080f76ecdd5beceb2",
                        "attributes": {
                            "ami": "ami-0b17e49efb8d755c3",
                            "arn": "arn:aws:ec2:us-east-1:306885252482:instance/i-080f76ecdd5beceb2",
                            "associate_public_ip_address": "true",
                            "availability_zone": "us-east-1a",
                            "capacity_reservation_specification.#": "1",
                            "capacity_reservation_specification.0.capacity_reservation_preference": "open",
                            "capacity_reservation_specification.0.capacity_reservation_target.#": "0",
                            "cpu_core_count": "1",
                            "cpu_threads_per_core": "1",
                            "credit_specification.#": "1",
                            "credit_specification.0.cpu_credits": "standard",
                            "disable_api_stop": "false",
                            "disable_api_termination": "false",
                            "ebs_block_device.#": "0",
                            "ebs_optimized": "false",
                            "enclave_options.#": "1",
                            "enclave_options.0.enabled": "false",
                            "ephemeral_block_device.#": "0",
                            "get_password_data": "false",
                            "hibernation": "false",
                            "iam_instance_profile": "",
                            "id": "i-080f76ecdd5beceb2",
                            "instance_initiated_shutdown_behavior": "stop",
                            "instance_state": "running",
                            "instance_type": "t2.small",
                            "ipv6_address_count": "0",
                            "ipv6_addresses.#": "0",
                            "key_name": "PalavyrPem2021",
                            "launch_template.#": "0",
                            "maintenance_options.#": "1",
                            "maintenance_options.0.auto_recovery": "default",
                            "metadata_options.#": "1",
                            "metadata_options.0.http_endpoint": "enabled",
                            "metadata_options.0.http_put_response_hop_limit": "1",
                            "metadata_options.0.http_tokens": "optional",
                            "metadata_options.0.instance_metadata_tags": "disabled",
                            "monitoring": "false",
                            "network_interface.#": "0",
                            "outpost_arn": "",
                            "password_data": "",
                            "placement_group": "",
                            "primary_network_interface_id": "eni-02dd72ddd3694a443",
                            "private_dns": "ip-10-0-97-58.ec2.internal",
                            "private_dns_name_options.#": "1",
                            "private_dns_name_options.0.enable_resource_name_dns_a_record": "false",
                            "private_dns_name_options.0.enable_resource_name_dns_aaaa_record": "false",
                            "private_dns_name_options.0.hostname_type": "ip-name",
                            "private_ip": "10.0.97.58",
                            "public_dns": "ec2-18-212-135-137.compute-1.amazonaws.com",
                            "public_ip": "18.212.135.137",
                            "root_block_device.#": "1",
                            "root_block_device.0.delete_on_termination": "true",
                            "root_block_device.0.device_name": "/dev/sda1",
                            "root_block_device.0.encrypted": "false",
                            "root_block_device.0.iops": "100",
                            "root_block_device.0.kms_key_id": "",
                            "root_block_device.0.tags.%": "1",
                            "root_block_device.0.tags.Palavyr": "EC2",
                            "root_block_device.0.throughput": "0",
                            "root_block_device.0.volume_id": "vol-0176f2a5e0500f2c6",
                            "root_block_device.0.volume_size": "30",
                            "root_block_device.0.volume_type": "gp2",
                            "secondary_private_ips.#": "0",
                            "security_groups.#": "0",
                            "source_dest_check": "true",
                            "subnet_id": "subnet-0ccabdc7222055adf",
                            "tags.%": "2",
                            "tags.Name": "New Production Palavyr",
                            "tags.Palavyr": "EC2",
                            "tags_all.%": "2",
                            "tags_all.Name": "New Production Palavyr",
                            "tags_all.Palavyr": "EC2",
                            "tenancy": "default",
                            "user_data_base64": "",
                            "vpc_security_group_ids.#": "1",
                            "vpc_security_group_ids.0": "sg-0b658d1cd68796271"
                        },
                        "meta": {
                            "schema_version": 1
                        },
                        "tainted": false
                    },
                    "deposed": [],
                    "provider": "provider.aws"
                },
                "aws_internet_gateway.tfer--igw-002D-01e0fa378e8d55a55": {
                    "type": "aws_internet_gateway",
                    "depends_on": [],
                    "primary": {
                        "id": "igw-01e0fa378e8d55a55",
                        "attributes": {
                            "arn": "arn:aws:ec2:us-east-1:306885252482:internet-gateway/igw-01e0fa378e8d55a55",
                            "id": "igw-01e0fa378e8d55a55",
                            "owner_id": "306885252482",
                            "tags.%": "1",
                            "tags.Name": "palavyr-internet-gateway",
                            "tags_all.%": "1",
                            "tags_all.Name": "palavyr-internet-gateway",
                            "vpc_id": "vpc-0658b6edff9ad6795"
                        },
                        "meta": {
                            "schema_version": 0
                        },
                        "tainted": false
                    },
                    "deposed": [],
                    "provider": "provider.aws"
                },
                "aws_lb.tfer--production-002D-palavyr-002D-loadbalancer": {
                    "type": "aws_lb",
                    "depends_on": [],
                    "primary": {
                        "id": "arn:aws:elasticloadbalancing:us-east-1:306885252482:loadbalancer/app/production-palavyr-loadbalancer/efce1837c433d91c",
                        "attributes": {
                            "access_logs.#": "1",
                            "access_logs.0.bucket": "",
                            "access_logs.0.enabled": "false",
                            "access_logs.0.prefix": "",
                            "arn": "arn:aws:elasticloadbalancing:us-east-1:306885252482:loadbalancer/app/production-palavyr-loadbalancer/efce1837c433d91c",
                            "arn_suffix": "app/production-palavyr-loadbalancer/efce1837c433d91c",
                            "customer_owned_ipv4_pool": "",
                            "desync_mitigation_mode": "defensive",
                            "dns_name": "production-palavyr-loadbalancer-844715446.us-east-1.elb.amazonaws.com",
                            "drop_invalid_header_fields": "false",
                            "enable_deletion_protection": "false",
                            "enable_http2": "true",
                            "enable_waf_fail_open": "false",
                            "id": "arn:aws:elasticloadbalancing:us-east-1:306885252482:loadbalancer/app/production-palavyr-loadbalancer/efce1837c433d91c",
                            "idle_timeout": "60",
                            "internal": "false",
                            "ip_address_type": "ipv4",
                            "load_balancer_type": "application",
                            "name": "production-palavyr-loadbalancer",
                            "security_groups.#": "1",
                            "security_groups.0": "sg-0b658d1cd68796271",
                            "subnet_mapping.#": "2",
                            "subnet_mapping.0.allocation_id": "",
                            "subnet_mapping.0.ipv6_address": "",
                            "subnet_mapping.0.outpost_id": "",
                            "subnet_mapping.0.private_ipv4_address": "",
                            "subnet_mapping.0.subnet_id": "subnet-0704cbef441993b25",
                            "subnet_mapping.1.allocation_id": "",
                            "subnet_mapping.1.ipv6_address": "",
                            "subnet_mapping.1.outpost_id": "",
                            "subnet_mapping.1.private_ipv4_address": "",
                            "subnet_mapping.1.subnet_id": "subnet-0ccabdc7222055adf",
                            "subnets.#": "2",
                            "subnets.0": "subnet-0704cbef441993b25",
                            "subnets.1": "subnet-0ccabdc7222055adf",
                            "tags.%": "1",
                            "tags.Palavyr": "ProductionLoadBalancer",
                            "tags_all.%": "1",
                            "tags_all.Palavyr": "ProductionLoadBalancer",
                            "vpc_id": "vpc-0658b6edff9ad6795",
                            "zone_id": "Z35SXDOTRQ7X7K"
                        },
                        "meta": {
                            "schema_version": 0
                        },
                        "tainted": false
                    },
                    "deposed": [],
                    "provider": "provider.aws"
                },
                "aws_lb_listener.tfer--arn-003A-aws-003A-elasticloadbalancing-003A-us-002D-east-002D-1-003A-306885252482-003A-listener-002F-app-002F-production-002D-palavyr-002D-loadbalancer-002F-efce1837c433d91c-002F-a4a1d0728da3595f": {
                    "type": "aws_lb_listener",
                    "depends_on": [],
                    "primary": {
                        "id": "arn:aws:elasticloadbalancing:us-east-1:306885252482:listener/app/production-palavyr-loadbalancer/efce1837c433d91c/a4a1d0728da3595f",
                        "attributes": {
                            "arn": "arn:aws:elasticloadbalancing:us-east-1:306885252482:listener/app/production-palavyr-loadbalancer/efce1837c433d91c/a4a1d0728da3595f",
                            "certificate_arn": "arn:aws:acm:us-east-1:306885252482:certificate/8ec5fa03-cd67-465d-be94-2ae3b064c2c0",
                            "default_action.#": "1",
                            "default_action.0.authenticate_cognito.#": "0",
                            "default_action.0.authenticate_oidc.#": "0",
                            "default_action.0.fixed_response.#": "0",
                            "default_action.0.forward.#": "0",
                            "default_action.0.order": "0",
                            "default_action.0.redirect.#": "0",
                            "default_action.0.target_group_arn": "arn:aws:elasticloadbalancing:us-east-1:306885252482:targetgroup/production-palavyr-targets/0883c2b756bf8cd3",
                            "default_action.0.type": "forward",
                            "id": "arn:aws:elasticloadbalancing:us-east-1:306885252482:listener/app/production-palavyr-loadbalancer/efce1837c433d91c/a4a1d0728da3595f",
                            "load_balancer_arn": "arn:aws:elasticloadbalancing:us-east-1:306885252482:loadbalancer/app/production-palavyr-loadbalancer/efce1837c433d91c",
                            "port": "443",
                            "protocol": "HTTPS",
                            "ssl_policy": "ELBSecurityPolicy-2016-08",
                            "tags.%": "0",
                            "tags_all.%": "0"
                        },
                        "meta": {
                            "schema_version": 0
                        },
                        "tainted": false
                    },
                    "deposed": [],
                    "provider": "provider.aws"
                },
                "aws_lb_listener.tfer--arn-003A-aws-003A-elasticloadbalancing-003A-us-002D-east-002D-1-003A-306885252482-003A-listener-002F-app-002F-production-002D-palavyr-002D-loadbalancer-002F-efce1837c433d91c-002F-e056056495b34808": {
                    "type": "aws_lb_listener",
                    "depends_on": [],
                    "primary": {
                        "id": "arn:aws:elasticloadbalancing:us-east-1:306885252482:listener/app/production-palavyr-loadbalancer/efce1837c433d91c/e056056495b34808",
                        "attributes": {
                            "arn": "arn:aws:elasticloadbalancing:us-east-1:306885252482:listener/app/production-palavyr-loadbalancer/efce1837c433d91c/e056056495b34808",
                            "default_action.#": "1",
                            "default_action.0.authenticate_cognito.#": "0",
                            "default_action.0.authenticate_oidc.#": "0",
                            "default_action.0.fixed_response.#": "0",
                            "default_action.0.forward.#": "0",
                            "default_action.0.order": "0",
                            "default_action.0.redirect.#": "0",
                            "default_action.0.target_group_arn": "arn:aws:elasticloadbalancing:us-east-1:306885252482:targetgroup/production-palavyr-targets/0883c2b756bf8cd3",
                            "default_action.0.type": "forward",
                            "id": "arn:aws:elasticloadbalancing:us-east-1:306885252482:listener/app/production-palavyr-loadbalancer/efce1837c433d91c/e056056495b34808",
                            "load_balancer_arn": "arn:aws:elasticloadbalancing:us-east-1:306885252482:loadbalancer/app/production-palavyr-loadbalancer/efce1837c433d91c",
                            "port": "80",
                            "protocol": "HTTP",
                            "ssl_policy": "",
                            "tags.%": "0",
                            "tags_all.%": "0"
                        },
                        "meta": {
                            "schema_version": 0
                        },
                        "tainted": false
                    },
                    "deposed": [],
                    "provider": "provider.aws"
                },
                "aws_lb_target_group.tfer--Palavyr-002D-Production-002D-Https-002D-to-002D-Http": {
                    "type": "aws_lb_target_group",
                    "depends_on": [],
                    "primary": {
                        "id": "arn:aws:elasticloadbalancing:us-east-1:306885252482:targetgroup/Palavyr-Production-Https-to-Http/011a297b4588d208",
                        "attributes": {
                            "arn": "arn:aws:elasticloadbalancing:us-east-1:306885252482:targetgroup/Palavyr-Production-Https-to-Http/011a297b4588d208",
                            "arn_suffix": "targetgroup/Palavyr-Production-Https-to-Http/011a297b4588d208",
                            "deregistration_delay": "300",
                            "health_check.#": "1",
                            "health_check.0.enabled": "true",
                            "health_check.0.healthy_threshold": "5",
                            "health_check.0.interval": "30",
                            "health_check.0.matcher": "200",
                            "health_check.0.path": "/healthcheck",
                            "health_check.0.port": "traffic-port",
                            "health_check.0.protocol": "HTTP",
                            "health_check.0.timeout": "5",
                            "health_check.0.unhealthy_threshold": "2",
                            "id": "arn:aws:elasticloadbalancing:us-east-1:306885252482:targetgroup/Palavyr-Production-Https-to-Http/011a297b4588d208",
                            "load_balancing_algorithm_type": "round_robin",
                            "name": "Palavyr-Production-Https-to-Http",
                            "port": "80",
                            "protocol": "HTTP",
                            "protocol_version": "HTTP1",
                            "slow_start": "0",
                            "stickiness.#": "1",
                            "stickiness.0.cookie_duration": "86400",
                            "stickiness.0.cookie_name": "",
                            "stickiness.0.enabled": "false",
                            "stickiness.0.type": "lb_cookie",
                            "tags.%": "0",
                            "tags_all.%": "0",
                            "target_type": "instance",
                            "vpc_id": "vpc-7d14a107"
                        },
                        "meta": {
                            "schema_version": 0
                        },
                        "tainted": false
                    },
                    "deposed": [],
                    "provider": "provider.aws"
                },
                "aws_lb_target_group.tfer--Palavyr-002D-Staging-002D-Https-002D-to-002D-Http": {
                    "type": "aws_lb_target_group",
                    "depends_on": [],
                    "primary": {
                        "id": "arn:aws:elasticloadbalancing:us-east-1:306885252482:targetgroup/Palavyr-Staging-Https-to-Http/784374d2ece3655d",
                        "attributes": {
                            "arn": "arn:aws:elasticloadbalancing:us-east-1:306885252482:targetgroup/Palavyr-Staging-Https-to-Http/784374d2ece3655d",
                            "arn_suffix": "targetgroup/Palavyr-Staging-Https-to-Http/784374d2ece3655d",
                            "deregistration_delay": "300",
                            "health_check.#": "1",
                            "health_check.0.enabled": "true",
                            "health_check.0.healthy_threshold": "5",
                            "health_check.0.interval": "30",
                            "health_check.0.matcher": "200",
                            "health_check.0.path": "/healthcheck",
                            "health_check.0.port": "traffic-port",
                            "health_check.0.protocol": "HTTP",
                            "health_check.0.timeout": "5",
                            "health_check.0.unhealthy_threshold": "2",
                            "id": "arn:aws:elasticloadbalancing:us-east-1:306885252482:targetgroup/Palavyr-Staging-Https-to-Http/784374d2ece3655d",
                            "load_balancing_algorithm_type": "round_robin",
                            "name": "Palavyr-Staging-Https-to-Http",
                            "port": "80",
                            "protocol": "HTTP",
                            "protocol_version": "HTTP1",
                            "slow_start": "0",
                            "stickiness.#": "1",
                            "stickiness.0.cookie_duration": "86400",
                            "stickiness.0.cookie_name": "",
                            "stickiness.0.enabled": "false",
                            "stickiness.0.type": "lb_cookie",
                            "tags.%": "0",
                            "tags_all.%": "0",
                            "target_type": "instance",
                            "vpc_id": "vpc-7d14a107"
                        },
                        "meta": {
                            "schema_version": 0
                        },
                        "tainted": false
                    },
                    "deposed": [],
                    "provider": "provider.aws"
                },
                "aws_lb_target_group.tfer--production-002D-palavyr-002D-targets": {
                    "type": "aws_lb_target_group",
                    "depends_on": [],
                    "primary": {
                        "id": "arn:aws:elasticloadbalancing:us-east-1:306885252482:targetgroup/production-palavyr-targets/0883c2b756bf8cd3",
                        "attributes": {
                            "arn": "arn:aws:elasticloadbalancing:us-east-1:306885252482:targetgroup/production-palavyr-targets/0883c2b756bf8cd3",
                            "arn_suffix": "targetgroup/production-palavyr-targets/0883c2b756bf8cd3",
                            "deregistration_delay": "300",
                            "health_check.#": "1",
                            "health_check.0.enabled": "true",
                            "health_check.0.healthy_threshold": "5",
                            "health_check.0.interval": "30",
                            "health_check.0.matcher": "200",
                            "health_check.0.path": "/healthcheck",
                            "health_check.0.port": "traffic-port",
                            "health_check.0.protocol": "HTTP",
                            "health_check.0.timeout": "5",
                            "health_check.0.unhealthy_threshold": "2",
                            "id": "arn:aws:elasticloadbalancing:us-east-1:306885252482:targetgroup/production-palavyr-targets/0883c2b756bf8cd3",
                            "load_balancing_algorithm_type": "round_robin",
                            "name": "production-palavyr-targets",
                            "port": "80",
                            "protocol": "HTTP",
                            "protocol_version": "HTTP1",
                            "slow_start": "0",
                            "stickiness.#": "1",
                            "stickiness.0.cookie_duration": "86400",
                            "stickiness.0.cookie_name": "",
                            "stickiness.0.enabled": "false",
                            "stickiness.0.type": "lb_cookie",
                            "tags.%": "1",
                            "tags.Palavyr": "rds production",
                            "tags_all.%": "1",
                            "tags_all.Palavyr": "rds production",
                            "target_type": "instance",
                            "vpc_id": "vpc-0658b6edff9ad6795"
                        },
                        "meta": {
                            "schema_version": 0
                        },
                        "tainted": false
                    },
                    "deposed": [],
                    "provider": "provider.aws"
                },
                "aws_lb_target_group.tfer--staging-002D-palavyr-002D-targets": {
                    "type": "aws_lb_target_group",
                    "depends_on": [],
                    "primary": {
                        "id": "arn:aws:elasticloadbalancing:us-east-1:306885252482:targetgroup/staging-palavyr-targets/0fb8a12bfcc51383",
                        "attributes": {
                            "arn": "arn:aws:elasticloadbalancing:us-east-1:306885252482:targetgroup/staging-palavyr-targets/0fb8a12bfcc51383",
                            "arn_suffix": "targetgroup/staging-palavyr-targets/0fb8a12bfcc51383",
                            "deregistration_delay": "300",
                            "health_check.#": "1",
                            "health_check.0.enabled": "true",
                            "health_check.0.healthy_threshold": "5",
                            "health_check.0.interval": "30",
                            "health_check.0.matcher": "200",
                            "health_check.0.path": "/healthcheck",
                            "health_check.0.port": "traffic-port",
                            "health_check.0.protocol": "HTTP",
                            "health_check.0.timeout": "5",
                            "health_check.0.unhealthy_threshold": "2",
                            "id": "arn:aws:elasticloadbalancing:us-east-1:306885252482:targetgroup/staging-palavyr-targets/0fb8a12bfcc51383",
                            "load_balancing_algorithm_type": "round_robin",
                            "name": "staging-palavyr-targets",
                            "port": "80",
                            "protocol": "HTTP",
                            "protocol_version": "HTTP1",
                            "slow_start": "0",
                            "stickiness.#": "1",
                            "stickiness.0.cookie_duration": "86400",
                            "stickiness.0.cookie_name": "",
                            "stickiness.0.enabled": "false",
                            "stickiness.0.type": "lb_cookie",
                            "tags.%": "0",
                            "tags_all.%": "0",
                            "target_type": "instance",
                            "vpc_id": "vpc-0658b6edff9ad6795"
                        },
                        "meta": {
                            "schema_version": 0
                        },
                        "tainted": false
                    },
                    "deposed": [],
                    "provider": "provider.aws"
                },
                "aws_lb_target_group_attachment.tfer--arn-003A-aws-003A-elasticloadbalancing-003A-us-002D-east-002D-1-003A-306885252482-003A-targetgroup-002F-production-002D-palavyr-002D-targets-002F-0883c2b756bf8cd3-002D-20220730012450999700000001": {
                    "type": "aws_lb_target_group_attachment",
                    "depends_on": [],
                    "primary": {
                        "id": "arn:aws:elasticloadbalancing:us-east-1:306885252482:targetgroup/production-palavyr-targets/0883c2b756bf8cd3-20220730012450999700000001",
                        "attributes": {
                            "id": "arn:aws:elasticloadbalancing:us-east-1:306885252482:targetgroup/production-palavyr-targets/0883c2b756bf8cd3-20220730012450999700000001",
                            "target_group_arn": "arn:aws:elasticloadbalancing:us-east-1:306885252482:targetgroup/production-palavyr-targets/0883c2b756bf8cd3",
                            "target_id": "i-080f76ecdd5beceb2"
                        },
                        "meta": {
                            "schema_version": 0
                        },
                        "tainted": false
                    },
                    "deposed": [],
                    "provider": "provider.aws"
                },
                "aws_main_route_table_association.tfer--vpc-002D-0658b6edff9ad6795": {
                    "type": "aws_main_route_table_association",
                    "depends_on": [],
                    "primary": {
                        "id": "rtbassoc-0db4244ad6d5b63b8",
                        "attributes": {
                            "id": "rtbassoc-0db4244ad6d5b63b8",
                            "route_table_id": "rtb-04e0b491f4190f5f4",
                            "vpc_id": "vpc-0658b6edff9ad6795"
                        },
                        "meta": {
                            "schema_version": 0
                        },
                        "tainted": false
                    },
                    "deposed": [],
                    "provider": "provider.aws"
                },
                "aws_network_acl.tfer--acl-002D-0ec9d3873a453b75e": {
                    "type": "aws_network_acl",
                    "depends_on": [],
                    "primary": {
                        "id": "acl-0ec9d3873a453b75e",
                        "attributes": {
                            "arn": "arn:aws:ec2:us-east-1:306885252482:network-acl/acl-0ec9d3873a453b75e",
                            "egress.#": "1",
                            "egress.0.action": "allow",
                            "egress.0.cidr_block": "0.0.0.0/0",
                            "egress.0.from_port": "0",
                            "egress.0.icmp_code": "0",
                            "egress.0.icmp_type": "0",
                            "egress.0.ipv6_cidr_block": "",
                            "egress.0.protocol": "-1",
                            "egress.0.rule_no": "100",
                            "egress.0.to_port": "0",
                            "id": "acl-0ec9d3873a453b75e",
                            "ingress.#": "1",
                            "ingress.0.action": "allow",
                            "ingress.0.cidr_block": "0.0.0.0/0",
                            "ingress.0.from_port": "0",
                            "ingress.0.icmp_code": "0",
                            "ingress.0.icmp_type": "0",
                            "ingress.0.ipv6_cidr_block": "",
                            "ingress.0.protocol": "-1",
                            "ingress.0.rule_no": "100",
                            "ingress.0.to_port": "0",
                            "owner_id": "306885252482",
                            "subnet_ids.#": "3",
                            "subnet_ids.0": "subnet-03e90beae4cbc97e3",
                            "subnet_ids.1": "subnet-0704cbef441993b25",
                            "subnet_ids.2": "subnet-0ccabdc7222055adf",
                            "tags.%": "0",
                            "tags_all.%": "0",
                            "vpc_id": "vpc-0658b6edff9ad6795"
                        },
                        "meta": {
                            "schema_version": 0
                        },
                        "tainted": false
                    },
                    "deposed": [],
                    "provider": "provider.aws"
                },
                "aws_network_interface.tfer--eni-002D-0102422eb42393bf3": {
                    "type": "aws_network_interface",
                    "depends_on": [],
                    "primary": {
                        "id": "eni-0102422eb42393bf3",
                        "attributes": {
                            "arn": "arn:aws:ec2:us-east-1:306885252482:network-interface/eni-0102422eb42393bf3",
                            "attachment.#": "1",
                            "attachment.0.attachment_id": "eni-attach-07f476e1154d27ed4",
                            "attachment.0.device_index": "1",
                            "attachment.0.instance": "",
                            "description": "ELB app/production-palavyr-loadbalancer/efce1837c433d91c",
                            "id": "eni-0102422eb42393bf3",
                            "interface_type": "interface",
                            "ipv4_prefix_count": "0",
                            "ipv4_prefixes.#": "0",
                            "ipv6_address_count": "0",
                            "ipv6_address_list.#": "0",
                            "ipv6_addresses.#": "0",
                            "ipv6_prefix_count": "0",
                            "ipv6_prefixes.#": "0",
                            "mac_address": "0e:46:d0:4f:ba:8b",
                            "outpost_arn": "",
                            "owner_id": "306885252482",
                            "private_dns_name": "ip-10-0-76-233.ec2.internal",
                            "private_ip": "10.0.76.233",
                            "private_ip_list.#": "1",
                            "private_ip_list.0": "10.0.76.233",
                            "private_ips.#": "1",
                            "private_ips.0": "10.0.76.233",
                            "private_ips_count": "0",
                            "security_groups.#": "1",
                            "security_groups.0": "sg-0b658d1cd68796271",
                            "source_dest_check": "true",
                            "subnet_id": "subnet-0ccabdc7222055adf",
                            "tags.%": "0",
                            "tags_all.%": "0"
                        },
                        "meta": {
                            "schema_version": 0
                        },
                        "tainted": false
                    },
                    "deposed": [],
                    "provider": "provider.aws"
                },
                "aws_network_interface.tfer--eni-002D-02dd72ddd3694a443": {
                    "type": "aws_network_interface",
                    "depends_on": [],
                    "primary": {
                        "id": "eni-02dd72ddd3694a443",
                        "attributes": {
                            "arn": "arn:aws:ec2:us-east-1:306885252482:network-interface/eni-02dd72ddd3694a443",
                            "attachment.#": "1",
                            "attachment.0.attachment_id": "eni-attach-085b2f5769e03e2b0",
                            "attachment.0.device_index": "0",
                            "attachment.0.instance": "i-080f76ecdd5beceb2",
                            "description": "Primary network interface",
                            "id": "eni-02dd72ddd3694a443",
                            "interface_type": "interface",
                            "ipv4_prefix_count": "0",
                            "ipv4_prefixes.#": "0",
                            "ipv6_address_count": "0",
                            "ipv6_address_list.#": "0",
                            "ipv6_addresses.#": "0",
                            "ipv6_prefix_count": "0",
                            "ipv6_prefixes.#": "0",
                            "mac_address": "0e:67:6d:1e:21:49",
                            "outpost_arn": "",
                            "owner_id": "306885252482",
                            "private_dns_name": "ip-10-0-97-58.ec2.internal",
                            "private_ip": "10.0.97.58",
                            "private_ip_list.#": "1",
                            "private_ip_list.0": "10.0.97.58",
                            "private_ips.#": "1",
                            "private_ips.0": "10.0.97.58",
                            "private_ips_count": "0",
                            "security_groups.#": "1",
                            "security_groups.0": "sg-0b658d1cd68796271",
                            "source_dest_check": "true",
                            "subnet_id": "subnet-0ccabdc7222055adf",
                            "tags.%": "1",
                            "tags.Palavyr": "EC2",
                            "tags_all.%": "1",
                            "tags_all.Palavyr": "EC2"
                        },
                        "meta": {
                            "schema_version": 0
                        },
                        "tainted": false
                    },
                    "deposed": [],
                    "provider": "provider.aws"
                },
                "aws_network_interface.tfer--eni-002D-07e318bdc98fe7f92": {
                    "type": "aws_network_interface",
                    "depends_on": [],
                    "primary": {
                        "id": "eni-07e318bdc98fe7f92",
                        "attributes": {
                            "arn": "arn:aws:ec2:us-east-1:306885252482:network-interface/eni-07e318bdc98fe7f92",
                            "attachment.#": "1",
                            "attachment.0.attachment_id": "eni-attach-0ad505b0f1a7e5eee",
                            "attachment.0.device_index": "1",
                            "attachment.0.instance": "",
                            "description": "ELB app/production-palavyr-loadbalancer/efce1837c433d91c",
                            "id": "eni-07e318bdc98fe7f92",
                            "interface_type": "interface",
                            "ipv4_prefix_count": "0",
                            "ipv4_prefixes.#": "0",
                            "ipv6_address_count": "0",
                            "ipv6_address_list.#": "0",
                            "ipv6_addresses.#": "0",
                            "ipv6_prefix_count": "0",
                            "ipv6_prefixes.#": "0",
                            "mac_address": "02:d8:55:a5:7e:b9",
                            "outpost_arn": "",
                            "owner_id": "306885252482",
                            "private_dns_name": "ip-10-1-90-140.ec2.internal",
                            "private_ip": "10.1.90.140",
                            "private_ip_list.#": "1",
                            "private_ip_list.0": "10.1.90.140",
                            "private_ips.#": "1",
                            "private_ips.0": "10.1.90.140",
                            "private_ips_count": "0",
                            "security_groups.#": "1",
                            "security_groups.0": "sg-0b658d1cd68796271",
                            "source_dest_check": "true",
                            "subnet_id": "subnet-0704cbef441993b25",
                            "tags.%": "0",
                            "tags_all.%": "0"
                        },
                        "meta": {
                            "schema_version": 0
                        },
                        "tainted": false
                    },
                    "deposed": [],
                    "provider": "provider.aws"
                },
                "aws_network_interface.tfer--eni-002D-08f825c0eb0c2ff0e": {
                    "type": "aws_network_interface",
                    "depends_on": [],
                    "primary": {
                        "id": "eni-08f825c0eb0c2ff0e",
                        "attributes": {
                            "arn": "arn:aws:ec2:us-east-1:306885252482:network-interface/eni-08f825c0eb0c2ff0e",
                            "attachment.#": "1",
                            "attachment.0.attachment_id": "eni-attach-039b22844741be49a",
                            "attachment.0.device_index": "1",
                            "attachment.0.instance": "",
                            "description": "RDSNetworkInterface",
                            "id": "eni-08f825c0eb0c2ff0e",
                            "interface_type": "interface",
                            "ipv4_prefix_count": "0",
                            "ipv4_prefixes.#": "0",
                            "ipv6_address_count": "0",
                            "ipv6_address_list.#": "0",
                            "ipv6_addresses.#": "0",
                            "ipv6_prefix_count": "0",
                            "ipv6_prefixes.#": "0",
                            "mac_address": "02:a0:8f:dd:ec:37",
                            "outpost_arn": "",
                            "owner_id": "306885252482",
                            "private_dns_name": "ip-10-1-27-93.ec2.internal",
                            "private_ip": "10.1.27.93",
                            "private_ip_list.#": "1",
                            "private_ip_list.0": "10.1.27.93",
                            "private_ips.#": "1",
                            "private_ips.0": "10.1.27.93",
                            "private_ips_count": "0",
                            "security_groups.#": "1",
                            "security_groups.0": "sg-0b658d1cd68796271",
                            "source_dest_check": "true",
                            "subnet_id": "subnet-0704cbef441993b25",
                            "tags.%": "0",
                            "tags_all.%": "0"
                        },
                        "meta": {
                            "schema_version": 0
                        },
                        "tainted": false
                    },
                    "deposed": [],
                    "provider": "provider.aws"
                },
                "aws_route53_record.tfer--Z0392348306WBDPNO6FWU__2481dde6dcb67a702120ae4352a5215d-002E-app-002E-palavyr-002E-com-002E-_CNAME_": {
                    "type": "aws_route53_record",
                    "depends_on": [],
                    "primary": {
                        "id": "Z0392348306WBDPNO6FWU__2481dde6dcb67a702120ae4352a5215d.app.palavyr.com._CNAME_",
                        "attributes": {
                            "fqdn": "_2481dde6dcb67a702120ae4352a5215d.app.palavyr.com",
                            "health_check_id": "",
                            "id": "Z0392348306WBDPNO6FWU__2481dde6dcb67a702120ae4352a5215d.app.palavyr.com._CNAME_",
                            "name": "_2481dde6dcb67a702120ae4352a5215d.app.palavyr.com",
                            "records.#": "1",
                            "records.0": "_74ba60a86741d78adc91ffd971a8ef5a.ylqxxscwpq.acm-validations.aws.",
                            "set_identifier": "",
                            "ttl": "300",
                            "type": "CNAME",
                            "zone_id": "Z0392348306WBDPNO6FWU"
                        },
                        "meta": {
                            "schema_version": 2
                        },
                        "tainted": false
                    },
                    "deposed": [],
                    "provider": "provider.aws"
                },
                "aws_route53_record.tfer--Z0392348306WBDPNO6FWU__2c90992853fca21ee536026a9a518995-002E-palavyr-002E-com-002E-_CNAME_": {
                    "type": "aws_route53_record",
                    "depends_on": [],
                    "primary": {
                        "id": "Z0392348306WBDPNO6FWU__2c90992853fca21ee536026a9a518995.palavyr.com._CNAME_",
                        "attributes": {
                            "fqdn": "_2c90992853fca21ee536026a9a518995.palavyr.com",
                            "health_check_id": "",
                            "id": "Z0392348306WBDPNO6FWU__2c90992853fca21ee536026a9a518995.palavyr.com._CNAME_",
                            "name": "_2c90992853fca21ee536026a9a518995.palavyr.com",
                            "records.#": "1",
                            "records.0": "_e3133e5ae6856df5c59618ed11ea05ce.ylqxxscwpq.acm-validations.aws.",
                            "set_identifier": "",
                            "ttl": "500",
                            "type": "CNAME",
                            "zone_id": "Z0392348306WBDPNO6FWU"
                        },
                        "meta": {
                            "schema_version": 2
                        },
                        "tainted": false
                    },
                    "deposed": [],
                    "provider": "provider.aws"
                },
                "aws_route53_record.tfer--Z0392348306WBDPNO6FWU__2c90992853fca21ee536026a9a518995-002E-palavyr-002E-com-002E-palavyr-002E-com-002E-_CNAME_": {
                    "type": "aws_route53_record",
                    "depends_on": [],
                    "primary": {
                        "id": "Z0392348306WBDPNO6FWU__2c90992853fca21ee536026a9a518995.palavyr.com.palavyr.com._CNAME_",
                        "attributes": {
                            "fqdn": "_2c90992853fca21ee536026a9a518995.palavyr.com.palavyr.com",
                            "health_check_id": "",
                            "id": "Z0392348306WBDPNO6FWU__2c90992853fca21ee536026a9a518995.palavyr.com.palavyr.com._CNAME_",
                            "name": "_2c90992853fca21ee536026a9a518995.palavyr.com.palavyr.com",
                            "records.#": "1",
                            "records.0": "_e3133e5ae6856df5c59618ed11ea05ce.ylqxxscwpq.acm-validations.aws.",
                            "set_identifier": "",
                            "ttl": "300",
                            "type": "CNAME",
                            "zone_id": "Z0392348306WBDPNO6FWU"
                        },
                        "meta": {
                            "schema_version": 2
                        },
                        "tainted": false
                    },
                    "deposed": [],
                    "provider": "provider.aws"
                },
                "aws_route53_record.tfer--Z0392348306WBDPNO6FWU__2e0470f870d6941d634274bd1e7dd086-002E-server-002E-palavyr-002E-com-002E-_CNAME_": {
                    "type": "aws_route53_record",
                    "depends_on": [],
                    "primary": {
                        "id": "Z0392348306WBDPNO6FWU__2e0470f870d6941d634274bd1e7dd086.server.palavyr.com._CNAME_",
                        "attributes": {
                            "fqdn": "_2e0470f870d6941d634274bd1e7dd086.server.palavyr.com",
                            "health_check_id": "",
                            "id": "Z0392348306WBDPNO6FWU__2e0470f870d6941d634274bd1e7dd086.server.palavyr.com._CNAME_",
                            "name": "_2e0470f870d6941d634274bd1e7dd086.server.palavyr.com",
                            "records.#": "1",
                            "records.0": "14AE5F3438F92AEA9D090829698F3DAD.5462A622E76EDE28FE630D08D0E05725.aa6a75997ff03c7.comodoca.com",
                            "set_identifier": "",
                            "ttl": "300",
                            "type": "CNAME",
                            "zone_id": "Z0392348306WBDPNO6FWU"
                        },
                        "meta": {
                            "schema_version": 2
                        },
                        "tainted": false
                    },
                    "deposed": [],
                    "provider": "provider.aws"
                },
                "aws_route53_record.tfer--Z0392348306WBDPNO6FWU__5b2cf07b17c29d0ff2ffe7a0377a80f1-002E-www-002E-staging-002E-app-002E-palavyr-002E-com-002E-_CNAME_": {
                    "type": "aws_route53_record",
                    "depends_on": [],
                    "primary": {
                        "id": "Z0392348306WBDPNO6FWU__5b2cf07b17c29d0ff2ffe7a0377a80f1.www.staging.app.palavyr.com._CNAME_",
                        "attributes": {
                            "fqdn": "_5b2cf07b17c29d0ff2ffe7a0377a80f1.www.staging.app.palavyr.com",
                            "health_check_id": "",
                            "id": "Z0392348306WBDPNO6FWU__5b2cf07b17c29d0ff2ffe7a0377a80f1.www.staging.app.palavyr.com._CNAME_",
                            "name": "_5b2cf07b17c29d0ff2ffe7a0377a80f1.www.staging.app.palavyr.com",
                            "records.#": "1",
                            "records.0": "_d770a4d4506a54e8fe6ccd03c20e52b4.ylqxxscwpq.acm-validations.aws.",
                            "set_identifier": "",
                            "ttl": "300",
                            "type": "CNAME",
                            "zone_id": "Z0392348306WBDPNO6FWU"
                        },
                        "meta": {
                            "schema_version": 2
                        },
                        "tainted": false
                    },
                    "deposed": [],
                    "provider": "provider.aws"
                },
                "aws_route53_record.tfer--Z0392348306WBDPNO6FWU__74b6a34e346830857515171cb07f8672-002E-staging-002E-app-002E-palavyr-002E-com-002E-_CNAME_": {
                    "type": "aws_route53_record",
                    "depends_on": [],
                    "primary": {
                        "id": "Z0392348306WBDPNO6FWU__74b6a34e346830857515171cb07f8672.staging.app.palavyr.com._CNAME_",
                        "attributes": {
                            "fqdn": "_74b6a34e346830857515171cb07f8672.staging.app.palavyr.com",
                            "health_check_id": "",
                            "id": "Z0392348306WBDPNO6FWU__74b6a34e346830857515171cb07f8672.staging.app.palavyr.com._CNAME_",
                            "name": "_74b6a34e346830857515171cb07f8672.staging.app.palavyr.com",
                            "records.#": "1",
                            "records.0": "_b17a814fe2a46cbefd732995d550e27a.ylqxxscwpq.acm-validations.aws.",
                            "set_identifier": "",
                            "ttl": "300",
                            "type": "CNAME",
                            "zone_id": "Z0392348306WBDPNO6FWU"
                        },
                        "meta": {
                            "schema_version": 2
                        },
                        "tainted": false
                    },
                    "deposed": [],
                    "provider": "provider.aws"
                },
                "aws_route53_record.tfer--Z0392348306WBDPNO6FWU__94ee71fa70fef497de4ba7d0b9bac392-002E-palavyr-002E-com-002E-_CNAME_": {
                    "type": "aws_route53_record",
                    "depends_on": [],
                    "primary": {
                        "id": "Z0392348306WBDPNO6FWU__94ee71fa70fef497de4ba7d0b9bac392.palavyr.com._CNAME_",
                        "attributes": {
                            "fqdn": "_94ee71fa70fef497de4ba7d0b9bac392.palavyr.com",
                            "health_check_id": "",
                            "id": "Z0392348306WBDPNO6FWU__94ee71fa70fef497de4ba7d0b9bac392.palavyr.com._CNAME_",
                            "name": "_94ee71fa70fef497de4ba7d0b9bac392.palavyr.com",
                            "records.#": "1",
                            "records.0": "_e672ba393738d6f10b0f35f242a2151e.zdxcnfdgtt.acm-validations.aws.",
                            "set_identifier": "",
                            "ttl": "300",
                            "type": "CNAME",
                            "zone_id": "Z0392348306WBDPNO6FWU"
                        },
                        "meta": {
                            "schema_version": 2
                        },
                        "tainted": false
                    },
                    "deposed": [],
                    "provider": "provider.aws"
                },
                "aws_route53_record.tfer--Z0392348306WBDPNO6FWU__c017c56585630b2ba727226472a839b6-002E-widget-002E-palavyr-002E-com-002E-_CNAME_": {
                    "type": "aws_route53_record",
                    "depends_on": [],
                    "primary": {
                        "id": "Z0392348306WBDPNO6FWU__c017c56585630b2ba727226472a839b6.widget.palavyr.com._CNAME_",
                        "attributes": {
                            "fqdn": "_c017c56585630b2ba727226472a839b6.widget.palavyr.com",
                            "health_check_id": "",
                            "id": "Z0392348306WBDPNO6FWU__c017c56585630b2ba727226472a839b6.widget.palavyr.com._CNAME_",
                            "name": "_c017c56585630b2ba727226472a839b6.widget.palavyr.com",
                            "records.#": "1",
                            "records.0": "_89c066d3949f0d2917ad25c1c5fb2882.zdxcnfdgtt.acm-validations.aws.",
                            "set_identifier": "",
                            "ttl": "300",
                            "type": "CNAME",
                            "zone_id": "Z0392348306WBDPNO6FWU"
                        },
                        "meta": {
                            "schema_version": 2
                        },
                        "tainted": false
                    },
                    "deposed": [],
                    "provider": "provider.aws"
                },
                "aws_route53_record.tfer--Z0392348306WBDPNO6FWU__d471c080522376fc27c8637e66bb6f56-002E-server-002E-palavyr-002E-com-002E-_CNAME_": {
                    "type": "aws_route53_record",
                    "depends_on": [],
                    "primary": {
                        "id": "Z0392348306WBDPNO6FWU__d471c080522376fc27c8637e66bb6f56.server.palavyr.com._CNAME_",
                        "attributes": {
                            "fqdn": "_d471c080522376fc27c8637e66bb6f56.server.palavyr.com",
                            "health_check_id": "",
                            "id": "Z0392348306WBDPNO6FWU__d471c080522376fc27c8637e66bb6f56.server.palavyr.com._CNAME_",
                            "name": "_d471c080522376fc27c8637e66bb6f56.server.palavyr.com",
                            "records.#": "1",
                            "records.0": "_53b14a5b617d7faea7b05ef0fffa0124.zdxcnfdgtt.acm-validations.aws.",
                            "set_identifier": "",
                            "ttl": "300",
                            "type": "CNAME",
                            "zone_id": "Z0392348306WBDPNO6FWU"
                        },
                        "meta": {
                            "schema_version": 2
                        },
                        "tainted": false
                    },
                    "deposed": [],
                    "provider": "provider.aws"
                },
                "aws_route53_record.tfer--Z0392348306WBDPNO6FWU_app-002E-palavyr-002E-com-002E-_A_": {
                    "type": "aws_route53_record",
                    "depends_on": [],
                    "primary": {
                        "id": "Z0392348306WBDPNO6FWU_app.palavyr.com._A_",
                        "attributes": {
                            "alias.#": "1",
                            "alias.0.evaluate_target_health": "false",
                            "alias.0.name": "d3d02ewghyvfom.cloudfront.net",
                            "alias.0.zone_id": "Z2FDTNDATAQYW2",
                            "fqdn": "app.palavyr.com",
                            "health_check_id": "",
                            "id": "Z0392348306WBDPNO6FWU_app.palavyr.com._A_",
                            "name": "app.palavyr.com",
                            "records.#": "0",
                            "set_identifier": "",
                            "ttl": "0",
                            "type": "A",
                            "zone_id": "Z0392348306WBDPNO6FWU"
                        },
                        "meta": {
                            "schema_version": 2
                        },
                        "tainted": false
                    },
                    "deposed": [],
                    "provider": "provider.aws"
                },
                "aws_route53_record.tfer--Z0392348306WBDPNO6FWU_palavyr-002E-com-002E-_A_": {
                    "type": "aws_route53_record",
                    "depends_on": [],
                    "primary": {
                        "id": "Z0392348306WBDPNO6FWU_palavyr.com._A_",
                        "attributes": {
                            "alias.#": "1",
                            "alias.0.evaluate_target_health": "false",
                            "alias.0.name": "d25ob2k1am9duh.cloudfront.net",
                            "alias.0.zone_id": "Z2FDTNDATAQYW2",
                            "fqdn": "palavyr.com",
                            "health_check_id": "",
                            "id": "Z0392348306WBDPNO6FWU_palavyr.com._A_",
                            "name": "palavyr.com",
                            "records.#": "0",
                            "set_identifier": "",
                            "ttl": "0",
                            "type": "A",
                            "zone_id": "Z0392348306WBDPNO6FWU"
                        },
                        "meta": {
                            "schema_version": 2
                        },
                        "tainted": false
                    },
                    "deposed": [],
                    "provider": "provider.aws"
                },
                "aws_route53_record.tfer--Z0392348306WBDPNO6FWU_palavyr-002E-com-002E-_NS_": {
                    "type": "aws_route53_record",
                    "depends_on": [],
                    "primary": {
                        "id": "Z0392348306WBDPNO6FWU_palavyr.com._NS_",
                        "attributes": {
                            "fqdn": "palavyr.com",
                            "health_check_id": "",
                            "id": "Z0392348306WBDPNO6FWU_palavyr.com._NS_",
                            "name": "palavyr.com",
                            "records.#": "4",
                            "records.0": "ns-1321.awsdns-37.org.",
                            "records.1": "ns-1578.awsdns-05.co.uk.",
                            "records.2": "ns-803.awsdns-36.net.",
                            "records.3": "ns-9.awsdns-01.com.",
                            "set_identifier": "",
                            "ttl": "172800",
                            "type": "NS",
                            "zone_id": "Z0392348306WBDPNO6FWU"
                        },
                        "meta": {
                            "schema_version": 2
                        },
                        "tainted": false
                    },
                    "deposed": [],
                    "provider": "provider.aws"
                },
                "aws_route53_record.tfer--Z0392348306WBDPNO6FWU_palavyr-002E-com-002E-_SOA_": {
                    "type": "aws_route53_record",
                    "depends_on": [],
                    "primary": {
                        "id": "Z0392348306WBDPNO6FWU_palavyr.com._SOA_",
                        "attributes": {
                            "fqdn": "palavyr.com",
                            "health_check_id": "",
                            "id": "Z0392348306WBDPNO6FWU_palavyr.com._SOA_",
                            "name": "palavyr.com",
                            "records.#": "1",
                            "records.0": "ns-9.awsdns-01.com. awsdns-hostmaster.amazon.com. 1 7200 900 1209600 86400",
                            "set_identifier": "",
                            "ttl": "900",
                            "type": "SOA",
                            "zone_id": "Z0392348306WBDPNO6FWU"
                        },
                        "meta": {
                            "schema_version": 2
                        },
                        "tainted": false
                    },
                    "deposed": [],
                    "provider": "provider.aws"
                },
                "aws_route53_record.tfer--Z0392348306WBDPNO6FWU_palavyr-002E-com-002E-_TXT_": {
                    "type": "aws_route53_record",
                    "depends_on": [],
                    "primary": {
                        "id": "Z0392348306WBDPNO6FWU_palavyr.com._TXT_",
                        "attributes": {
                            "fqdn": "palavyr.com",
                            "health_check_id": "",
                            "id": "Z0392348306WBDPNO6FWU_palavyr.com._TXT_",
                            "name": "palavyr.com",
                            "records.#": "1",
                            "records.0": "google-site-verification=IckcjSMeYih40iE1g1GDtsRnALsU5SYI0G_Cksztxwk",
                            "set_identifier": "",
                            "ttl": "300",
                            "type": "TXT",
                            "zone_id": "Z0392348306WBDPNO6FWU"
                        },
                        "meta": {
                            "schema_version": 2
                        },
                        "tainted": false
                    },
                    "deposed": [],
                    "provider": "provider.aws"
                },
                "aws_route53_record.tfer--Z0392348306WBDPNO6FWU_server-002E-palavyr-002E-com-002E-_A_": {
                    "type": "aws_route53_record",
                    "depends_on": [],
                    "primary": {
                        "id": "Z0392348306WBDPNO6FWU_server.palavyr.com._A_",
                        "attributes": {
                            "alias.#": "1",
                            "alias.0.evaluate_target_health": "false",
                            "alias.0.name": "dualstack.production-palavyr-loadbalancer-844715446.us-east-1.elb.amazonaws.com",
                            "alias.0.zone_id": "Z35SXDOTRQ7X7K",
                            "fqdn": "server.palavyr.com",
                            "health_check_id": "",
                            "id": "Z0392348306WBDPNO6FWU_server.palavyr.com._A_",
                            "name": "server.palavyr.com",
                            "records.#": "0",
                            "set_identifier": "",
                            "ttl": "0",
                            "type": "A",
                            "zone_id": "Z0392348306WBDPNO6FWU"
                        },
                        "meta": {
                            "schema_version": 2
                        },
                        "tainted": false
                    },
                    "deposed": [],
                    "provider": "provider.aws"
                },
                "aws_route53_record.tfer--Z0392348306WBDPNO6FWU_staging-002E-app-002E-palavyr-002E-com-002E-_A_": {
                    "type": "aws_route53_record",
                    "depends_on": [],
                    "primary": {
                        "id": "Z0392348306WBDPNO6FWU_staging.app.palavyr.com._A_",
                        "attributes": {
                            "alias.#": "1",
                            "alias.0.evaluate_target_health": "false",
                            "alias.0.name": "d9uue0l9suq2f.cloudfront.net",
                            "alias.0.zone_id": "Z2FDTNDATAQYW2",
                            "fqdn": "staging.app.palavyr.com",
                            "health_check_id": "",
                            "id": "Z0392348306WBDPNO6FWU_staging.app.palavyr.com._A_",
                            "name": "staging.app.palavyr.com",
                            "records.#": "0",
                            "set_identifier": "",
                            "ttl": "0",
                            "type": "A",
                            "zone_id": "Z0392348306WBDPNO6FWU"
                        },
                        "meta": {
                            "schema_version": 2
                        },
                        "tainted": false
                    },
                    "deposed": [],
                    "provider": "provider.aws"
                },
                "aws_route53_record.tfer--Z0392348306WBDPNO6FWU_staging-002E-server-002E-palavyr-002E-com-002E-_A_": {
                    "type": "aws_route53_record",
                    "depends_on": [],
                    "primary": {
                        "id": "Z0392348306WBDPNO6FWU_staging.server.palavyr.com._A_",
                        "attributes": {
                            "alias.#": "1",
                            "alias.0.evaluate_target_health": "true",
                            "alias.0.name": "dualstack.staging-palavyr-loadbalancer-645025361.us-east-1.elb.amazonaws.com",
                            "alias.0.zone_id": "Z35SXDOTRQ7X7K",
                            "fqdn": "staging.server.palavyr.com",
                            "health_check_id": "",
                            "id": "Z0392348306WBDPNO6FWU_staging.server.palavyr.com._A_",
                            "name": "staging.server.palavyr.com",
                            "records.#": "0",
                            "set_identifier": "",
                            "ttl": "0",
                            "type": "A",
                            "zone_id": "Z0392348306WBDPNO6FWU"
                        },
                        "meta": {
                            "schema_version": 2
                        },
                        "tainted": false
                    },
                    "deposed": [],
                    "provider": "provider.aws"
                },
                "aws_route53_record.tfer--Z0392348306WBDPNO6FWU_staging-002E-widget-002E-palavyr-002E-com-002E-_A_": {
                    "type": "aws_route53_record",
                    "depends_on": [],
                    "primary": {
                        "id": "Z0392348306WBDPNO6FWU_staging.widget.palavyr.com._A_",
                        "attributes": {
                            "alias.#": "1",
                            "alias.0.evaluate_target_health": "false",
                            "alias.0.name": "dh2n7jmr2lrle.cloudfront.net",
                            "alias.0.zone_id": "Z2FDTNDATAQYW2",
                            "fqdn": "staging.widget.palavyr.com",
                            "health_check_id": "",
                            "id": "Z0392348306WBDPNO6FWU_staging.widget.palavyr.com._A_",
                            "name": "staging.widget.palavyr.com",
                            "records.#": "0",
                            "set_identifier": "",
                            "ttl": "0",
                            "type": "A",
                            "zone_id": "Z0392348306WBDPNO6FWU"
                        },
                        "meta": {
                            "schema_version": 2
                        },
                        "tainted": false
                    },
                    "deposed": [],
                    "provider": "provider.aws"
                },
                "aws_route53_record.tfer--Z0392348306WBDPNO6FWU_widget-002E-palavyr-002E-com-002E-_A_": {
                    "type": "aws_route53_record",
                    "depends_on": [],
                    "primary": {
                        "id": "Z0392348306WBDPNO6FWU_widget.palavyr.com._A_",
                        "attributes": {
                            "alias.#": "1",
                            "alias.0.evaluate_target_health": "false",
                            "alias.0.name": "drtnvpgvsoe97.cloudfront.net",
                            "alias.0.zone_id": "Z2FDTNDATAQYW2",
                            "fqdn": "widget.palavyr.com",
                            "health_check_id": "",
                            "id": "Z0392348306WBDPNO6FWU_widget.palavyr.com._A_",
                            "name": "widget.palavyr.com",
                            "records.#": "0",
                            "set_identifier": "",
                            "ttl": "0",
                            "type": "A",
                            "zone_id": "Z0392348306WBDPNO6FWU"
                        },
                        "meta": {
                            "schema_version": 2
                        },
                        "tainted": false
                    },
                    "deposed": [],
                    "provider": "provider.aws"
                },
                "aws_route53_record.tfer--Z0392348306WBDPNO6FWU_www-002E-app-002E-palavyr-002E-com-002E-_A_": {
                    "type": "aws_route53_record",
                    "depends_on": [],
                    "primary": {
                        "id": "Z0392348306WBDPNO6FWU_www.app.palavyr.com._A_",
                        "attributes": {
                            "alias.#": "1",
                            "alias.0.evaluate_target_health": "false",
                            "alias.0.name": "d3d02ewghyvfom.cloudfront.net",
                            "alias.0.zone_id": "Z2FDTNDATAQYW2",
                            "fqdn": "www.app.palavyr.com",
                            "health_check_id": "",
                            "id": "Z0392348306WBDPNO6FWU_www.app.palavyr.com._A_",
                            "name": "www.app.palavyr.com",
                            "records.#": "0",
                            "set_identifier": "",
                            "ttl": "0",
                            "type": "A",
                            "zone_id": "Z0392348306WBDPNO6FWU"
                        },
                        "meta": {
                            "schema_version": 2
                        },
                        "tainted": false
                    },
                    "deposed": [],
                    "provider": "provider.aws"
                },
                "aws_route53_record.tfer--Z0392348306WBDPNO6FWU_www-002E-palavyr-002E-com-002E-_CNAME_": {
                    "type": "aws_route53_record",
                    "depends_on": [],
                    "primary": {
                        "id": "Z0392348306WBDPNO6FWU_www.palavyr.com._CNAME_",
                        "attributes": {
                            "fqdn": "www.palavyr.com",
                            "health_check_id": "",
                            "id": "Z0392348306WBDPNO6FWU_www.palavyr.com._CNAME_",
                            "name": "www.palavyr.com",
                            "records.#": "1",
                            "records.0": "d25ob2k1am9duh.cloudfront.net",
                            "set_identifier": "",
                            "ttl": "500",
                            "type": "CNAME",
                            "zone_id": "Z0392348306WBDPNO6FWU"
                        },
                        "meta": {
                            "schema_version": 2
                        },
                        "tainted": false
                    },
                    "deposed": [],
                    "provider": "provider.aws"
                },
                "aws_route53_record.tfer--Z0392348306WBDPNO6FWU_www-002E-server-002E-palavyr-002E-com-002E-_A_": {
                    "type": "aws_route53_record",
                    "depends_on": [],
                    "primary": {
                        "id": "Z0392348306WBDPNO6FWU_www.server.palavyr.com._A_",
                        "attributes": {
                            "alias.#": "1",
                            "alias.0.evaluate_target_health": "false",
                            "alias.0.name": "dualstack.production-palavyr-loadbalancer-844715446.us-east-1.elb.amazonaws.com",
                            "alias.0.zone_id": "Z35SXDOTRQ7X7K",
                            "fqdn": "www.server.palavyr.com",
                            "health_check_id": "",
                            "id": "Z0392348306WBDPNO6FWU_www.server.palavyr.com._A_",
                            "name": "www.server.palavyr.com",
                            "records.#": "0",
                            "set_identifier": "",
                            "ttl": "0",
                            "type": "A",
                            "zone_id": "Z0392348306WBDPNO6FWU"
                        },
                        "meta": {
                            "schema_version": 2
                        },
                        "tainted": false
                    },
                    "deposed": [],
                    "provider": "provider.aws"
                },
                "aws_route53_record.tfer--Z0392348306WBDPNO6FWU_www-002E-staging-002E-app-002E-palavyr-002E-com-002E-_A_": {
                    "type": "aws_route53_record",
                    "depends_on": [],
                    "primary": {
                        "id": "Z0392348306WBDPNO6FWU_www.staging.app.palavyr.com._A_",
                        "attributes": {
                            "alias.#": "1",
                            "alias.0.evaluate_target_health": "false",
                            "alias.0.name": "d9uue0l9suq2f.cloudfront.net",
                            "alias.0.zone_id": "Z2FDTNDATAQYW2",
                            "fqdn": "www.staging.app.palavyr.com",
                            "health_check_id": "",
                            "id": "Z0392348306WBDPNO6FWU_www.staging.app.palavyr.com._A_",
                            "name": "www.staging.app.palavyr.com",
                            "records.#": "0",
                            "set_identifier": "",
                            "ttl": "0",
                            "type": "A",
                            "zone_id": "Z0392348306WBDPNO6FWU"
                        },
                        "meta": {
                            "schema_version": 2
                        },
                        "tainted": false
                    },
                    "deposed": [],
                    "provider": "provider.aws"
                },
                "aws_route53_record.tfer--Z0392348306WBDPNO6FWU_www-002E-staging-002E-server-002E-palavyr-002E-com-002E-_A_": {
                    "type": "aws_route53_record",
                    "depends_on": [],
                    "primary": {
                        "id": "Z0392348306WBDPNO6FWU_www.staging.server.palavyr.com._A_",
                        "attributes": {
                            "alias.#": "1",
                            "alias.0.evaluate_target_health": "true",
                            "alias.0.name": "dualstack.staging-palavyr-loadbalancer-645025361.us-east-1.elb.amazonaws.com",
                            "alias.0.zone_id": "Z35SXDOTRQ7X7K",
                            "fqdn": "www.staging.server.palavyr.com",
                            "health_check_id": "",
                            "id": "Z0392348306WBDPNO6FWU_www.staging.server.palavyr.com._A_",
                            "name": "www.staging.server.palavyr.com",
                            "records.#": "0",
                            "set_identifier": "",
                            "ttl": "0",
                            "type": "A",
                            "zone_id": "Z0392348306WBDPNO6FWU"
                        },
                        "meta": {
                            "schema_version": 2
                        },
                        "tainted": false
                    },
                    "deposed": [],
                    "provider": "provider.aws"
                },
                "aws_route53_record.tfer--Z0392348306WBDPNO6FWU_www-002E-widget-002E-palavyr-002E-com-002E-_A_": {
                    "type": "aws_route53_record",
                    "depends_on": [],
                    "primary": {
                        "id": "Z0392348306WBDPNO6FWU_www.widget.palavyr.com._A_",
                        "attributes": {
                            "alias.#": "1",
                            "alias.0.evaluate_target_health": "false",
                            "alias.0.name": "drtnvpgvsoe97.cloudfront.net",
                            "alias.0.zone_id": "Z2FDTNDATAQYW2",
                            "fqdn": "www.widget.palavyr.com",
                            "health_check_id": "",
                            "id": "Z0392348306WBDPNO6FWU_www.widget.palavyr.com._A_",
                            "name": "www.widget.palavyr.com",
                            "records.#": "0",
                            "set_identifier": "",
                            "ttl": "0",
                            "type": "A",
                            "zone_id": "Z0392348306WBDPNO6FWU"
                        },
                        "meta": {
                            "schema_version": 2
                        },
                        "tainted": false
                    },
                    "deposed": [],
                    "provider": "provider.aws"
                },
                "aws_route53_zone.tfer--Z0392348306WBDPNO6FWU_palavyr-002E-com": {
                    "type": "aws_route53_zone",
                    "depends_on": [],
                    "primary": {
                        "id": "Z0392348306WBDPNO6FWU",
                        "attributes": {
                            "arn": "arn:aws:route53:::hostedzone/Z0392348306WBDPNO6FWU",
                            "comment": "HostedZone created by Route53 Registrar",
                            "delegation_set_id": "",
                            "force_destroy": "false",
                            "id": "Z0392348306WBDPNO6FWU",
                            "name": "palavyr.com",
                            "name_servers.#": "4",
                            "name_servers.0": "ns-1321.awsdns-37.org",
                            "name_servers.1": "ns-1578.awsdns-05.co.uk",
                            "name_servers.2": "ns-803.awsdns-36.net",
                            "name_servers.3": "ns-9.awsdns-01.com",
                            "tags.%": "0",
                            "tags_all.%": "0",
                            "vpc.#": "0",
                            "zone_id": "Z0392348306WBDPNO6FWU"
                        },
                        "meta": {
                            "schema_version": 0
                        },
                        "tainted": false
                    },
                    "deposed": [],
                    "provider": "provider.aws"
                },
                "aws_route_table.tfer--rtb-002D-04e0b491f4190f5f4": {
                    "type": "aws_route_table",
                    "depends_on": [],
                    "primary": {
                        "id": "rtb-04e0b491f4190f5f4",
                        "attributes": {
                            "arn": "arn:aws:ec2:us-east-1:306885252482:route-table/rtb-04e0b491f4190f5f4",
                            "id": "rtb-04e0b491f4190f5f4",
                            "owner_id": "306885252482",
                            "propagating_vgws.#": "0",
                            "route.#": "1",
                            "route.0.carrier_gateway_id": "",
                            "route.0.cidr_block": "0.0.0.0/0",
                            "route.0.core_network_arn": "",
                            "route.0.destination_prefix_list_id": "",
                            "route.0.egress_only_gateway_id": "",
                            "route.0.gateway_id": "igw-01e0fa378e8d55a55",
                            "route.0.instance_id": "",
                            "route.0.ipv6_cidr_block": "",
                            "route.0.local_gateway_id": "",
                            "route.0.nat_gateway_id": "",
                            "route.0.network_interface_id": "",
                            "route.0.transit_gateway_id": "",
                            "route.0.vpc_endpoint_id": "",
                            "route.0.vpc_peering_connection_id": "",
                            "tags.%": "1",
                            "tags.Name": "Palavyr Subnet",
                            "tags_all.%": "1",
                            "tags_all.Name": "Palavyr Subnet",
                            "vpc_id": "vpc-0658b6edff9ad6795"
                        },
                        "meta": {
                            "schema_version": 0
                        },
                        "tainted": false
                    },
                    "deposed": [],
                    "provider": "provider.aws"
                },
                "aws_route_table.tfer--rtb-002D-08e25b85cadd3a877": {
                    "type": "aws_route_table",
                    "depends_on": [],
                    "primary": {
                        "id": "rtb-08e25b85cadd3a877",
                        "attributes": {
                            "arn": "arn:aws:ec2:us-east-1:306885252482:route-table/rtb-08e25b85cadd3a877",
                            "id": "rtb-08e25b85cadd3a877",
                            "owner_id": "306885252482",
                            "propagating_vgws.#": "0",
                            "route.#": "1",
                            "route.0.carrier_gateway_id": "",
                            "route.0.cidr_block": "0.0.0.0/0",
                            "route.0.core_network_arn": "",
                            "route.0.destination_prefix_list_id": "",
                            "route.0.egress_only_gateway_id": "",
                            "route.0.gateway_id": "igw-01e0fa378e8d55a55",
                            "route.0.instance_id": "",
                            "route.0.ipv6_cidr_block": "",
                            "route.0.local_gateway_id": "",
                            "route.0.nat_gateway_id": "",
                            "route.0.network_interface_id": "",
                            "route.0.transit_gateway_id": "",
                            "route.0.vpc_endpoint_id": "",
                            "route.0.vpc_peering_connection_id": "",
                            "tags.%": "1",
                            "tags.Name": "Public Subnet",
                            "tags_all.%": "1",
                            "tags_all.Name": "Public Subnet",
                            "vpc_id": "vpc-0658b6edff9ad6795"
                        },
                        "meta": {
                            "schema_version": 0
                        },
                        "tainted": false
                    },
                    "deposed": [],
                    "provider": "provider.aws"
                },
                "aws_route_table_association.tfer--subnet-002D-03e90beae4cbc97e3": {
                    "type": "aws_route_table_association",
                    "depends_on": [],
                    "primary": {
                        "id": "rtbassoc-0481ec1639333aa60",
                        "attributes": {
                            "gateway_id": "",
                            "id": "rtbassoc-0481ec1639333aa60",
                            "route_table_id": "rtb-04e0b491f4190f5f4",
                            "subnet_id": "subnet-03e90beae4cbc97e3"
                        },
                        "meta": {
                            "schema_version": 0
                        },
                        "tainted": false
                    },
                    "deposed": [],
                    "provider": "provider.aws"
                },
                "aws_route_table_association.tfer--subnet-002D-0704cbef441993b25": {
                    "type": "aws_route_table_association",
                    "depends_on": [],
                    "primary": {
                        "id": "rtbassoc-0c9e4d2e567da81df",
                        "attributes": {
                            "gateway_id": "",
                            "id": "rtbassoc-0c9e4d2e567da81df",
                            "route_table_id": "rtb-04e0b491f4190f5f4",
                            "subnet_id": "subnet-0704cbef441993b25"
                        },
                        "meta": {
                            "schema_version": 0
                        },
                        "tainted": false
                    },
                    "deposed": [],
                    "provider": "provider.aws"
                },
                "aws_route_table_association.tfer--subnet-002D-0ccabdc7222055adf": {
                    "type": "aws_route_table_association",
                    "depends_on": [],
                    "primary": {
                        "id": "rtbassoc-0f7923c1b638c6160",
                        "attributes": {
                            "gateway_id": "",
                            "id": "rtbassoc-0f7923c1b638c6160",
                            "route_table_id": "rtb-04e0b491f4190f5f4",
                            "subnet_id": "subnet-0ccabdc7222055adf"
                        },
                        "meta": {
                            "schema_version": 0
                        },
                        "tainted": false
                    },
                    "deposed": [],
                    "provider": "provider.aws"
                },
                "aws_s3_bucket.tfer--aws-002D-cloudtrail-002D-logs-002D-306885252482-002D-eeb5c23b": {
                    "type": "aws_s3_bucket",
                    "depends_on": [],
                    "primary": {
                        "id": "aws-cloudtrail-logs-306885252482-eeb5c23b",
                        "attributes": {
                            "acceleration_status": "",
                            "acl": "private",
                            "arn": "arn:aws:s3:::aws-cloudtrail-logs-306885252482-eeb5c23b",
                            "bucket": "aws-cloudtrail-logs-306885252482-eeb5c23b",
                            "bucket_domain_name": "aws-cloudtrail-logs-306885252482-eeb5c23b.s3.amazonaws.com",
                            "bucket_regional_domain_name": "aws-cloudtrail-logs-306885252482-eeb5c23b.s3.amazonaws.com",
                            "cors_rule.#": "0",
                            "force_destroy": "false",
                            "grant.#": "1",
                            "grant.0.id": "1db2ccca6338f55bdbf819083cdc61ff572716bf2cbbcc6299f32a0dfd3faed9",
                            "grant.0.permissions.#": "1",
                            "grant.0.permissions.0": "FULL_CONTROL",
                            "grant.0.type": "CanonicalUser",
                            "grant.0.uri": "",
                            "hosted_zone_id": "Z3AQBSTGFYJSTF",
                            "id": "aws-cloudtrail-logs-306885252482-eeb5c23b",
                            "lifecycle_rule.#": "0",
                            "logging.#": "0",
                            "object_lock_configuration.#": "0",
                            "object_lock_enabled": "false",
                            "policy": "{\"Version\":\"2012-10-17\",\"Statement\":[{\"Sid\":\"AWSCloudTrailAclCheck20150319\",\"Effect\":\"Allow\",\"Principal\":{\"Service\":\"cloudtrail.amazonaws.com\"},\"Action\":\"s3:GetBucketAcl\",\"Resource\":\"arn:aws:s3:::aws-cloudtrail-logs-306885252482-eeb5c23b\"},{\"Sid\":\"AWSCloudTrailWrite20150319\",\"Effect\":\"Allow\",\"Principal\":{\"Service\":\"cloudtrail.amazonaws.com\"},\"Action\":\"s3:PutObject\",\"Resource\":\"arn:aws:s3:::aws-cloudtrail-logs-306885252482-eeb5c23b/AWSLogs/306885252482/*\",\"Condition\":{\"StringEquals\":{\"AWS:SourceArn\":\"arn:aws:cloudtrail:us-east-1:306885252482:trail/SES-palavyr\",\"s3:x-amz-acl\":\"bucket-owner-full-control\"}}}]}",
                            "region": "us-east-1",
                            "replication_configuration.#": "0",
                            "request_payer": "BucketOwner",
                            "server_side_encryption_configuration.#": "0",
                            "tags.%": "0",
                            "tags_all.%": "0",
                            "versioning.#": "1",
                            "versioning.0.enabled": "false",
                            "versioning.0.mfa_delete": "false",
                            "website.#": "0"
                        },
                        "meta": {
                            "schema_version": 0
                        },
                        "tainted": false
                    },
                    "deposed": [],
                    "provider": "provider.aws"
                },
                "aws_s3_bucket.tfer--palavyr-002E-com": {
                    "type": "aws_s3_bucket",
                    "depends_on": [],
                    "primary": {
                        "id": "palavyr.com",
                        "attributes": {
                            "acceleration_status": "",
                            "acl": "private",
                            "arn": "arn:aws:s3:::palavyr.com",
                            "bucket": "palavyr.com",
                            "bucket_domain_name": "palavyr.com.s3.amazonaws.com",
                            "bucket_regional_domain_name": "palavyr.com.s3.amazonaws.com",
                            "cors_rule.#": "1",
                            "cors_rule.0.allowed_headers.#": "1",
                            "cors_rule.0.allowed_headers.0": "*",
                            "cors_rule.0.allowed_methods.#": "3",
                            "cors_rule.0.allowed_methods.0": "GET",
                            "cors_rule.0.allowed_methods.1": "POST",
                            "cors_rule.0.allowed_methods.2": "PUT",
                            "cors_rule.0.allowed_origins.#": "1",
                            "cors_rule.0.allowed_origins.0": "*",
                            "cors_rule.0.expose_headers.#": "0",
                            "cors_rule.0.max_age_seconds": "25000",
                            "force_destroy": "false",
                            "grant.#": "1",
                            "grant.0.id": "1db2ccca6338f55bdbf819083cdc61ff572716bf2cbbcc6299f32a0dfd3faed9",
                            "grant.0.permissions.#": "1",
                            "grant.0.permissions.0": "FULL_CONTROL",
                            "grant.0.type": "CanonicalUser",
                            "grant.0.uri": "",
                            "hosted_zone_id": "Z3AQBSTGFYJSTF",
                            "id": "palavyr.com",
                            "lifecycle_rule.#": "0",
                            "logging.#": "0",
                            "object_lock_configuration.#": "0",
                            "object_lock_enabled": "false",
                            "policy": "{\"Version\":\"2012-10-17\",\"Statement\":[{\"Sid\":\"PublicReadGetObject\",\"Effect\":\"Allow\",\"Principal\":\"*\",\"Action\":\"s3:GetObject\",\"Resource\":\"arn:aws:s3:::palavyr.com/*\"}]}",
                            "region": "us-east-1",
                            "replication_configuration.#": "0",
                            "request_payer": "BucketOwner",
                            "server_side_encryption_configuration.#": "0",
                            "tags.%": "0",
                            "tags_all.%": "0",
                            "versioning.#": "1",
                            "versioning.0.enabled": "false",
                            "versioning.0.mfa_delete": "false",
                            "website.#": "1",
                            "website.0.error_document": "MAINTENANCE.html",
                            "website.0.index_document": "MAINTENANCE.html",
                            "website.0.redirect_all_requests_to": "",
                            "website.0.routing_rules": "",
                            "website_domain": "s3-website-us-east-1.amazonaws.com",
                            "website_endpoint": "palavyr.com.s3-website-us-east-1.amazonaws.com"
                        },
                        "meta": {
                            "schema_version": 0
                        },
                        "tainted": false
                    },
                    "deposed": [],
                    "provider": "provider.aws"
                },
                "aws_s3_bucket.tfer--production-002D-palavyr-002D-userdata": {
                    "type": "aws_s3_bucket",
                    "depends_on": [],
                    "primary": {
                        "id": "production-palavyr-userdata",
                        "attributes": {
                            "acceleration_status": "",
                            "acl": "private",
                            "arn": "arn:aws:s3:::production-palavyr-userdata",
                            "bucket": "production-palavyr-userdata",
                            "bucket_domain_name": "production-palavyr-userdata.s3.amazonaws.com",
                            "bucket_regional_domain_name": "production-palavyr-userdata.s3.amazonaws.com",
                            "cors_rule.#": "0",
                            "force_destroy": "false",
                            "grant.#": "1",
                            "grant.0.id": "1db2ccca6338f55bdbf819083cdc61ff572716bf2cbbcc6299f32a0dfd3faed9",
                            "grant.0.permissions.#": "1",
                            "grant.0.permissions.0": "FULL_CONTROL",
                            "grant.0.type": "CanonicalUser",
                            "grant.0.uri": "",
                            "hosted_zone_id": "Z3AQBSTGFYJSTF",
                            "id": "production-palavyr-userdata",
                            "lifecycle_rule.#": "0",
                            "logging.#": "0",
                            "object_lock_configuration.#": "0",
                            "object_lock_enabled": "false",
                            "policy": "",
                            "region": "us-east-1",
                            "replication_configuration.#": "0",
                            "request_payer": "BucketOwner",
                            "server_side_encryption_configuration.#": "0",
                            "tags.%": "1",
                            "tags.dev-palavyr-previews": "dev",
                            "tags_all.%": "1",
                            "tags_all.dev-palavyr-previews": "dev",
                            "versioning.#": "1",
                            "versioning.0.enabled": "true",
                            "versioning.0.mfa_delete": "false",
                            "website.#": "0"
                        },
                        "meta": {
                            "schema_version": 0
                        },
                        "tainted": false
                    },
                    "deposed": [],
                    "provider": "provider.aws"
                },
                "aws_s3_bucket.tfer--staging-002D-palavyr-002D-userdata": {
                    "type": "aws_s3_bucket",
                    "depends_on": [],
                    "primary": {
                        "id": "staging-palavyr-userdata",
                        "attributes": {
                            "acceleration_status": "",
                            "acl": "private",
                            "arn": "arn:aws:s3:::staging-palavyr-userdata",
                            "bucket": "staging-palavyr-userdata",
                            "bucket_domain_name": "staging-palavyr-userdata.s3.amazonaws.com",
                            "bucket_regional_domain_name": "staging-palavyr-userdata.s3.amazonaws.com",
                            "cors_rule.#": "0",
                            "force_destroy": "false",
                            "grant.#": "1",
                            "grant.0.id": "1db2ccca6338f55bdbf819083cdc61ff572716bf2cbbcc6299f32a0dfd3faed9",
                            "grant.0.permissions.#": "1",
                            "grant.0.permissions.0": "FULL_CONTROL",
                            "grant.0.type": "CanonicalUser",
                            "grant.0.uri": "",
                            "hosted_zone_id": "Z3AQBSTGFYJSTF",
                            "id": "staging-palavyr-userdata",
                            "lifecycle_rule.#": "0",
                            "logging.#": "0",
                            "object_lock_configuration.#": "0",
                            "object_lock_enabled": "false",
                            "policy": "",
                            "region": "us-east-1",
                            "replication_configuration.#": "0",
                            "request_payer": "BucketOwner",
                            "server_side_encryption_configuration.#": "0",
                            "tags.%": "0",
                            "tags_all.%": "0",
                            "versioning.#": "1",
                            "versioning.0.enabled": "false",
                            "versioning.0.mfa_delete": "false",
                            "website.#": "0"
                        },
                        "meta": {
                            "schema_version": 0
                        },
                        "tainted": false
                    },
                    "deposed": [],
                    "provider": "provider.aws"
                },
                "aws_s3_bucket.tfer--staging-002E-palavyr-002E-com": {
                    "type": "aws_s3_bucket",
                    "depends_on": [],
                    "primary": {
                        "id": "staging.palavyr.com",
                        "attributes": {
                            "acceleration_status": "",
                            "acl": "private",
                            "arn": "arn:aws:s3:::staging.palavyr.com",
                            "bucket": "staging.palavyr.com",
                            "bucket_domain_name": "staging.palavyr.com.s3.amazonaws.com",
                            "bucket_regional_domain_name": "staging.palavyr.com.s3.amazonaws.com",
                            "cors_rule.#": "1",
                            "cors_rule.0.allowed_headers.#": "1",
                            "cors_rule.0.allowed_headers.0": "*",
                            "cors_rule.0.allowed_methods.#": "3",
                            "cors_rule.0.allowed_methods.0": "GET",
                            "cors_rule.0.allowed_methods.1": "POST",
                            "cors_rule.0.allowed_methods.2": "PUT",
                            "cors_rule.0.allowed_origins.#": "1",
                            "cors_rule.0.allowed_origins.0": "*",
                            "cors_rule.0.expose_headers.#": "0",
                            "cors_rule.0.max_age_seconds": "25000",
                            "force_destroy": "false",
                            "grant.#": "1",
                            "grant.0.id": "1db2ccca6338f55bdbf819083cdc61ff572716bf2cbbcc6299f32a0dfd3faed9",
                            "grant.0.permissions.#": "1",
                            "grant.0.permissions.0": "FULL_CONTROL",
                            "grant.0.type": "CanonicalUser",
                            "grant.0.uri": "",
                            "hosted_zone_id": "Z3AQBSTGFYJSTF",
                            "id": "staging.palavyr.com",
                            "lifecycle_rule.#": "0",
                            "logging.#": "0",
                            "object_lock_configuration.#": "0",
                            "object_lock_enabled": "false",
                            "policy": "{\"Version\":\"2012-10-17\",\"Statement\":[{\"Sid\":\"PublicReadGetObject\",\"Effect\":\"Allow\",\"Principal\":\"*\",\"Action\":\"s3:GetObject\",\"Resource\":\"arn:aws:s3:::staging.palavyr.com/*\"}]}",
                            "region": "us-east-1",
                            "replication_configuration.#": "0",
                            "request_payer": "BucketOwner",
                            "server_side_encryption_configuration.#": "0",
                            "tags.%": "0",
                            "tags_all.%": "0",
                            "versioning.#": "1",
                            "versioning.0.enabled": "false",
                            "versioning.0.mfa_delete": "false",
                            "website.#": "1",
                            "website.0.error_document": "index.html",
                            "website.0.index_document": "index.html",
                            "website.0.redirect_all_requests_to": "",
                            "website.0.routing_rules": "",
                            "website_domain": "s3-website-us-east-1.amazonaws.com",
                            "website_endpoint": "staging.palavyr.com.s3-website-us-east-1.amazonaws.com"
                        },
                        "meta": {
                            "schema_version": 0
                        },
                        "tainted": false
                    },
                    "deposed": [],
                    "provider": "provider.aws"
                },
                "aws_s3_bucket.tfer--staging-002E-widget-002E-palavyr-002E-com": {
                    "type": "aws_s3_bucket",
                    "depends_on": [],
                    "primary": {
                        "id": "staging.widget.palavyr.com",
                        "attributes": {
                            "acceleration_status": "",
                            "acl": "private",
                            "arn": "arn:aws:s3:::staging.widget.palavyr.com",
                            "bucket": "staging.widget.palavyr.com",
                            "bucket_domain_name": "staging.widget.palavyr.com.s3.amazonaws.com",
                            "bucket_regional_domain_name": "staging.widget.palavyr.com.s3.amazonaws.com",
                            "cors_rule.#": "1",
                            "cors_rule.0.allowed_headers.#": "1",
                            "cors_rule.0.allowed_headers.0": "*",
                            "cors_rule.0.allowed_methods.#": "3",
                            "cors_rule.0.allowed_methods.0": "GET",
                            "cors_rule.0.allowed_methods.1": "POST",
                            "cors_rule.0.allowed_methods.2": "PUT",
                            "cors_rule.0.allowed_origins.#": "1",
                            "cors_rule.0.allowed_origins.0": "*",
                            "cors_rule.0.expose_headers.#": "0",
                            "cors_rule.0.max_age_seconds": "25000",
                            "force_destroy": "false",
                            "grant.#": "1",
                            "grant.0.id": "1db2ccca6338f55bdbf819083cdc61ff572716bf2cbbcc6299f32a0dfd3faed9",
                            "grant.0.permissions.#": "1",
                            "grant.0.permissions.0": "FULL_CONTROL",
                            "grant.0.type": "CanonicalUser",
                            "grant.0.uri": "",
                            "hosted_zone_id": "Z3AQBSTGFYJSTF",
                            "id": "staging.widget.palavyr.com",
                            "lifecycle_rule.#": "0",
                            "logging.#": "0",
                            "object_lock_configuration.#": "0",
                            "object_lock_enabled": "false",
                            "policy": "{\"Version\":\"2012-10-17\",\"Statement\":[{\"Sid\":\"PublicReadGetObject\",\"Effect\":\"Allow\",\"Principal\":\"*\",\"Action\":\"s3:GetObject\",\"Resource\":\"arn:aws:s3:::staging.widget.palavyr.com/*\"}]}",
                            "region": "us-east-1",
                            "replication_configuration.#": "0",
                            "request_payer": "BucketOwner",
                            "server_side_encryption_configuration.#": "0",
                            "tags.%": "1",
                            "tags.palavyr": "widget",
                            "tags_all.%": "1",
                            "tags_all.palavyr": "widget",
                            "versioning.#": "1",
                            "versioning.0.enabled": "false",
                            "versioning.0.mfa_delete": "false",
                            "website.#": "1",
                            "website.0.error_document": "index.html",
                            "website.0.index_document": "index.html",
                            "website.0.redirect_all_requests_to": "",
                            "website.0.routing_rules": "",
                            "website_domain": "s3-website-us-east-1.amazonaws.com",
                            "website_endpoint": "staging.widget.palavyr.com.s3-website-us-east-1.amazonaws.com"
                        },
                        "meta": {
                            "schema_version": 0
                        },
                        "tainted": false
                    },
                    "deposed": [],
                    "provider": "provider.aws"
                },
                "aws_s3_bucket.tfer--widget-002E-palavyr-002E-com": {
                    "type": "aws_s3_bucket",
                    "depends_on": [],
                    "primary": {
                        "id": "widget.palavyr.com",
                        "attributes": {
                            "acceleration_status": "",
                            "acl": "private",
                            "arn": "arn:aws:s3:::widget.palavyr.com",
                            "bucket": "widget.palavyr.com",
                            "bucket_domain_name": "widget.palavyr.com.s3.amazonaws.com",
                            "bucket_regional_domain_name": "widget.palavyr.com.s3.amazonaws.com",
                            "cors_rule.#": "1",
                            "cors_rule.0.allowed_headers.#": "1",
                            "cors_rule.0.allowed_headers.0": "*",
                            "cors_rule.0.allowed_methods.#": "3",
                            "cors_rule.0.allowed_methods.0": "GET",
                            "cors_rule.0.allowed_methods.1": "POST",
                            "cors_rule.0.allowed_methods.2": "PUT",
                            "cors_rule.0.allowed_origins.#": "1",
                            "cors_rule.0.allowed_origins.0": "*",
                            "cors_rule.0.expose_headers.#": "0",
                            "cors_rule.0.max_age_seconds": "25000",
                            "force_destroy": "false",
                            "grant.#": "1",
                            "grant.0.id": "1db2ccca6338f55bdbf819083cdc61ff572716bf2cbbcc6299f32a0dfd3faed9",
                            "grant.0.permissions.#": "1",
                            "grant.0.permissions.0": "FULL_CONTROL",
                            "grant.0.type": "CanonicalUser",
                            "grant.0.uri": "",
                            "hosted_zone_id": "Z3AQBSTGFYJSTF",
                            "id": "widget.palavyr.com",
                            "lifecycle_rule.#": "0",
                            "logging.#": "0",
                            "object_lock_configuration.#": "0",
                            "object_lock_enabled": "false",
                            "policy": "{\"Version\":\"2012-10-17\",\"Statement\":[{\"Sid\":\"PublicReadGetObject\",\"Effect\":\"Allow\",\"Principal\":\"*\",\"Action\":\"s3:GetObject\",\"Resource\":\"arn:aws:s3:::widget.palavyr.com/*\"}]}",
                            "region": "us-east-1",
                            "replication_configuration.#": "0",
                            "request_payer": "BucketOwner",
                            "server_side_encryption_configuration.#": "0",
                            "tags.%": "0",
                            "tags_all.%": "0",
                            "versioning.#": "1",
                            "versioning.0.enabled": "false",
                            "versioning.0.mfa_delete": "false",
                            "website.#": "1",
                            "website.0.error_document": "index.html",
                            "website.0.index_document": "index.html",
                            "website.0.redirect_all_requests_to": "",
                            "website.0.routing_rules": "",
                            "website_domain": "s3-website-us-east-1.amazonaws.com",
                            "website_endpoint": "widget.palavyr.com.s3-website-us-east-1.amazonaws.com"
                        },
                        "meta": {
                            "schema_version": 0
                        },
                        "tainted": false
                    },
                    "deposed": [],
                    "provider": "provider.aws"
                },
                "aws_s3_bucket.tfer--www-002E-palavyr-002E-com": {
                    "type": "aws_s3_bucket",
                    "depends_on": [],
                    "primary": {
                        "id": "www.palavyr.com",
                        "attributes": {
                            "acceleration_status": "",
                            "acl": "private",
                            "arn": "arn:aws:s3:::www.palavyr.com",
                            "bucket": "www.palavyr.com",
                            "bucket_domain_name": "www.palavyr.com.s3.amazonaws.com",
                            "bucket_regional_domain_name": "www.palavyr.com.s3.amazonaws.com",
                            "cors_rule.#": "0",
                            "force_destroy": "false",
                            "grant.#": "1",
                            "grant.0.id": "1db2ccca6338f55bdbf819083cdc61ff572716bf2cbbcc6299f32a0dfd3faed9",
                            "grant.0.permissions.#": "1",
                            "grant.0.permissions.0": "FULL_CONTROL",
                            "grant.0.type": "CanonicalUser",
                            "grant.0.uri": "",
                            "hosted_zone_id": "Z3AQBSTGFYJSTF",
                            "id": "www.palavyr.com",
                            "lifecycle_rule.#": "0",
                            "logging.#": "0",
                            "object_lock_configuration.#": "0",
                            "object_lock_enabled": "false",
                            "policy": "",
                            "region": "us-east-1",
                            "replication_configuration.#": "0",
                            "request_payer": "BucketOwner",
                            "server_side_encryption_configuration.#": "0",
                            "tags.%": "0",
                            "tags_all.%": "0",
                            "versioning.#": "1",
                            "versioning.0.enabled": "false",
                            "versioning.0.mfa_delete": "false",
                            "website.#": "0"
                        },
                        "meta": {
                            "schema_version": 0
                        },
                        "tainted": false
                    },
                    "deposed": [],
                    "provider": "provider.aws"
                },
                "aws_s3_bucket.tfer--www-002E-staging-002E-palavyr-002E-com": {
                    "type": "aws_s3_bucket",
                    "depends_on": [],
                    "primary": {
                        "id": "www.staging.palavyr.com",
                        "attributes": {
                            "acceleration_status": "",
                            "acl": "private",
                            "arn": "arn:aws:s3:::www.staging.palavyr.com",
                            "bucket": "www.staging.palavyr.com",
                            "bucket_domain_name": "www.staging.palavyr.com.s3.amazonaws.com",
                            "bucket_regional_domain_name": "www.staging.palavyr.com.s3.amazonaws.com",
                            "cors_rule.#": "0",
                            "force_destroy": "false",
                            "grant.#": "1",
                            "grant.0.id": "1db2ccca6338f55bdbf819083cdc61ff572716bf2cbbcc6299f32a0dfd3faed9",
                            "grant.0.permissions.#": "1",
                            "grant.0.permissions.0": "FULL_CONTROL",
                            "grant.0.type": "CanonicalUser",
                            "grant.0.uri": "",
                            "hosted_zone_id": "Z3AQBSTGFYJSTF",
                            "id": "www.staging.palavyr.com",
                            "lifecycle_rule.#": "0",
                            "logging.#": "0",
                            "object_lock_configuration.#": "0",
                            "object_lock_enabled": "false",
                            "policy": "",
                            "region": "us-east-1",
                            "replication_configuration.#": "0",
                            "request_payer": "BucketOwner",
                            "server_side_encryption_configuration.#": "0",
                            "tags.%": "0",
                            "tags_all.%": "0",
                            "versioning.#": "1",
                            "versioning.0.enabled": "false",
                            "versioning.0.mfa_delete": "false",
                            "website.#": "1",
                            "website.0.error_document": "",
                            "website.0.index_document": "",
                            "website.0.redirect_all_requests_to": "https://staging.palavyr.com",
                            "website.0.routing_rules": "",
                            "website_domain": "s3-website-us-east-1.amazonaws.com",
                            "website_endpoint": "www.staging.palavyr.com.s3-website-us-east-1.amazonaws.com"
                        },
                        "meta": {
                            "schema_version": 0
                        },
                        "tainted": false
                    },
                    "deposed": [],
                    "provider": "provider.aws"
                },
                "aws_security_group.tfer--Palavyr-002D-Security_sg-002D-0b658d1cd68796271": {
                    "type": "aws_security_group",
                    "depends_on": [],
                    "primary": {
                        "id": "sg-0b658d1cd68796271",
                        "attributes": {
                            "arn": "arn:aws:ec2:us-east-1:306885252482:security-group/sg-0b658d1cd68796271",
                            "description": "Allows Palavyr To do things",
                            "egress.#": "1",
                            "egress.0.cidr_blocks.#": "1",
                            "egress.0.cidr_blocks.0": "0.0.0.0/0",
                            "egress.0.description": "",
                            "egress.0.from_port": "0",
                            "egress.0.ipv6_cidr_blocks.#": "0",
                            "egress.0.prefix_list_ids.#": "0",
                            "egress.0.protocol": "-1",
                            "egress.0.security_groups.#": "0",
                            "egress.0.self": "false",
                            "egress.0.to_port": "0",
                            "id": "sg-0b658d1cd68796271",
                            "ingress.#": "1",
                            "ingress.0.cidr_blocks.#": "1",
                            "ingress.0.cidr_blocks.0": "0.0.0.0/0",
                            "ingress.0.description": "",
                            "ingress.0.from_port": "0",
                            "ingress.0.ipv6_cidr_blocks.#": "0",
                            "ingress.0.prefix_list_ids.#": "0",
                            "ingress.0.protocol": "-1",
                            "ingress.0.security_groups.#": "0",
                            "ingress.0.self": "true",
                            "ingress.0.to_port": "0",
                            "name": "Palavyr-Security",
                            "name_prefix": "",
                            "owner_id": "306885252482",
                            "tags.%": "0",
                            "tags_all.%": "0",
                            "vpc_id": "vpc-0658b6edff9ad6795"
                        },
                        "meta": {
                            "schema_version": 1
                        },
                        "tainted": false
                    },
                    "deposed": [],
                    "provider": "provider.aws"
                },
                "aws_security_group.tfer--default_sg-002D-02f79f93b33f82eb0": {
                    "type": "aws_security_group",
                    "depends_on": [],
                    "primary": {
                        "id": "sg-02f79f93b33f82eb0",
                        "attributes": {
                            "arn": "arn:aws:ec2:us-east-1:306885252482:security-group/sg-02f79f93b33f82eb0",
                            "description": "default VPC security group",
                            "egress.#": "1",
                            "egress.0.cidr_blocks.#": "1",
                            "egress.0.cidr_blocks.0": "0.0.0.0/0",
                            "egress.0.description": "",
                            "egress.0.from_port": "0",
                            "egress.0.ipv6_cidr_blocks.#": "0",
                            "egress.0.prefix_list_ids.#": "0",
                            "egress.0.protocol": "-1",
                            "egress.0.security_groups.#": "0",
                            "egress.0.self": "false",
                            "egress.0.to_port": "0",
                            "id": "sg-02f79f93b33f82eb0",
                            "ingress.#": "1",
                            "ingress.0.cidr_blocks.#": "0",
                            "ingress.0.description": "",
                            "ingress.0.from_port": "0",
                            "ingress.0.ipv6_cidr_blocks.#": "0",
                            "ingress.0.prefix_list_ids.#": "2",
                            "ingress.0.prefix_list_ids.0": "pl-02cd2c6b",
                            "ingress.0.prefix_list_ids.1": "pl-63a5400a",
                            "ingress.0.protocol": "-1",
                            "ingress.0.security_groups.#": "1",
                            "ingress.0.security_groups.0": "sg-0b658d1cd68796271",
                            "ingress.0.self": "true",
                            "ingress.0.to_port": "0",
                            "name": "default",
                            "name_prefix": "",
                            "owner_id": "306885252482",
                            "tags.%": "0",
                            "tags_all.%": "0",
                            "vpc_id": "vpc-0658b6edff9ad6795"
                        },
                        "meta": {
                            "schema_version": 1
                        },
                        "tainted": false
                    },
                    "deposed": [],
                    "provider": "provider.aws"
                },
                "aws_subnet.tfer--subnet-002D-03e90beae4cbc97e3": {
                    "type": "aws_subnet",
                    "depends_on": [],
                    "primary": {
                        "id": "subnet-03e90beae4cbc97e3",
                        "attributes": {
                            "arn": "arn:aws:ec2:us-east-1:306885252482:subnet/subnet-03e90beae4cbc97e3",
                            "assign_ipv6_address_on_creation": "false",
                            "availability_zone": "us-east-1c",
                            "availability_zone_id": "use1-az2",
                            "cidr_block": "10.2.0.0/16",
                            "customer_owned_ipv4_pool": "",
                            "enable_dns64": "false",
                            "enable_resource_name_dns_a_record_on_launch": "false",
                            "enable_resource_name_dns_aaaa_record_on_launch": "false",
                            "id": "subnet-03e90beae4cbc97e3",
                            "ipv6_cidr_block": "",
                            "ipv6_cidr_block_association_id": "",
                            "ipv6_native": "false",
                            "map_customer_owned_ip_on_launch": "false",
                            "map_public_ip_on_launch": "false",
                            "outpost_arn": "",
                            "owner_id": "306885252482",
                            "private_dns_hostname_type_on_launch": "ip-name",
                            "tags.%": "1",
                            "tags.Name": "palavyr-subnet-3-public",
                            "tags_all.%": "1",
                            "tags_all.Name": "palavyr-subnet-3-public",
                            "vpc_id": "vpc-0658b6edff9ad6795"
                        },
                        "meta": {
                            "schema_version": 1
                        },
                        "tainted": false
                    },
                    "deposed": [],
                    "provider": "provider.aws"
                },
                "aws_subnet.tfer--subnet-002D-0704cbef441993b25": {
                    "type": "aws_subnet",
                    "depends_on": [],
                    "primary": {
                        "id": "subnet-0704cbef441993b25",
                        "attributes": {
                            "arn": "arn:aws:ec2:us-east-1:306885252482:subnet/subnet-0704cbef441993b25",
                            "assign_ipv6_address_on_creation": "false",
                            "availability_zone": "us-east-1b",
                            "availability_zone_id": "use1-az1",
                            "cidr_block": "10.1.0.0/16",
                            "customer_owned_ipv4_pool": "",
                            "enable_dns64": "false",
                            "enable_resource_name_dns_a_record_on_launch": "false",
                            "enable_resource_name_dns_aaaa_record_on_launch": "false",
                            "id": "subnet-0704cbef441993b25",
                            "ipv6_cidr_block": "",
                            "ipv6_cidr_block_association_id": "",
                            "ipv6_native": "false",
                            "map_customer_owned_ip_on_launch": "false",
                            "map_public_ip_on_launch": "true",
                            "outpost_arn": "",
                            "owner_id": "306885252482",
                            "private_dns_hostname_type_on_launch": "ip-name",
                            "tags.%": "1",
                            "tags.Name": "palavyr-subnet-2",
                            "tags_all.%": "1",
                            "tags_all.Name": "palavyr-subnet-2",
                            "vpc_id": "vpc-0658b6edff9ad6795"
                        },
                        "meta": {
                            "schema_version": 1
                        },
                        "tainted": false
                    },
                    "deposed": [],
                    "provider": "provider.aws"
                },
                "aws_subnet.tfer--subnet-002D-0ccabdc7222055adf": {
                    "type": "aws_subnet",
                    "depends_on": [],
                    "primary": {
                        "id": "subnet-0ccabdc7222055adf",
                        "attributes": {
                            "arn": "arn:aws:ec2:us-east-1:306885252482:subnet/subnet-0ccabdc7222055adf",
                            "assign_ipv6_address_on_creation": "false",
                            "availability_zone": "us-east-1a",
                            "availability_zone_id": "use1-az6",
                            "cidr_block": "10.0.0.0/16",
                            "customer_owned_ipv4_pool": "",
                            "enable_dns64": "false",
                            "enable_resource_name_dns_a_record_on_launch": "false",
                            "enable_resource_name_dns_aaaa_record_on_launch": "false",
                            "id": "subnet-0ccabdc7222055adf",
                            "ipv6_cidr_block": "",
                            "ipv6_cidr_block_association_id": "",
                            "ipv6_native": "false",
                            "map_customer_owned_ip_on_launch": "false",
                            "map_public_ip_on_launch": "true",
                            "outpost_arn": "",
                            "owner_id": "306885252482",
                            "private_dns_hostname_type_on_launch": "ip-name",
                            "tags.%": "1",
                            "tags.Name": "palavyr-subnet-1",
                            "tags_all.%": "1",
                            "tags_all.Name": "palavyr-subnet-1",
                            "vpc_id": "vpc-0658b6edff9ad6795"
                        },
                        "meta": {
                            "schema_version": 1
                        },
                        "tainted": false
                    },
                    "deposed": [],
                    "provider": "provider.aws"
                },
                "aws_vpc.tfer--vpc-002D-0658b6edff9ad6795": {
                    "type": "aws_vpc",
                    "depends_on": [],
                    "primary": {
                        "id": "vpc-0658b6edff9ad6795",
                        "attributes": {
                            "arn": "arn:aws:ec2:us-east-1:306885252482:vpc/vpc-0658b6edff9ad6795",
                            "assign_generated_ipv6_cidr_block": "false",
                            "cidr_block": "10.0.0.0/16",
                            "default_network_acl_id": "acl-0ec9d3873a453b75e",
                            "default_route_table_id": "rtb-04e0b491f4190f5f4",
                            "default_security_group_id": "sg-02f79f93b33f82eb0",
                            "dhcp_options_id": "dopt-79aef802",
                            "enable_classiclink": "false",
                            "enable_classiclink_dns_support": "false",
                            "enable_dns_hostnames": "true",
                            "enable_dns_support": "true",
                            "id": "vpc-0658b6edff9ad6795",
                            "instance_tenancy": "default",
                            "ipv6_association_id": "",
                            "ipv6_cidr_block": "",
                            "ipv6_cidr_block_network_border_group": "",
                            "ipv6_ipam_pool_id": "",
                            "ipv6_netmask_length": "0",
                            "main_route_table_id": "rtb-04e0b491f4190f5f4",
                            "owner_id": "306885252482",
                            "tags.%": "1",
                            "tags.Name": "palavyr-vpc",
                            "tags_all.%": "1",
                            "tags_all.Name": "palavyr-vpc"
                        },
                        "meta": {
                            "schema_version": 1
                        },
                        "tainted": false
                    },
                    "deposed": [],
                    "provider": "provider.aws"
                }
            },
            "depends_on": []
        }
    ]
}
