
Microsoft Visual Studio Solution File, Format Version 12.00
# Visual Studio Version 16
VisualStudioVersion = 16.0.30503.244
MinimumVisualStudioVersion = 10.0.40219.1
Project("{9A19103F-16F7-4668-BE54-9A1E7A4F7556}") = "Palavyr.API", "Palavyr.API\Palavyr.API.csproj", "{F94028DC-D62A-40BB-AF9C-B90979A6E82A}"
EndProject
Project("{9A19103F-16F7-4668-BE54-9A1E7A4F7556}") = "Palavyr.UnitTests", "Palavyr.UnitTests\Palavyr.UnitTests.csproj", "{3CCE0B8A-0DA0-4611-A651-E1F6280D8D02}"
EndProject
Project("{9A19103F-16F7-4668-BE54-9A1E7A4F7556}") = "Palavyr.Data.Migrator", "Palavyr.Data.Migrator\Palavyr.Data.Migrator.csproj", "{6AAB3D29-1B99-4F80-AC7E-39DD8EFC5EE6}"
EndProject
Project("{2150E333-8FDC-42A3-9474-1A3956D46DE8}") = "Palavyr.Testing", "Palavyr.Testing", "{4205BA0C-DAB4-429E-963B-88A095E9AD29}"
EndProject
Project("{FAE04EC0-301F-11D3-BF4B-00C04F79EFBC}") = "Palavyr.Core", "Palavyr.Core\Palavyr.Core.csproj", "{70003649-ABC7-4113-807F-1F87A6CC47CE}"
EndProject
Project("{FAE04EC0-301F-11D3-BF4B-00C04F79EFBC}") = "Palavyr.IntegrationTests", "Palavyr.IntegrationTests\Palavyr.IntegrationTests.csproj", "{87699D0C-7890-44DF-93B5-B62C6D80EBFA}"
EndProject
Global
	GlobalSection(SolutionConfigurationPlatforms) = preSolution
		Debug|Any CPU = Debug|Any CPU
		Release|Any CPU = Release|Any CPU
	EndGlobalSection
	GlobalSection(ProjectConfigurationPlatforms) = postSolution
		{F94028DC-D62A-40BB-AF9C-B90979A6E82A}.Debug|Any CPU.ActiveCfg = Debug|Any CPU
		{F94028DC-D62A-40BB-AF9C-B90979A6E82A}.Debug|Any CPU.Build.0 = Debug|Any CPU
		{F94028DC-D62A-40BB-AF9C-B90979A6E82A}.Release|Any CPU.ActiveCfg = Release|Any CPU
		{F94028DC-D62A-40BB-AF9C-B90979A6E82A}.Release|Any CPU.Build.0 = Release|Any CPU
		{3CCE0B8A-0DA0-4611-A651-E1F6280D8D02}.Debug|Any CPU.ActiveCfg = Debug|Any CPU
		{3CCE0B8A-0DA0-4611-A651-E1F6280D8D02}.Debug|Any CPU.Build.0 = Debug|Any CPU
		{3CCE0B8A-0DA0-4611-A651-E1F6280D8D02}.Release|Any CPU.ActiveCfg = Release|Any CPU
		{3CCE0B8A-0DA0-4611-A651-E1F6280D8D02}.Release|Any CPU.Build.0 = Release|Any CPU
		{6AAB3D29-1B99-4F80-AC7E-39DD8EFC5EE6}.Debug|Any CPU.ActiveCfg = Debug|Any CPU
		{6AAB3D29-1B99-4F80-AC7E-39DD8EFC5EE6}.Debug|Any CPU.Build.0 = Debug|Any CPU
		{6AAB3D29-1B99-4F80-AC7E-39DD8EFC5EE6}.Release|Any CPU.ActiveCfg = Release|Any CPU
		{6AAB3D29-1B99-4F80-AC7E-39DD8EFC5EE6}.Release|Any CPU.Build.0 = Release|Any CPU
		{70003649-ABC7-4113-807F-1F87A6CC47CE}.Debug|Any CPU.ActiveCfg = Debug|Any CPU
		{70003649-ABC7-4113-807F-1F87A6CC47CE}.Debug|Any CPU.Build.0 = Debug|Any CPU
		{70003649-ABC7-4113-807F-1F87A6CC47CE}.Release|Any CPU.ActiveCfg = Release|Any CPU
		{70003649-ABC7-4113-807F-1F87A6CC47CE}.Release|Any CPU.Build.0 = Release|Any CPU
		{87699D0C-7890-44DF-93B5-B62C6D80EBFA}.Debug|Any CPU.ActiveCfg = Debug|Any CPU
		{87699D0C-7890-44DF-93B5-B62C6D80EBFA}.Debug|Any CPU.Build.0 = Debug|Any CPU
		{87699D0C-7890-44DF-93B5-B62C6D80EBFA}.Release|Any CPU.ActiveCfg = Release|Any CPU
		{87699D0C-7890-44DF-93B5-B62C6D80EBFA}.Release|Any CPU.Build.0 = Release|Any CPU
	EndGlobalSection
	GlobalSection(SolutionProperties) = preSolution
		HideSolutionNode = FALSE
	EndGlobalSection
	GlobalSection(ExtensibilityGlobals) = postSolution
		SolutionGuid = {6315530F-C240-4BFB-828F-9F535D691703}
	EndGlobalSection
	GlobalSection(NestedProjects) = preSolution
		{3CCE0B8A-0DA0-4611-A651-E1F6280D8D02} = {4205BA0C-DAB4-429E-963B-88A095E9AD29}
		{87699D0C-7890-44DF-93B5-B62C6D80EBFA} = {4205BA0C-DAB4-429E-963B-88A095E9AD29}
	EndGlobalSection
EndGlobal
