{
    "version": 3,
    "terraform_version": "0.12.29",
    "serial": 1,
    "lineage": "3902e119-2a3f-dc6c-25ac-a2873cc4c73d",
    "modules": [
        {
            "path": [
                "root"
            ],
            "outputs": {
                "aws_s3_bucket_tfer--palavyr-002E-com_id": {
                    "sensitive": false,
                    "type": "string",
                    "value": "palavyr.com"
                },
                "aws_s3_bucket_tfer--production-002D-palavyr-002D-userdata_id": {
                    "sensitive": false,
                    "type": "string",
                    "value": "production-palavyr-userdata"
                },
                "aws_s3_bucket_tfer--widget-002E-palavyr-002E-com_id": {
                    "sensitive": false,
                    "type": "string",
                    "value": "widget.palavyr.com"
                },
                "aws_s3_bucket_tfer--www-002E-palavyr-002E-com_id": {
                    "sensitive": false,
                    "type": "string",
                    "value": "www.palavyr.com"
                },
                "aws_db_instance_tfer--palavyr-002D-production_id": {
                    "sensitive": false,
                    "type": "string",
                    "value": "palavyr-production"
                },
                "aws_db_subnet_group_tfer--default-002D-vpc-002D-7d14a107_id": {
                    "sensitive": false,
                    "type": "string",
                    "value": "default-vpc-7d14a107"
                },
                "aws_db_subnet_group_tfer--palavyr-002D-db-002D-subnet-002D-group_id": {
                    "sensitive": false,
                    "type": "string",
                    "value": "palavyr-db-subnet-group"
                },
                "aws_main_route_table_association_tfer--vpc-002D-0658b6edff9ad6795_id": {
                    "sensitive": false,
                    "type": "string",
                    "value": "rtbassoc-0db4244ad6d5b63b8"
                },
                "aws_route_table_association_tfer--subnet-002D-03e90beae4cbc97e3_id": {
                    "sensitive": false,
                    "type": "string",
                    "value": "rtbassoc-0481ec1639333aa60"
                },
                "aws_route_table_association_tfer--subnet-002D-0704cbef441993b25_id": {
                    "sensitive": false,
                    "type": "string",
                    "value": "rtbassoc-0c9e4d2e567da81df"
                },
                "aws_route_table_association_tfer--subnet-002D-0ccabdc7222055adf_id": {
                    "sensitive": false,
                    "type": "string",
                    "value": "rtbassoc-0f7923c1b638c6160"
                },
                "aws_route_table_tfer--rtb-002D-04e0b491f4190f5f4_id": {
                    "sensitive": false,
                    "type": "string",
                    "value": "rtb-04e0b491f4190f5f4"
                },
                "aws_route_table_tfer--rtb-002D-08e25b85cadd3a877_id": {
                    "sensitive": false,
                    "type": "string",
                    "value": "rtb-08e25b85cadd3a877"
                },
                "aws_route53_record_tfer--Z0392348306WBDPNO6FWU__2481dde6dcb67a702120ae4352a5215d-002E-app-002E-palavyr-002E-com-002E-_CNAME__id": {
                    "sensitive": false,
                    "type": "string",
                    "value": "Z0392348306WBDPNO6FWU__2481dde6dcb67a702120ae4352a5215d.app.palavyr.com._CNAME_"
                },
                "aws_route53_record_tfer--Z0392348306WBDPNO6FWU__2c90992853fca21ee536026a9a518995-002E-palavyr-002E-com-002E-_CNAME__id": {
                    "sensitive": false,
                    "type": "string",
                    "value": "Z0392348306WBDPNO6FWU__2c90992853fca21ee536026a9a518995.palavyr.com._CNAME_"
                },
                "aws_route53_record_tfer--Z0392348306WBDPNO6FWU__2c90992853fca21ee536026a9a518995-002E-palavyr-002E-com-002E-palavyr-002E-com-002E-_CNAME__id": {
                    "sensitive": false,
                    "type": "string",
                    "value": "Z0392348306WBDPNO6FWU__2c90992853fca21ee536026a9a518995.palavyr.com.palavyr.com._CNAME_"
                },
                "aws_route53_record_tfer--Z0392348306WBDPNO6FWU__2e0470f870d6941d634274bd1e7dd086-002E-server-002E-palavyr-002E-com-002E-_CNAME__id": {
                    "sensitive": false,
                    "type": "string",
                    "value": "Z0392348306WBDPNO6FWU__2e0470f870d6941d634274bd1e7dd086.server.palavyr.com._CNAME_"
                },
                "aws_route53_record_tfer--Z0392348306WBDPNO6FWU__94ee71fa70fef497de4ba7d0b9bac392-002E-palavyr-002E-com-002E-_CNAME__id": {
                    "sensitive": false,
                    "type": "string",
                    "value": "Z0392348306WBDPNO6FWU__94ee71fa70fef497de4ba7d0b9bac392.palavyr.com._CNAME_"
                },
                "aws_route53_record_tfer--Z0392348306WBDPNO6FWU__c017c56585630b2ba727226472a839b6-002E-widget-002E-palavyr-002E-com-002E-_CNAME__id": {
                    "sensitive": false,
                    "type": "string",
                    "value": "Z0392348306WBDPNO6FWU__c017c56585630b2ba727226472a839b6.widget.palavyr.com._CNAME_"
                },
                "aws_route53_record_tfer--Z0392348306WBDPNO6FWU__d471c080522376fc27c8637e66bb6f56-002E-server-002E-palavyr-002E-com-002E-_CNAME__id": {
                    "sensitive": false,
                    "type": "string",
                    "value": "Z0392348306WBDPNO6FWU__d471c080522376fc27c8637e66bb6f56.server.palavyr.com._CNAME_"
                },
                "aws_route53_record_tfer--Z0392348306WBDPNO6FWU_app-002E-palavyr-002E-com-002E-_A__id": {
                    "sensitive": false,
                    "type": "string",
                    "value": "Z0392348306WBDPNO6FWU_app.palavyr.com._A_"
                },
                "aws_route53_record_tfer--Z0392348306WBDPNO6FWU_palavyr-002E-com-002E-_A__id": {
                    "sensitive": false,
                    "type": "string",
                    "value": "Z0392348306WBDPNO6FWU_palavyr.com._A_"
                },
                "aws_route53_record_tfer--Z0392348306WBDPNO6FWU_palavyr-002E-com-002E-_NS__id": {
                    "sensitive": false,
                    "type": "string",
                    "value": "Z0392348306WBDPNO6FWU_palavyr.com._NS_"
                },
                "aws_route53_record_tfer--Z0392348306WBDPNO6FWU_palavyr-002E-com-002E-_SOA__id": {
                    "sensitive": false,
                    "type": "string",
                    "value": "Z0392348306WBDPNO6FWU_palavyr.com._SOA_"
                },
                "aws_route53_record_tfer--Z0392348306WBDPNO6FWU_palavyr-002E-com-002E-_TXT__id": {
                    "sensitive": false,
                    "type": "string",
                    "value": "Z0392348306WBDPNO6FWU_palavyr.com._TXT_"
                },
                "aws_route53_record_tfer--Z0392348306WBDPNO6FWU_server-002E-palavyr-002E-com-002E-_A__id": {
                    "sensitive": false,
                    "type": "string",
                    "value": "Z0392348306WBDPNO6FWU_server.palavyr.com._A_"
                },
                "aws_route53_record_tfer--Z0392348306WBDPNO6FWU_widget-002E-palavyr-002E-com-002E-_A__id": {
                    "sensitive": false,
                    "type": "string",
                    "value": "Z0392348306WBDPNO6FWU_widget.palavyr.com._A_"
                },
                "aws_route53_record_tfer--Z0392348306WBDPNO6FWU_www-002E-app-002E-palavyr-002E-com-002E-_A__id": {
                    "sensitive": false,
                    "type": "string",
                    "value": "Z0392348306WBDPNO6FWU_www.app.palavyr.com._A_"
                },
                "aws_route53_record_tfer--Z0392348306WBDPNO6FWU_www-002E-palavyr-002E-com-002E-_CNAME__id": {
                    "sensitive": false,
                    "type": "string",
                    "value": "Z0392348306WBDPNO6FWU_www.palavyr.com._CNAME_"
                },
                "aws_route53_record_tfer--Z0392348306WBDPNO6FWU_www-002E-server-002E-palavyr-002E-com-002E-_A__id": {
                    "sensitive": false,
                    "type": "string",
                    "value": "Z0392348306WBDPNO6FWU_www.server.palavyr.com._A_"
                },
                "aws_route53_record_tfer--Z0392348306WBDPNO6FWU_www-002E-widget-002E-palavyr-002E-com-002E-_A__id": {
                    "sensitive": false,
                    "type": "string",
                    "value": "Z0392348306WBDPNO6FWU_www.widget.palavyr.com._A_"
                },
                "aws_route53_zone_tfer--Z0392348306WBDPNO6FWU_palavyr-002E-com_id": {
                    "sensitive": false,
                    "type": "string",
                    "value": "Z0392348306WBDPNO6FWU"
                },
                "aws_internet_gateway_tfer--igw-002D-01e0fa378e8d55a55_id": {
                    "sensitive": false,
                    "type": "string",
                    "value": "igw-01e0fa378e8d55a55"
                },
                "aws_network_acl_tfer--acl-002D-0ec9d3873a453b75e_id": {
                    "sensitive": false,
                    "type": "string",
                    "value": "acl-0ec9d3873a453b75e"
                }
            },
            "resources": {
                "aws_s3_bucket.tfer--palavyr-002E-com": {
                    "type": "aws_s3_bucket",
                    "depends_on": [],
                    "primary": {
                        "id": "palavyr.com",
                        "attributes": {
                            "acceleration_status": "",
                            "acl": "private",
                            "arn": "arn:aws:s3:::palavyr.com",
                            "bucket": "palavyr.com",
                            "bucket_domain_name": "palavyr.com.s3.amazonaws.com",
                            "bucket_regional_domain_name": "palavyr.com.s3.amazonaws.com",
                            "cors_rule.#": "1",
                            "cors_rule.0.allowed_headers.#": "1",
                            "cors_rule.0.allowed_headers.0": "*",
                            "cors_rule.0.allowed_methods.#": "3",
                            "cors_rule.0.allowed_methods.0": "GET",
                            "cors_rule.0.allowed_methods.1": "POST",
                            "cors_rule.0.allowed_methods.2": "PUT",
                            "cors_rule.0.allowed_origins.#": "1",
                            "cors_rule.0.allowed_origins.0": "*",
                            "cors_rule.0.expose_headers.#": "0",
                            "cors_rule.0.max_age_seconds": "25000",
                            "force_destroy": "false",
                            "grant.#": "1",
                            "grant.0.id": "1db2ccca6338f55bdbf819083cdc61ff572716bf2cbbcc6299f32a0dfd3faed9",
                            "grant.0.permissions.#": "1",
                            "grant.0.permissions.0": "FULL_CONTROL",
                            "grant.0.type": "CanonicalUser",
                            "grant.0.uri": "",
                            "hosted_zone_id": "Z3AQBSTGFYJSTF",
                            "id": "palavyr.com",
                            "lifecycle_rule.#": "0",
                            "logging.#": "0",
                            "object_lock_configuration.#": "0",
                            "object_lock_enabled": "false",
                            "policy": "{\"Version\":\"2012-10-17\",\"Statement\":[{\"Sid\":\"PublicReadGetObject\",\"Effect\":\"Allow\",\"Principal\":\"*\",\"Action\":\"s3:GetObject\",\"Resource\":\"arn:aws:s3:::palavyr.com/*\"}]}",
                            "region": "us-east-1",
                            "replication_configuration.#": "0",
                            "request_payer": "BucketOwner",
                            "server_side_encryption_configuration.#": "0",
                            "tags.%": "0",
                            "tags_all.%": "0",
                            "versioning.#": "1",
                            "versioning.0.enabled": "false",
                            "versioning.0.mfa_delete": "false",
                            "website.#": "1",
                            "website.0.error_document": "MAINTENANCE.html",
                            "website.0.index_document": "MAINTENANCE.html",
                            "website.0.redirect_all_requests_to": "",
                            "website.0.routing_rules": "",
                            "website_domain": "s3-website-us-east-1.amazonaws.com",
                            "website_endpoint": "palavyr.com.s3-website-us-east-1.amazonaws.com"
                        },
                        "meta": {
                            "schema_version": 0
                        },
                        "tainted": false
                    },
                    "deposed": [],
                    "provider": "provider.aws"
                },
                "aws_s3_bucket.tfer--production-002D-palavyr-002D-userdata": {
                    "type": "aws_s3_bucket",
                    "depends_on": [],
                    "primary": {
                        "id": "production-palavyr-userdata",
                        "attributes": {
                            "acceleration_status": "",
                            "acl": "private",
                            "arn": "arn:aws:s3:::production-palavyr-userdata",
                            "bucket": "production-palavyr-userdata",
                            "bucket_domain_name": "production-palavyr-userdata.s3.amazonaws.com",
                            "bucket_regional_domain_name": "production-palavyr-userdata.s3.amazonaws.com",
                            "cors_rule.#": "0",
                            "force_destroy": "false",
                            "grant.#": "1",
                            "grant.0.id": "1db2ccca6338f55bdbf819083cdc61ff572716bf2cbbcc6299f32a0dfd3faed9",
                            "grant.0.permissions.#": "1",
                            "grant.0.permissions.0": "FULL_CONTROL",
                            "grant.0.type": "CanonicalUser",
                            "grant.0.uri": "",
                            "hosted_zone_id": "Z3AQBSTGFYJSTF",
                            "id": "production-palavyr-userdata",
                            "lifecycle_rule.#": "0",
                            "logging.#": "0",
                            "object_lock_configuration.#": "0",
                            "object_lock_enabled": "false",
                            "policy": "",
                            "region": "us-east-1",
                            "replication_configuration.#": "0",
                            "request_payer": "BucketOwner",
                            "server_side_encryption_configuration.#": "0",
                            "tags.%": "1",
                            "tags.dev-palavyr-previews": "dev",
                            "tags_all.%": "1",
                            "tags_all.dev-palavyr-previews": "dev",
                            "versioning.#": "1",
                            "versioning.0.enabled": "true",
                            "versioning.0.mfa_delete": "false",
                            "website.#": "0"
                        },
                        "meta": {
                            "schema_version": 0
                        },
                        "tainted": false
                    },
                    "deposed": [],
                    "provider": "provider.aws"
                },
                "aws_s3_bucket.tfer--widget-002E-palavyr-002E-com": {
                    "type": "aws_s3_bucket",
                    "depends_on": [],
                    "primary": {
                        "id": "widget.palavyr.com",
                        "attributes": {
                            "acceleration_status": "",
                            "acl": "private",
                            "arn": "arn:aws:s3:::widget.palavyr.com",
                            "bucket": "widget.palavyr.com",
                            "bucket_domain_name": "widget.palavyr.com.s3.amazonaws.com",
                            "bucket_regional_domain_name": "widget.palavyr.com.s3.amazonaws.com",
                            "cors_rule.#": "1",
                            "cors_rule.0.allowed_headers.#": "1",
                            "cors_rule.0.allowed_headers.0": "*",
                            "cors_rule.0.allowed_methods.#": "3",
                            "cors_rule.0.allowed_methods.0": "GET",
                            "cors_rule.0.allowed_methods.1": "POST",
                            "cors_rule.0.allowed_methods.2": "PUT",
                            "cors_rule.0.allowed_origins.#": "1",
                            "cors_rule.0.allowed_origins.0": "*",
                            "cors_rule.0.expose_headers.#": "0",
                            "cors_rule.0.max_age_seconds": "25000",
                            "force_destroy": "false",
                            "grant.#": "1",
                            "grant.0.id": "1db2ccca6338f55bdbf819083cdc61ff572716bf2cbbcc6299f32a0dfd3faed9",
                            "grant.0.permissions.#": "1",
                            "grant.0.permissions.0": "FULL_CONTROL",
                            "grant.0.type": "CanonicalUser",
                            "grant.0.uri": "",
                            "hosted_zone_id": "Z3AQBSTGFYJSTF",
                            "id": "widget.palavyr.com",
                            "lifecycle_rule.#": "0",
                            "logging.#": "0",
                            "object_lock_configuration.#": "0",
                            "object_lock_enabled": "false",
                            "policy": "{\"Version\":\"2012-10-17\",\"Statement\":[{\"Sid\":\"PublicReadGetObject\",\"Effect\":\"Allow\",\"Principal\":\"*\",\"Action\":\"s3:GetObject\",\"Resource\":\"arn:aws:s3:::widget.palavyr.com/*\"}]}",
                            "region": "us-east-1",
                            "replication_configuration.#": "0",
                            "request_payer": "BucketOwner",
                            "server_side_encryption_configuration.#": "0",
                            "tags.%": "0",
                            "tags_all.%": "0",
                            "versioning.#": "1",
                            "versioning.0.enabled": "false",
                            "versioning.0.mfa_delete": "false",
                            "website.#": "1",
                            "website.0.error_document": "index.html",
                            "website.0.index_document": "index.html",
                            "website.0.redirect_all_requests_to": "",
                            "website.0.routing_rules": "",
                            "website_domain": "s3-website-us-east-1.amazonaws.com",
                            "website_endpoint": "widget.palavyr.com.s3-website-us-east-1.amazonaws.com"
                        },
                        "meta": {
                            "schema_version": 0
                        },
                        "tainted": false
                    },
                    "deposed": [],
                    "provider": "provider.aws"
                },
                "aws_s3_bucket.tfer--www-002E-palavyr-002E-com": {
                    "type": "aws_s3_bucket",
                    "depends_on": [],
                    "primary": {
                        "id": "www.palavyr.com",
                        "attributes": {
                            "acceleration_status": "",
                            "acl": "private",
                            "arn": "arn:aws:s3:::www.palavyr.com",
                            "bucket": "www.palavyr.com",
                            "bucket_domain_name": "www.palavyr.com.s3.amazonaws.com",
                            "bucket_regional_domain_name": "www.palavyr.com.s3.amazonaws.com",
                            "cors_rule.#": "0",
                            "force_destroy": "false",
                            "grant.#": "1",
                            "grant.0.id": "1db2ccca6338f55bdbf819083cdc61ff572716bf2cbbcc6299f32a0dfd3faed9",
                            "grant.0.permissions.#": "1",
                            "grant.0.permissions.0": "FULL_CONTROL",
                            "grant.0.type": "CanonicalUser",
                            "grant.0.uri": "",
                            "hosted_zone_id": "Z3AQBSTGFYJSTF",
                            "id": "www.palavyr.com",
                            "lifecycle_rule.#": "0",
                            "logging.#": "0",
                            "object_lock_configuration.#": "0",
                            "object_lock_enabled": "false",
                            "policy": "",
                            "region": "us-east-1",
                            "replication_configuration.#": "0",
                            "request_payer": "BucketOwner",
                            "server_side_encryption_configuration.#": "0",
                            "tags.%": "0",
                            "tags_all.%": "0",
                            "versioning.#": "1",
                            "versioning.0.enabled": "false",
                            "versioning.0.mfa_delete": "false",
                            "website.#": "0"
                        },
                        "meta": {
                            "schema_version": 0
                        },
                        "tainted": false
                    },
                    "deposed": [],
                    "provider": "provider.aws"
                },
                "aws_db_instance.tfer--palavyr-002D-production": {
                    "type": "aws_db_instance",
                    "depends_on": [],
                    "primary": {
                        "id": "palavyr-production",
                        "attributes": {
                            "address": "palavyr-production.clznnuwhyqf6.us-east-1.rds.amazonaws.com",
                            "allocated_storage": "20",
                            "arn": "arn:aws:rds:us-east-1:306885252482:db:palavyr-production",
                            "auto_minor_version_upgrade": "true",
                            "availability_zone": "us-east-1b",
                            "backup_retention_period": "7",
                            "backup_window": "07:44-08:14",
                            "ca_cert_identifier": "rds-ca-2019",
                            "character_set_name": "",
                            "copy_tags_to_snapshot": "true",
                            "customer_owned_ip_enabled": "false",
                            "db_name": "",
                            "db_subnet_group_name": "palavyr-db-subnet-group",
                            "deletion_protection": "true",
                            "domain": "",
                            "domain_iam_role_name": "",
                            "enabled_cloudwatch_logs_exports.#": "0",
                            "endpoint": "palavyr-production.clznnuwhyqf6.us-east-1.rds.amazonaws.com:5420",
                            "engine": "postgres",
                            "engine_version": "13.4",
                            "engine_version_actual": "13.4",
                            "hosted_zone_id": "Z2R2ITUGPM61AM",
                            "iam_database_authentication_enabled": "false",
                            "id": "palavyr-production",
                            "identifier": "palavyr-production",
                            "identifier_prefix": "",
                            "instance_class": "db.t3.micro",
                            "iops": "0",
                            "kms_key_id": "arn:aws:kms:us-east-1:306885252482:key/2a7f1f65-92ed-48d8-9490-a61d28ad9f42",
                            "latest_restorable_time": "2022-07-29T08:09:34Z",
                            "license_model": "postgresql-license",
                            "maintenance_window": "sun:04:40-sun:05:10",
                            "max_allocated_storage": "1000",
                            "monitoring_interval": "0",
                            "monitoring_role_arn": "arn:aws:iam::306885252482:role/rds-monitoring-role",
                            "multi_az": "false",
                            "name": "",
                            "nchar_character_set_name": "",
                            "option_group_name": "default:postgres-13",
                            "parameter_group_name": "default.postgres13",
                            "performance_insights_enabled": "true",
                            "performance_insights_kms_key_id": "arn:aws:kms:us-east-1:306885252482:key/2a7f1f65-92ed-48d8-9490-a61d28ad9f42",
                            "performance_insights_retention_period": "7",
                            "port": "5420",
                            "publicly_accessible": "true",
                            "replica_mode": "",
                            "replicas.#": "0",
                            "replicate_source_db": "",
                            "resource_id": "db-X37O72FK4JDV7YNZCZN23CQG2U",
                            "security_group_names.#": "0",
                            "status": "available",
                            "storage_encrypted": "true",
                            "storage_type": "gp2",
                            "tags.%": "0",
                            "tags_all.%": "0",
                            "timezone": "",
                            "username": "production_876",
                            "vpc_security_group_ids.#": "1",
                            "vpc_security_group_ids.0": "sg-0b658d1cd68796271"
                        },
                        "meta": {
                            "schema_version": 1
                        },
                        "tainted": false
                    },
                    "deposed": [],
                    "provider": "provider.aws"
                },
                "aws_db_subnet_group.tfer--default-002D-vpc-002D-7d14a107": {
                    "type": "aws_db_subnet_group",
                    "depends_on": [],
                    "primary": {
                        "id": "default-vpc-7d14a107",
                        "attributes": {
                            "arn": "arn:aws:rds:us-east-1:306885252482:subgrp:default-vpc-7d14a107",
                            "description": "Created from the RDS Management Console",
                            "id": "default-vpc-7d14a107",
                            "name": "default-vpc-7d14a107",
                            "subnet_ids.#": "6",
                            "subnet_ids.0": "subnet-03321a49",
                            "subnet_ids.1": "subnet-28107574",
                            "subnet_ids.2": "subnet-5ef86039",
                            "subnet_ids.3": "subnet-b11c7b9f",
                            "subnet_ids.4": "subnet-d62e7cd9",
                            "subnet_ids.5": "subnet-e19c30df",
                            "tags.%": "0",
                            "tags_all.%": "0"
                        },
                        "meta": {
                            "schema_version": 0
                        },
                        "tainted": false
                    },
                    "deposed": [],
                    "provider": "provider.aws"
                },
                "aws_db_subnet_group.tfer--palavyr-002D-db-002D-subnet-002D-group": {
                    "type": "aws_db_subnet_group",
                    "depends_on": [],
                    "primary": {
                        "id": "palavyr-db-subnet-group",
                        "attributes": {
                            "arn": "arn:aws:rds:us-east-1:306885252482:subgrp:palavyr-db-subnet-group",
                            "description": "Palavyr Subnets for Serverless DBs",
                            "id": "palavyr-db-subnet-group",
                            "name": "palavyr-db-subnet-group",
                            "subnet_ids.#": "2",
                            "subnet_ids.0": "subnet-0704cbef441993b25",
                            "subnet_ids.1": "subnet-0ccabdc7222055adf",
                            "tags.%": "0",
                            "tags_all.%": "0"
                        },
                        "meta": {
                            "schema_version": 0
                        },
                        "tainted": false
                    },
                    "deposed": [],
                    "provider": "provider.aws"
                },
                "aws_main_route_table_association.tfer--vpc-002D-0658b6edff9ad6795": {
                    "type": "aws_main_route_table_association",
                    "depends_on": [],
                    "primary": {
                        "id": "rtbassoc-0db4244ad6d5b63b8",
                        "attributes": {
                            "id": "rtbassoc-0db4244ad6d5b63b8",
                            "route_table_id": "rtb-04e0b491f4190f5f4",
                            "vpc_id": "vpc-0658b6edff9ad6795"
                        },
                        "meta": {
                            "schema_version": 0
                        },
                        "tainted": false
                    },
                    "deposed": [],
                    "provider": "provider.aws"
                },
                "aws_route_table.tfer--rtb-002D-04e0b491f4190f5f4": {
                    "type": "aws_route_table",
                    "depends_on": [],
                    "primary": {
                        "id": "rtb-04e0b491f4190f5f4",
                        "attributes": {
                            "arn": "arn:aws:ec2:us-east-1:306885252482:route-table/rtb-04e0b491f4190f5f4",
                            "id": "rtb-04e0b491f4190f5f4",
                            "owner_id": "306885252482",
                            "propagating_vgws.#": "0",
                            "route.#": "1",
                            "route.0.carrier_gateway_id": "",
                            "route.0.cidr_block": "0.0.0.0/0",
                            "route.0.core_network_arn": "",
                            "route.0.destination_prefix_list_id": "",
                            "route.0.egress_only_gateway_id": "",
                            "route.0.gateway_id": "igw-01e0fa378e8d55a55",
                            "route.0.instance_id": "",
                            "route.0.ipv6_cidr_block": "",
                            "route.0.local_gateway_id": "",
                            "route.0.nat_gateway_id": "",
                            "route.0.network_interface_id": "",
                            "route.0.transit_gateway_id": "",
                            "route.0.vpc_endpoint_id": "",
                            "route.0.vpc_peering_connection_id": "",
                            "tags.%": "1",
                            "tags.Name": "Palavyr Subnet",
                            "tags_all.%": "1",
                            "tags_all.Name": "Palavyr Subnet",
                            "vpc_id": "vpc-0658b6edff9ad6795"
                        },
                        "meta": {
                            "schema_version": 0
                        },
                        "tainted": false
                    },
                    "deposed": [],
                    "provider": "provider.aws"
                },
                "aws_route_table.tfer--rtb-002D-08e25b85cadd3a877": {
                    "type": "aws_route_table",
                    "depends_on": [],
                    "primary": {
                        "id": "rtb-08e25b85cadd3a877",
                        "attributes": {
                            "arn": "arn:aws:ec2:us-east-1:306885252482:route-table/rtb-08e25b85cadd3a877",
                            "id": "rtb-08e25b85cadd3a877",
                            "owner_id": "306885252482",
                            "propagating_vgws.#": "0",
                            "route.#": "1",
                            "route.0.carrier_gateway_id": "",
                            "route.0.cidr_block": "0.0.0.0/0",
                            "route.0.core_network_arn": "",
                            "route.0.destination_prefix_list_id": "",
                            "route.0.egress_only_gateway_id": "",
                            "route.0.gateway_id": "igw-01e0fa378e8d55a55",
                            "route.0.instance_id": "",
                            "route.0.ipv6_cidr_block": "",
                            "route.0.local_gateway_id": "",
                            "route.0.nat_gateway_id": "",
                            "route.0.network_interface_id": "",
                            "route.0.transit_gateway_id": "",
                            "route.0.vpc_endpoint_id": "",
                            "route.0.vpc_peering_connection_id": "",
                            "tags.%": "1",
                            "tags.Name": "Public Subnet",
                            "tags_all.%": "1",
                            "tags_all.Name": "Public Subnet",
                            "vpc_id": "vpc-0658b6edff9ad6795"
                        },
                        "meta": {
                            "schema_version": 0
                        },
                        "tainted": false
                    },
                    "deposed": [],
                    "provider": "provider.aws"
                },
                "aws_route_table_association.tfer--subnet-002D-03e90beae4cbc97e3": {
                    "type": "aws_route_table_association",
                    "depends_on": [],
                    "primary": {
                        "id": "rtbassoc-0481ec1639333aa60",
                        "attributes": {
                            "gateway_id": "",
                            "id": "rtbassoc-0481ec1639333aa60",
                            "route_table_id": "rtb-04e0b491f4190f5f4",
                            "subnet_id": "subnet-03e90beae4cbc97e3"
                        },
                        "meta": {
                            "schema_version": 0
                        },
                        "tainted": false
                    },
                    "deposed": [],
                    "provider": "provider.aws"
                },
                "aws_route_table_association.tfer--subnet-002D-0704cbef441993b25": {
                    "type": "aws_route_table_association",
                    "depends_on": [],
                    "primary": {
                        "id": "rtbassoc-0c9e4d2e567da81df",
                        "attributes": {
                            "gateway_id": "",
                            "id": "rtbassoc-0c9e4d2e567da81df",
                            "route_table_id": "rtb-04e0b491f4190f5f4",
                            "subnet_id": "subnet-0704cbef441993b25"
                        },
                        "meta": {
                            "schema_version": 0
                        },
                        "tainted": false
                    },
                    "deposed": [],
                    "provider": "provider.aws"
                },
                "aws_route_table_association.tfer--subnet-002D-0ccabdc7222055adf": {
                    "type": "aws_route_table_association",
                    "depends_on": [],
                    "primary": {
                        "id": "rtbassoc-0f7923c1b638c6160",
                        "attributes": {
                            "gateway_id": "",
                            "id": "rtbassoc-0f7923c1b638c6160",
                            "route_table_id": "rtb-04e0b491f4190f5f4",
                            "subnet_id": "subnet-0ccabdc7222055adf"
                        },
                        "meta": {
                            "schema_version": 0
                        },
                        "tainted": false
                    },
                    "deposed": [],
                    "provider": "provider.aws"
                },
                "aws_route53_record.tfer--Z0392348306WBDPNO6FWU__2481dde6dcb67a702120ae4352a5215d-002E-app-002E-palavyr-002E-com-002E-_CNAME_": {
                    "type": "aws_route53_record",
                    "depends_on": [],
                    "primary": {
                        "id": "Z0392348306WBDPNO6FWU__2481dde6dcb67a702120ae4352a5215d.app.palavyr.com._CNAME_",
                        "attributes": {
                            "fqdn": "_2481dde6dcb67a702120ae4352a5215d.app.palavyr.com",
                            "health_check_id": "",
                            "id": "Z0392348306WBDPNO6FWU__2481dde6dcb67a702120ae4352a5215d.app.palavyr.com._CNAME_",
                            "name": "_2481dde6dcb67a702120ae4352a5215d.app.palavyr.com",
                            "records.#": "1",
                            "records.0": "_74ba60a86741d78adc91ffd971a8ef5a.ylqxxscwpq.acm-validations.aws.",
                            "set_identifier": "",
                            "ttl": "300",
                            "type": "CNAME",
                            "zone_id": "Z0392348306WBDPNO6FWU"
                        },
                        "meta": {
                            "schema_version": 2
                        },
                        "tainted": false
                    },
                    "deposed": [],
                    "provider": "provider.aws"
                },
                "aws_route53_record.tfer--Z0392348306WBDPNO6FWU__2c90992853fca21ee536026a9a518995-002E-palavyr-002E-com-002E-_CNAME_": {
                    "type": "aws_route53_record",
                    "depends_on": [],
                    "primary": {
                        "id": "Z0392348306WBDPNO6FWU__2c90992853fca21ee536026a9a518995.palavyr.com._CNAME_",
                        "attributes": {
                            "fqdn": "_2c90992853fca21ee536026a9a518995.palavyr.com",
                            "health_check_id": "",
                            "id": "Z0392348306WBDPNO6FWU__2c90992853fca21ee536026a9a518995.palavyr.com._CNAME_",
                            "name": "_2c90992853fca21ee536026a9a518995.palavyr.com",
                            "records.#": "1",
                            "records.0": "_e3133e5ae6856df5c59618ed11ea05ce.ylqxxscwpq.acm-validations.aws.",
                            "set_identifier": "",
                            "ttl": "500",
                            "type": "CNAME",
                            "zone_id": "Z0392348306WBDPNO6FWU"
                        },
                        "meta": {
                            "schema_version": 2
                        },
                        "tainted": false
                    },
                    "deposed": [],
                    "provider": "provider.aws"
                },
                "aws_route53_record.tfer--Z0392348306WBDPNO6FWU__2c90992853fca21ee536026a9a518995-002E-palavyr-002E-com-002E-palavyr-002E-com-002E-_CNAME_": {
                    "type": "aws_route53_record",
                    "depends_on": [],
                    "primary": {
                        "id": "Z0392348306WBDPNO6FWU__2c90992853fca21ee536026a9a518995.palavyr.com.palavyr.com._CNAME_",
                        "attributes": {
                            "fqdn": "_2c90992853fca21ee536026a9a518995.palavyr.com.palavyr.com",
                            "health_check_id": "",
                            "id": "Z0392348306WBDPNO6FWU__2c90992853fca21ee536026a9a518995.palavyr.com.palavyr.com._CNAME_",
                            "name": "_2c90992853fca21ee536026a9a518995.palavyr.com.palavyr.com",
                            "records.#": "1",
                            "records.0": "_e3133e5ae6856df5c59618ed11ea05ce.ylqxxscwpq.acm-validations.aws.",
                            "set_identifier": "",
                            "ttl": "300",
                            "type": "CNAME",
                            "zone_id": "Z0392348306WBDPNO6FWU"
                        },
                        "meta": {
                            "schema_version": 2
                        },
                        "tainted": false
                    },
                    "deposed": [],
                    "provider": "provider.aws"
                },
                "aws_route53_record.tfer--Z0392348306WBDPNO6FWU__2e0470f870d6941d634274bd1e7dd086-002E-server-002E-palavyr-002E-com-002E-_CNAME_": {
                    "type": "aws_route53_record",
                    "depends_on": [],
                    "primary": {
                        "id": "Z0392348306WBDPNO6FWU__2e0470f870d6941d634274bd1e7dd086.server.palavyr.com._CNAME_",
                        "attributes": {
                            "fqdn": "_2e0470f870d6941d634274bd1e7dd086.server.palavyr.com",
                            "health_check_id": "",
                            "id": "Z0392348306WBDPNO6FWU__2e0470f870d6941d634274bd1e7dd086.server.palavyr.com._CNAME_",
                            "name": "_2e0470f870d6941d634274bd1e7dd086.server.palavyr.com",
                            "records.#": "1",
                            "records.0": "14AE5F3438F92AEA9D090829698F3DAD.5462A622E76EDE28FE630D08D0E05725.aa6a75997ff03c7.comodoca.com",
                            "set_identifier": "",
                            "ttl": "300",
                            "type": "CNAME",
                            "zone_id": "Z0392348306WBDPNO6FWU"
                        },
                        "meta": {
                            "schema_version": 2
                        },
                        "tainted": false
                    },
                    "deposed": [],
                    "provider": "provider.aws"
                },
                "aws_route53_record.tfer--Z0392348306WBDPNO6FWU__94ee71fa70fef497de4ba7d0b9bac392-002E-palavyr-002E-com-002E-_CNAME_": {
                    "type": "aws_route53_record",
                    "depends_on": [],
                    "primary": {
                        "id": "Z0392348306WBDPNO6FWU__94ee71fa70fef497de4ba7d0b9bac392.palavyr.com._CNAME_",
                        "attributes": {
                            "fqdn": "_94ee71fa70fef497de4ba7d0b9bac392.palavyr.com",
                            "health_check_id": "",
                            "id": "Z0392348306WBDPNO6FWU__94ee71fa70fef497de4ba7d0b9bac392.palavyr.com._CNAME_",
                            "name": "_94ee71fa70fef497de4ba7d0b9bac392.palavyr.com",
                            "records.#": "1",
                            "records.0": "_e672ba393738d6f10b0f35f242a2151e.zdxcnfdgtt.acm-validations.aws.",
                            "set_identifier": "",
                            "ttl": "300",
                            "type": "CNAME",
                            "zone_id": "Z0392348306WBDPNO6FWU"
                        },
                        "meta": {
                            "schema_version": 2
                        },
                        "tainted": false
                    },
                    "deposed": [],
                    "provider": "provider.aws"
                },
                "aws_route53_record.tfer--Z0392348306WBDPNO6FWU__c017c56585630b2ba727226472a839b6-002E-widget-002E-palavyr-002E-com-002E-_CNAME_": {
                    "type": "aws_route53_record",
                    "depends_on": [],
                    "primary": {
                        "id": "Z0392348306WBDPNO6FWU__c017c56585630b2ba727226472a839b6.widget.palavyr.com._CNAME_",
                        "attributes": {
                            "fqdn": "_c017c56585630b2ba727226472a839b6.widget.palavyr.com",
                            "health_check_id": "",
                            "id": "Z0392348306WBDPNO6FWU__c017c56585630b2ba727226472a839b6.widget.palavyr.com._CNAME_",
                            "name": "_c017c56585630b2ba727226472a839b6.widget.palavyr.com",
                            "records.#": "1",
                            "records.0": "_89c066d3949f0d2917ad25c1c5fb2882.zdxcnfdgtt.acm-validations.aws.",
                            "set_identifier": "",
                            "ttl": "300",
                            "type": "CNAME",
                            "zone_id": "Z0392348306WBDPNO6FWU"
                        },
                        "meta": {
                            "schema_version": 2
                        },
                        "tainted": false
                    },
                    "deposed": [],
                    "provider": "provider.aws"
                },
                "aws_route53_record.tfer--Z0392348306WBDPNO6FWU__d471c080522376fc27c8637e66bb6f56-002E-server-002E-palavyr-002E-com-002E-_CNAME_": {
                    "type": "aws_route53_record",
                    "depends_on": [],
                    "primary": {
                        "id": "Z0392348306WBDPNO6FWU__d471c080522376fc27c8637e66bb6f56.server.palavyr.com._CNAME_",
                        "attributes": {
                            "fqdn": "_d471c080522376fc27c8637e66bb6f56.server.palavyr.com",
                            "health_check_id": "",
                            "id": "Z0392348306WBDPNO6FWU__d471c080522376fc27c8637e66bb6f56.server.palavyr.com._CNAME_",
                            "name": "_d471c080522376fc27c8637e66bb6f56.server.palavyr.com",
                            "records.#": "1",
                            "records.0": "_53b14a5b617d7faea7b05ef0fffa0124.zdxcnfdgtt.acm-validations.aws.",
                            "set_identifier": "",
                            "ttl": "300",
                            "type": "CNAME",
                            "zone_id": "Z0392348306WBDPNO6FWU"
                        },
                        "meta": {
                            "schema_version": 2
                        },
                        "tainted": false
                    },
                    "deposed": [],
                    "provider": "provider.aws"
                },
                "aws_route53_record.tfer--Z0392348306WBDPNO6FWU_app-002E-palavyr-002E-com-002E-_A_": {
                    "type": "aws_route53_record",
                    "depends_on": [],
                    "primary": {
                        "id": "Z0392348306WBDPNO6FWU_app.palavyr.com._A_",
                        "attributes": {
                            "alias.#": "1",
                            "alias.0.evaluate_target_health": "false",
                            "alias.0.name": "d3d02ewghyvfom.cloudfront.net",
                            "alias.0.zone_id": "Z2FDTNDATAQYW2",
                            "fqdn": "app.palavyr.com",
                            "health_check_id": "",
                            "id": "Z0392348306WBDPNO6FWU_app.palavyr.com._A_",
                            "name": "app.palavyr.com",
                            "records.#": "0",
                            "set_identifier": "",
                            "ttl": "0",
                            "type": "A",
                            "zone_id": "Z0392348306WBDPNO6FWU"
                        },
                        "meta": {
                            "schema_version": 2
                        },
                        "tainted": false
                    },
                    "deposed": [],
                    "provider": "provider.aws"
                },
                "aws_route53_record.tfer--Z0392348306WBDPNO6FWU_palavyr-002E-com-002E-_A_": {
                    "type": "aws_route53_record",
                    "depends_on": [],
                    "primary": {
                        "id": "Z0392348306WBDPNO6FWU_palavyr.com._A_",
                        "attributes": {
                            "alias.#": "1",
                            "alias.0.evaluate_target_health": "false",
                            "alias.0.name": "d25ob2k1am9duh.cloudfront.net",
                            "alias.0.zone_id": "Z2FDTNDATAQYW2",
                            "fqdn": "palavyr.com",
                            "health_check_id": "",
                            "id": "Z0392348306WBDPNO6FWU_palavyr.com._A_",
                            "name": "palavyr.com",
                            "records.#": "0",
                            "set_identifier": "",
                            "ttl": "0",
                            "type": "A",
                            "zone_id": "Z0392348306WBDPNO6FWU"
                        },
                        "meta": {
                            "schema_version": 2
                        },
                        "tainted": false
                    },
                    "deposed": [],
                    "provider": "provider.aws"
                },
                "aws_route53_record.tfer--Z0392348306WBDPNO6FWU_palavyr-002E-com-002E-_NS_": {
                    "type": "aws_route53_record",
                    "depends_on": [],
                    "primary": {
                        "id": "Z0392348306WBDPNO6FWU_palavyr.com._NS_",
                        "attributes": {
                            "fqdn": "palavyr.com",
                            "health_check_id": "",
                            "id": "Z0392348306WBDPNO6FWU_palavyr.com._NS_",
                            "name": "palavyr.com",
                            "records.#": "4",
                            "records.0": "ns-1321.awsdns-37.org.",
                            "records.1": "ns-1578.awsdns-05.co.uk.",
                            "records.2": "ns-803.awsdns-36.net.",
                            "records.3": "ns-9.awsdns-01.com.",
                            "set_identifier": "",
                            "ttl": "172800",
                            "type": "NS",
                            "zone_id": "Z0392348306WBDPNO6FWU"
                        },
                        "meta": {
                            "schema_version": 2
                        },
                        "tainted": false
                    },
                    "deposed": [],
                    "provider": "provider.aws"
                },
                "aws_route53_record.tfer--Z0392348306WBDPNO6FWU_palavyr-002E-com-002E-_SOA_": {
                    "type": "aws_route53_record",
                    "depends_on": [],
                    "primary": {
                        "id": "Z0392348306WBDPNO6FWU_palavyr.com._SOA_",
                        "attributes": {
                            "fqdn": "palavyr.com",
                            "health_check_id": "",
                            "id": "Z0392348306WBDPNO6FWU_palavyr.com._SOA_",
                            "name": "palavyr.com",
                            "records.#": "1",
                            "records.0": "ns-9.awsdns-01.com. awsdns-hostmaster.amazon.com. 1 7200 900 1209600 86400",
                            "set_identifier": "",
                            "ttl": "900",
                            "type": "SOA",
                            "zone_id": "Z0392348306WBDPNO6FWU"
                        },
                        "meta": {
                            "schema_version": 2
                        },
                        "tainted": false
                    },
                    "deposed": [],
                    "provider": "provider.aws"
                },
                "aws_route53_record.tfer--Z0392348306WBDPNO6FWU_palavyr-002E-com-002E-_TXT_": {
                    "type": "aws_route53_record",
                    "depends_on": [],
                    "primary": {
                        "id": "Z0392348306WBDPNO6FWU_palavyr.com._TXT_",
                        "attributes": {
                            "fqdn": "palavyr.com",
                            "health_check_id": "",
                            "id": "Z0392348306WBDPNO6FWU_palavyr.com._TXT_",
                            "name": "palavyr.com",
                            "records.#": "1",
                            "records.0": "google-site-verification=IckcjSMeYih40iE1g1GDtsRnALsU5SYI0G_Cksztxwk",
                            "set_identifier": "",
                            "ttl": "300",
                            "type": "TXT",
                            "zone_id": "Z0392348306WBDPNO6FWU"
                        },
                        "meta": {
                            "schema_version": 2
                        },
                        "tainted": false
                    },
                    "deposed": [],
                    "provider": "provider.aws"
                },
                "aws_route53_record.tfer--Z0392348306WBDPNO6FWU_server-002E-palavyr-002E-com-002E-_A_": {
                    "type": "aws_route53_record",
                    "depends_on": [],
                    "primary": {
                        "id": "Z0392348306WBDPNO6FWU_server.palavyr.com._A_",
                        "attributes": {
                            "alias.#": "1",
                            "alias.0.evaluate_target_health": "false",
                            "alias.0.name": "production-palavyr-loadbalancer-844715446.us-east-1.elb.amazonaws.com",
                            "alias.0.zone_id": "Z35SXDOTRQ7X7K",
                            "fqdn": "server.palavyr.com",
                            "health_check_id": "",
                            "id": "Z0392348306WBDPNO6FWU_server.palavyr.com._A_",
                            "name": "server.palavyr.com",
                            "records.#": "0",
                            "set_identifier": "",
                            "ttl": "0",
                            "type": "A",
                            "zone_id": "Z0392348306WBDPNO6FWU"
                        },
                        "meta": {
                            "schema_version": 2
                        },
                        "tainted": false
                    },
                    "deposed": [],
                    "provider": "provider.aws"
                },
                "aws_route53_record.tfer--Z0392348306WBDPNO6FWU_widget-002E-palavyr-002E-com-002E-_A_": {
                    "type": "aws_route53_record",
                    "depends_on": [],
                    "primary": {
                        "id": "Z0392348306WBDPNO6FWU_widget.palavyr.com._A_",
                        "attributes": {
                            "alias.#": "1",
                            "alias.0.evaluate_target_health": "false",
                            "alias.0.name": "drtnvpgvsoe97.cloudfront.net",
                            "alias.0.zone_id": "Z2FDTNDATAQYW2",
                            "fqdn": "widget.palavyr.com",
                            "health_check_id": "",
                            "id": "Z0392348306WBDPNO6FWU_widget.palavyr.com._A_",
                            "name": "widget.palavyr.com",
                            "records.#": "0",
                            "set_identifier": "",
                            "ttl": "0",
                            "type": "A",
                            "zone_id": "Z0392348306WBDPNO6FWU"
                        },
                        "meta": {
                            "schema_version": 2
                        },
                        "tainted": false
                    },
                    "deposed": [],
                    "provider": "provider.aws"
                },
                "aws_route53_record.tfer--Z0392348306WBDPNO6FWU_www-002E-app-002E-palavyr-002E-com-002E-_A_": {
                    "type": "aws_route53_record",
                    "depends_on": [],
                    "primary": {
                        "id": "Z0392348306WBDPNO6FWU_www.app.palavyr.com._A_",
                        "attributes": {
                            "alias.#": "1",
                            "alias.0.evaluate_target_health": "false",
                            "alias.0.name": "d3d02ewghyvfom.cloudfront.net",
                            "alias.0.zone_id": "Z2FDTNDATAQYW2",
                            "fqdn": "www.app.palavyr.com",
                            "health_check_id": "",
                            "id": "Z0392348306WBDPNO6FWU_www.app.palavyr.com._A_",
                            "name": "www.app.palavyr.com",
                            "records.#": "0",
                            "set_identifier": "",
                            "ttl": "0",
                            "type": "A",
                            "zone_id": "Z0392348306WBDPNO6FWU"
                        },
                        "meta": {
                            "schema_version": 2
                        },
                        "tainted": false
                    },
                    "deposed": [],
                    "provider": "provider.aws"
                },
                "aws_route53_record.tfer--Z0392348306WBDPNO6FWU_www-002E-palavyr-002E-com-002E-_CNAME_": {
                    "type": "aws_route53_record",
                    "depends_on": [],
                    "primary": {
                        "id": "Z0392348306WBDPNO6FWU_www.palavyr.com._CNAME_",
                        "attributes": {
                            "fqdn": "www.palavyr.com",
                            "health_check_id": "",
                            "id": "Z0392348306WBDPNO6FWU_www.palavyr.com._CNAME_",
                            "name": "www.palavyr.com",
                            "records.#": "1",
                            "records.0": "d25ob2k1am9duh.cloudfront.net",
                            "set_identifier": "",
                            "ttl": "500",
                            "type": "CNAME",
                            "zone_id": "Z0392348306WBDPNO6FWU"
                        },
                        "meta": {
                            "schema_version": 2
                        },
                        "tainted": false
                    },
                    "deposed": [],
                    "provider": "provider.aws"
                },
                "aws_route53_record.tfer--Z0392348306WBDPNO6FWU_www-002E-server-002E-palavyr-002E-com-002E-_A_": {
                    "type": "aws_route53_record",
                    "depends_on": [],
                    "primary": {
                        "id": "Z0392348306WBDPNO6FWU_www.server.palavyr.com._A_",
                        "attributes": {
                            "alias.#": "1",
                            "alias.0.evaluate_target_health": "false",
                            "alias.0.name": "production-palavyr-loadbalancer-844715446.us-east-1.elb.amazonaws.com",
                            "alias.0.zone_id": "Z35SXDOTRQ7X7K",
                            "fqdn": "www.server.palavyr.com",
                            "health_check_id": "",
                            "id": "Z0392348306WBDPNO6FWU_www.server.palavyr.com._A_",
                            "name": "www.server.palavyr.com",
                            "records.#": "0",
                            "set_identifier": "",
                            "ttl": "0",
                            "type": "A",
                            "zone_id": "Z0392348306WBDPNO6FWU"
                        },
                        "meta": {
                            "schema_version": 2
                        },
                        "tainted": false
                    },
                    "deposed": [],
                    "provider": "provider.aws"
                },
                "aws_route53_record.tfer--Z0392348306WBDPNO6FWU_www-002E-widget-002E-palavyr-002E-com-002E-_A_": {
                    "type": "aws_route53_record",
                    "depends_on": [],
                    "primary": {
                        "id": "Z0392348306WBDPNO6FWU_www.widget.palavyr.com._A_",
                        "attributes": {
                            "alias.#": "1",
                            "alias.0.evaluate_target_health": "false",
                            "alias.0.name": "drtnvpgvsoe97.cloudfront.net",
                            "alias.0.zone_id": "Z2FDTNDATAQYW2",
                            "fqdn": "www.widget.palavyr.com",
                            "health_check_id": "",
                            "id": "Z0392348306WBDPNO6FWU_www.widget.palavyr.com._A_",
                            "name": "www.widget.palavyr.com",
                            "records.#": "0",
                            "set_identifier": "",
                            "ttl": "0",
                            "type": "A",
                            "zone_id": "Z0392348306WBDPNO6FWU"
                        },
                        "meta": {
                            "schema_version": 2
                        },
                        "tainted": false
                    },
                    "deposed": [],
                    "provider": "provider.aws"
                },
                "aws_route53_zone.tfer--Z0392348306WBDPNO6FWU_palavyr-002E-com": {
                    "type": "aws_route53_zone",
                    "depends_on": [],
                    "primary": {
                        "id": "Z0392348306WBDPNO6FWU",
                        "attributes": {
                            "arn": "arn:aws:route53:::hostedzone/Z0392348306WBDPNO6FWU",
                            "comment": "HostedZone created by Route53 Registrar",
                            "delegation_set_id": "",
                            "force_destroy": "false",
                            "id": "Z0392348306WBDPNO6FWU",
                            "name": "palavyr.com",
                            "name_servers.#": "4",
                            "name_servers.0": "ns-1321.awsdns-37.org",
                            "name_servers.1": "ns-1578.awsdns-05.co.uk",
                            "name_servers.2": "ns-803.awsdns-36.net",
                            "name_servers.3": "ns-9.awsdns-01.com",
                            "tags.%": "0",
                            "tags_all.%": "0",
                            "vpc.#": "0",
                            "zone_id": "Z0392348306WBDPNO6FWU"
                        },
                        "meta": {
                            "schema_version": 0
                        },
                        "tainted": false
                    },
                    "deposed": [],
                    "provider": "provider.aws"
                },
                "aws_internet_gateway.tfer--igw-002D-01e0fa378e8d55a55": {
                    "type": "aws_internet_gateway",
                    "depends_on": [],
                    "primary": {
                        "id": "igw-01e0fa378e8d55a55",
                        "attributes": {
                            "arn": "arn:aws:ec2:us-east-1:306885252482:internet-gateway/igw-01e0fa378e8d55a55",
                            "id": "igw-01e0fa378e8d55a55",
                            "owner_id": "306885252482",
                            "tags.%": "1",
                            "tags.Name": "palavyr-internet-gateway",
                            "tags_all.%": "1",
                            "tags_all.Name": "palavyr-internet-gateway",
                            "vpc_id": "vpc-0658b6edff9ad6795"
                        },
                        "meta": {
                            "schema_version": 0
                        },
                        "tainted": false
                    },
                    "deposed": [],
                    "provider": "provider.aws"
                },
                "aws_network_acl.tfer--acl-002D-0ec9d3873a453b75e": {
                    "type": "aws_network_acl",
                    "depends_on": [],
                    "primary": {
                        "id": "acl-0ec9d3873a453b75e",
                        "attributes": {
                            "arn": "arn:aws:ec2:us-east-1:306885252482:network-acl/acl-0ec9d3873a453b75e",
                            "egress.#": "1",
                            "egress.0.action": "allow",
                            "egress.0.cidr_block": "0.0.0.0/0",
                            "egress.0.from_port": "0",
                            "egress.0.icmp_code": "0",
                            "egress.0.icmp_type": "0",
                            "egress.0.ipv6_cidr_block": "",
                            "egress.0.protocol": "-1",
                            "egress.0.rule_no": "100",
                            "egress.0.to_port": "0",
                            "id": "acl-0ec9d3873a453b75e",
                            "ingress.#": "1",
                            "ingress.0.action": "allow",
                            "ingress.0.cidr_block": "0.0.0.0/0",
                            "ingress.0.from_port": "0",
                            "ingress.0.icmp_code": "0",
                            "ingress.0.icmp_type": "0",
                            "ingress.0.ipv6_cidr_block": "",
                            "ingress.0.protocol": "-1",
                            "ingress.0.rule_no": "100",
                            "ingress.0.to_port": "0",
                            "owner_id": "306885252482",
                            "subnet_ids.#": "3",
                            "subnet_ids.0": "subnet-03e90beae4cbc97e3",
                            "subnet_ids.1": "subnet-0704cbef441993b25",
                            "subnet_ids.2": "subnet-0ccabdc7222055adf",
                            "tags.%": "0",
                            "tags_all.%": "0",
                            "vpc_id": "vpc-0658b6edff9ad6795"
                        },
                        "meta": {
                            "schema_version": 0
                        },
                        "tainted": false
                    },
                    "deposed": [],
                    "provider": "provider.aws"
                }
            },
            "depends_on": []
        }
    ]
}